{
  "version": 4,
  "terraform_version": "1.14.7",
  "serial": 121,
  "lineage": "976fb39f-55dc-6fe7-b5d6-0210c06db0bf",
  "outputs": {
    "lb_arn": {
      "value": "arn:aws:elasticloadbalancing:us-east-1:000000000000:loadbalancer/app/fleet-portal-dev-frontend/9b9472439630bd59",
      "type": "string"
    },
    "private_subnet_cidr": {
      "value": {
        "0": {
          "availability_zone": "us-east-1b",
          "cidr_block": "10.0.2.0/24"
        },
        "1": {
          "availability_zone": "us-east-1a",
          "cidr_block": "10.0.3.0/24"
        }
      },
      "type": [
        "object",
        {
          "0": [
            "object",
            {
              "availability_zone": "string",
              "cidr_block": "string"
            }
          ],
          "1": [
            "object",
            {
              "availability_zone": "string",
              "cidr_block": "string"
            }
          ]
        }
      ]
    },
    "public_subnet_cidr": {
      "value": {
        "0": {
          "availability_zone": "us-east-1b",
          "cidr_block": "10.0.0.0/24"
        },
        "1": {
          "availability_zone": "us-east-1a",
          "cidr_block": "10.0.1.0/24"
        }
      },
      "type": [
        "object",
        {
          "0": [
            "object",
            {
              "availability_zone": "string",
              "cidr_block": "string"
            }
          ],
          "1": [
            "object",
            {
              "availability_zone": "string",
              "cidr_block": "string"
            }
          ]
        }
      ]
    },
    "selected_azs": {
      "value": [
        "us-east-1b",
        "us-east-1a"
      ],
      "type": [
        "list",
        "string"
      ]
    }
  },
  "resources": [
    {
      "mode": "data",
      "type": "aws_ami",
      "name": "backend",
      "provider": "provider[\"registry.terraform.io/hashicorp/aws\"]",
      "instances": [
        {
          "schema_version": 0,
          "attributes": {
            "architecture": "amd64",
            "arn": "arn:aws:ec2:us-east-1::image/ami-000002",
            "block_device_mappings": [
              {
                "device_name": "/dev/sda1",
                "ebs": {
                  "delete_on_termination": "false",
                  "encrypted": "false",
                  "iops": "0",
                  "snapshot_id": "snap-32615cded4316272b",
                  "throughput": "0",
                  "volume_initialization_rate": "0",
                  "volume_size": "15",
                  "volume_type": "standard"
                },
                "no_device": "",
                "virtual_name": ""
              }
            ],
            "boot_mode": "uefi",
            "creation_date": "2026-03-23T23:50:30.821828301Z",
            "deprecation_time": "",
            "description": "Managed by LocalStack",
            "ena_support": false,
            "executable_users": null,
            "filter": [
              {
                "name": "image-id",
                "values": [
                  "ami-000002"
                ]
              },
              {
                "name": "name",
                "values": [
                  "backend-ami"
                ]
              }
            ],
            "hypervisor": "",
            "id": "ami-000002",
            "image_id": "ami-000002",
            "image_location": "docker",
            "image_owner_alias": "",
            "image_type": "machine",
            "imds_support": "",
            "include_deprecated": false,
            "kernel_id": "",
            "last_launched_time": "",
            "most_recent": true,
            "name": "backend-ami",
            "name_regex": null,
            "owner_id": "000000000000",
            "owners": [
              "self"
            ],
            "platform": "",
            "platform_details": "",
            "product_codes": [],
            "public": true,
            "ramdisk_id": "",
            "root_device_name": "/dev/sda1",
            "root_device_type": "standard",
            "root_snapshot_id": "snap-32615cded4316272b",
            "sriov_net_support": "",
            "state": "available",
            "state_reason": {
              "code": "UNSET",
              "message": "UNSET"
            },
            "tags": {
              "ec2_vm_manager": "docker"
            },
            "timeouts": null,
            "tpm_support": "",
            "uefi_data": null,
            "usage_operation": "",
            "virtualization_type": "hvm"
          },
          "sensitive_attributes": [],
          "identity_schema_version": 0
        }
      ]
    },
    {
      "mode": "data",
      "type": "aws_ami",
      "name": "frontend",
      "provider": "provider[\"registry.terraform.io/hashicorp/aws\"]",
      "instances": [
        {
          "schema_version": 0,
          "attributes": {
            "architecture": "amd64",
            "arn": "arn:aws:ec2:us-east-1::image/ami-000001",
            "block_device_mappings": [
              {
                "device_name": "/dev/sda1",
                "ebs": {
                  "delete_on_termination": "false",
                  "encrypted": "false",
                  "iops": "0",
                  "snapshot_id": "snap-c8bac087b48c4c90d",
                  "throughput": "0",
                  "volume_initialization_rate": "0",
                  "volume_size": "15",
                  "volume_type": "standard"
                },
                "no_device": "",
                "virtual_name": ""
              }
            ],
            "boot_mode": "uefi",
            "creation_date": "2026-03-23T23:58:53.159171232Z",
            "deprecation_time": "",
            "description": "Managed by LocalStack",
            "ena_support": false,
            "executable_users": null,
            "filter": [
              {
                "name": "image-id",
                "values": [
                  "ami-000001"
                ]
              },
              {
                "name": "name",
                "values": [
                  "frontend-ami"
                ]
              }
            ],
            "hypervisor": "",
            "id": "ami-000001",
            "image_id": "ami-000001",
            "image_location": "docker",
            "image_owner_alias": "",
            "image_type": "machine",
            "imds_support": "",
            "include_deprecated": false,
            "kernel_id": "",
            "last_launched_time": "",
            "most_recent": true,
            "name": "frontend-ami",
            "name_regex": null,
            "owner_id": "000000000000",
            "owners": [
              "self"
            ],
            "platform": "",
            "platform_details": "",
            "product_codes": [],
            "public": true,
            "ramdisk_id": "",
            "root_device_name": "/dev/sda1",
            "root_device_type": "standard",
            "root_snapshot_id": "snap-c8bac087b48c4c90d",
            "sriov_net_support": "",
            "state": "available",
            "state_reason": {
              "code": "UNSET",
              "message": "UNSET"
            },
            "tags": {
              "ec2_vm_manager": "docker"
            },
            "timeouts": null,
            "tpm_support": "",
            "uefi_data": null,
            "usage_operation": "",
            "virtualization_type": "hvm"
          },
          "sensitive_attributes": [],
          "identity_schema_version": 0
        }
      ]
    },
    {
      "mode": "data",
      "type": "aws_availability_zones",
      "name": "available",
      "provider": "provider[\"registry.terraform.io/hashicorp/aws\"]",
      "instances": [
        {
          "schema_version": 0,
          "attributes": {
            "all_availability_zones": null,
            "exclude_names": null,
            "exclude_zone_ids": null,
            "filter": null,
            "group_names": [
              ""
            ],
            "id": "us-east-1",
            "names": [
              "us-east-1a",
              "us-east-1b",
              "us-east-1c",
              "us-east-1d",
              "us-east-1e",
              "us-east-1f"
            ],
            "state": "available",
            "timeouts": null,
            "zone_ids": [
              "use1-az6",
              "use1-az1",
              "use1-az2",
              "use1-az4",
              "use1-az3",
              "use1-az5"
            ]
          },
          "sensitive_attributes": [],
          "identity_schema_version": 0
        }
      ]
    },
    {
      "mode": "data",
      "type": "aws_iam_policy_document",
      "name": "cloudwatch",
      "provider": "provider[\"registry.terraform.io/hashicorp/aws\"]",
      "instances": [
        {
          "schema_version": 0,
          "attributes": {
            "id": "3253318109",
            "json": "{\n  \"Version\": \"2012-10-17\",\n  \"Statement\": [\n    {\n      \"Effect\": \"Allow\",\n      \"Action\": [\n        \"logs:PutLogEvents\",\n        \"logs:DescribeLogStreams\",\n        \"logs:DescribeLogGroups\",\n        \"logs:CreateLogStream\",\n        \"logs:CreateLogGroup\"\n      ],\n      \"Resource\": \"*\"\n    }\n  ]\n}",
            "minified_json": "{\"Version\":\"2012-10-17\",\"Statement\":[{\"Effect\":\"Allow\",\"Action\":[\"logs:PutLogEvents\",\"logs:DescribeLogStreams\",\"logs:DescribeLogGroups\",\"logs:CreateLogStream\",\"logs:CreateLogGroup\"],\"Resource\":\"*\"}]}",
            "override_json": null,
            "override_policy_documents": null,
            "policy_id": null,
            "source_json": null,
            "source_policy_documents": null,
            "statement": [
              {
                "actions": [
                  "logs:CreateLogGroup",
                  "logs:CreateLogStream",
                  "logs:DescribeLogGroups",
                  "logs:DescribeLogStreams",
                  "logs:PutLogEvents"
                ],
                "condition": [],
                "effect": "Allow",
                "not_actions": [],
                "not_principals": [],
                "not_resources": [],
                "principals": [],
                "resources": [
                  "*"
                ],
                "sid": ""
              }
            ],
            "version": "2012-10-17"
          },
          "sensitive_attributes": [],
          "identity_schema_version": 0
        }
      ]
    },
    {
      "mode": "data",
      "type": "aws_iam_policy_document",
      "name": "vpc_assume_role",
      "provider": "provider[\"registry.terraform.io/hashicorp/aws\"]",
      "instances": [
        {
          "schema_version": 0,
          "attributes": {
            "id": "2717921857",
            "json": "{\n  \"Version\": \"2012-10-17\",\n  \"Statement\": [\n    {\n      \"Effect\": \"Allow\",\n      \"Action\": \"sts:AssumeRole\",\n      \"Principal\": {\n        \"Service\": \"vpc-flow-logs.amazonaws.com\"\n      }\n    }\n  ]\n}",
            "minified_json": "{\"Version\":\"2012-10-17\",\"Statement\":[{\"Effect\":\"Allow\",\"Action\":\"sts:AssumeRole\",\"Principal\":{\"Service\":\"vpc-flow-logs.amazonaws.com\"}}]}",
            "override_json": null,
            "override_policy_documents": null,
            "policy_id": null,
            "source_json": null,
            "source_policy_documents": null,
            "statement": [
              {
                "actions": [
                  "sts:AssumeRole"
                ],
                "condition": [],
                "effect": "Allow",
                "not_actions": [],
                "not_principals": [],
                "not_resources": [],
                "principals": [
                  {
                    "identifiers": [
                      "vpc-flow-logs.amazonaws.com"
                    ],
                    "type": "Service"
                  }
                ],
                "resources": [],
                "sid": ""
              }
            ],
            "version": "2012-10-17"
          },
          "sensitive_attributes": [],
          "identity_schema_version": 0
        }
      ]
    },
    {
      "mode": "data",
      "type": "aws_key_pair",
      "name": "main",
      "provider": "provider[\"registry.terraform.io/hashicorp/aws\"]",
      "instances": [
        {
          "schema_version": 0,
          "attributes": {
            "arn": "arn:aws:ec2:us-east-1::key-pair/ec2_vm_manager",
            "create_time": "2026-03-24T00:00:03Z",
            "filter": null,
            "fingerprint": "d7:c0:55:40:36:44:68:27:0c:83:19:35:ef:a1:fe:58:50:97:ef:99",
            "id": "key-f0b8e2bb459fe83a0",
            "include_public_key": false,
            "key_name": "ec2_vm_manager",
            "key_pair_id": "key-f0b8e2bb459fe83a0",
            "key_type": "",
            "public_key": "",
            "tags": {},
            "timeouts": null
          },
          "sensitive_attributes": [],
          "identity_schema_version": 0
        }
      ]
    },
    {
      "mode": "data",
      "type": "cloudinit_config",
      "name": "backend",
      "provider": "provider[\"registry.terraform.io/hashicorp/cloudinit\"]",
      "instances": [
        {
          "schema_version": 0,
          "attributes": {
            "base64_encode": true,
            "boundary": "MIMEBOUNDARY",
            "gzip": true,
            "id": "1027901430",
            "part": [
              {
                "content": "IyEvYmluL2Jhc2gKIy92YXIvd3d3L215Ymxhem9yYXBwL0ZsZWV0QVBJCmxzIC8=",
                "content_type": "text/x-shellscript",
                "filename": null,
                "merge_type": null
              }
            ],
            "rendered": "H4sIAAAAAAAA/2SOQU+DMBiG7036H8judYzF6DA7CHLoBI1Gcd2N0c/RhBbSfszWX2/0YIge3+TJ+zz5YBAMspcwQhrpqUc1NhaXWnmQN9FxmIxsbNguKl4V2ePrw93ts1iQ78VqsE4NJo1WFzEllDA2hyj5/baNce9gWWHaQSpzSqOro8IZ8CNH8Lj0zHXQ9661akRKKqXhn4eH4ix0P5XJrmuT0z0Pm0Ts+Vmu5bpMVpdC+w70Joh99lHGB3d4q+OnOtvl2n/y/Hr7t5QxSr4CAAD//5igiFAIAQAA"
          },
          "sensitive_attributes": [],
          "identity_schema_version": 0
        }
      ]
    },
    {
      "mode": "data",
      "type": "cloudinit_config",
      "name": "frontend",
      "provider": "provider[\"registry.terraform.io/hashicorp/cloudinit\"]",
      "instances": [
        {
          "schema_version": 0,
          "attributes": {
            "base64_encode": true,
            "boundary": "MIMEBOUNDARY",
            "gzip": true,
            "id": "4276160561",
            "part": [
              {
                "content": "IyEvYmluL2Jhc2gKIy92YXIvd3d3L215Ymxhem9yYXBwL0ZsZWV0UG9ydGFsCmxzIC8=",
                "content_type": "text/x-shellscript",
                "filename": null,
                "merge_type": null
              }
            ],
            "rendered": "H4sIAAAAAAAA/2SOQUvDMBiG74H8h7J7XNch2soOrtYRbRXEzWW3rvlcA01akq8z8deLHqTo8YWH93ny3iAYZK9hgCzSY4dqqC3OtfIgb6JjPxpZ27CaVbwq1s/bp7vbFzEj34vtwDrVmyxaXMSUUMLYFKLk99vWxr2DZYVpeqnMKYuujgonwI8cwePcM9dC17nGqgEpqZSGfx4eirPQ3VgmD22TnB55SBOx52e5lMsyWVwK7VvQaRD79UcZH9zhbRdvN2mQm3uXa//J8+vV31rGKPkKAAD//xFVczEMAQAA"
          },
          "sensitive_attributes": [],
          "identity_schema_version": 0
        }
      ]
    },
    {
      "mode": "managed",
      "type": "aws_cloudwatch_log_group",
      "name": "vpc",
      "provider": "provider[\"registry.terraform.io/hashicorp/aws\"]",
      "instances": [
        {
          "schema_version": 0,
          "attributes": {
            "arn": "arn:aws:logs:us-east-1:000000000000:log-group:fleet-portal-dev-network",
            "id": "fleet-portal-dev-network",
            "kms_key_id": "",
            "log_group_class": "STANDARD",
            "name": "fleet-portal-dev-network",
            "name_prefix": "",
            "retention_in_days": 0,
            "skip_destroy": false,
            "tags": {},
            "tags_all": {}
          },
          "sensitive_attributes": [],
          "identity_schema_version": 0,
          "private": "bnVsbA=="
        }
      ]
    },
    {
      "mode": "managed",
      "type": "aws_eip",
      "name": "frontend",
      "provider": "provider[\"registry.terraform.io/hashicorp/aws\"]",
      "instances": [
        {
          "index_key": "0",
          "schema_version": 0,
          "attributes": {
            "address": null,
            "allocation_id": "eipalloc-1254da257d1d6b50b",
            "arn": "arn:aws:ec2:us-east-1::elastic-ip/eipalloc-1254da257d1d6b50b",
            "associate_with_private_ip": null,
            "association_id": "eipassoc-dcc8bd248a3aca3c0",
            "carrier_ip": "",
            "customer_owned_ip": "",
            "customer_owned_ipv4_pool": "",
            "domain": "vpc",
            "id": "eipalloc-1254da257d1d6b50b",
            "instance": "i-70de968994da48938",
            "ipam_pool_id": null,
            "network_border_group": "",
            "network_interface": "eni-4d96b4d53ea94912f",
            "private_dns": "ip-10-0-0-249.ec2.internal",
            "private_ip": "10.0.0.249",
            "ptr_record": "",
            "public_dns": "ec2-127-254-129-31.compute-1.amazonaws.com",
            "public_ip": "127.254.129.31",
            "public_ipv4_pool": "",
            "tags": {},
            "tags_all": {},
            "timeouts": null,
            "vpc": true
          },
          "sensitive_attributes": [],
          "identity_schema_version": 0,
          "private": "eyJlMmJmYjczMC1lY2FhLTExZTYtOGY4OC0zNDM2M2JjN2M0YzAiOnsiZGVsZXRlIjoxODAwMDAwMDAwMDAsInJlYWQiOjkwMDAwMDAwMDAwMCwidXBkYXRlIjozMDAwMDAwMDAwMDB9fQ==",
          "dependencies": [
            "aws_instance.frontend",
            "aws_network_interface.frontend",
            "aws_subnet.frontend",
            "aws_vpc.main",
            "data.aws_ami.frontend",
            "data.aws_availability_zones.available",
            "data.aws_key_pair.main",
            "random_shuffle.az"
          ]
        },
        {
          "index_key": "1",
          "schema_version": 0,
          "attributes": {
            "address": null,
            "allocation_id": "eipalloc-514f99f05fcb0d550",
            "arn": "arn:aws:ec2:us-east-1::elastic-ip/eipalloc-514f99f05fcb0d550",
            "associate_with_private_ip": null,
            "association_id": "eipassoc-de0e3afc91cab3d91",
            "carrier_ip": "",
            "customer_owned_ip": "",
            "customer_owned_ipv4_pool": "",
            "domain": "vpc",
            "id": "eipalloc-514f99f05fcb0d550",
            "instance": "i-d833b98a5127aad47",
            "ipam_pool_id": null,
            "network_border_group": "",
            "network_interface": "eni-473304f49bebe7ae0",
            "private_dns": "ip-10-0-1-192.ec2.internal",
            "private_ip": "10.0.1.192",
            "ptr_record": "",
            "public_dns": "ec2-127-217-165-153.compute-1.amazonaws.com",
            "public_ip": "127.217.165.153",
            "public_ipv4_pool": "",
            "tags": {},
            "tags_all": {},
            "timeouts": null,
            "vpc": true
          },
          "sensitive_attributes": [],
          "identity_schema_version": 0,
          "private": "eyJlMmJmYjczMC1lY2FhLTExZTYtOGY4OC0zNDM2M2JjN2M0YzAiOnsiZGVsZXRlIjoxODAwMDAwMDAwMDAsInJlYWQiOjkwMDAwMDAwMDAwMCwidXBkYXRlIjozMDAwMDAwMDAwMDB9fQ==",
          "dependencies": [
            "aws_instance.frontend",
            "aws_network_interface.frontend",
            "aws_subnet.frontend",
            "aws_vpc.main",
            "data.aws_ami.frontend",
            "data.aws_availability_zones.available",
            "data.aws_key_pair.main",
            "random_shuffle.az"
          ]
        }
      ]
    },
    {
      "mode": "managed",
      "type": "aws_eip",
      "name": "nat",
      "provider": "provider[\"registry.terraform.io/hashicorp/aws\"]",
      "instances": [
        {
          "index_key": "0",
          "schema_version": 0,
          "attributes": {
            "address": null,
            "allocation_id": "eipalloc-de83ec860bf9c669c",
            "arn": "arn:aws:ec2:us-east-1::elastic-ip/eipalloc-de83ec860bf9c669c",
            "associate_with_private_ip": null,
            "association_id": "eipassoc-bf9d739efe1f7fb82",
            "carrier_ip": "",
            "customer_owned_ip": "",
            "customer_owned_ipv4_pool": "",
            "domain": "vpc",
            "id": "eipalloc-de83ec860bf9c669c",
            "instance": "",
            "ipam_pool_id": null,
            "network_border_group": "",
            "network_interface": "eni-6ac569d52721c8ca4",
            "private_dns": "ip-10-41-165-148.ec2.internal",
            "private_ip": "10.41.165.148",
            "ptr_record": "",
            "public_dns": "ec2-127-185-249-216.compute-1.amazonaws.com",
            "public_ip": "127.185.249.216",
            "public_ipv4_pool": "",
            "tags": {},
            "tags_all": {},
            "timeouts": null,
            "vpc": true
          },
          "sensitive_attributes": [],
          "identity_schema_version": 0,
          "private": "eyJlMmJmYjczMC1lY2FhLTExZTYtOGY4OC0zNDM2M2JjN2M0YzAiOnsiZGVsZXRlIjoxODAwMDAwMDAwMDAsInJlYWQiOjkwMDAwMDAwMDAwMCwidXBkYXRlIjozMDAwMDAwMDAwMDB9fQ==",
          "dependencies": [
            "data.aws_availability_zones.available",
            "random_shuffle.az"
          ]
        },
        {
          "index_key": "1",
          "schema_version": 0,
          "attributes": {
            "address": null,
            "allocation_id": "eipalloc-7906bb62660ec8a03",
            "arn": "arn:aws:ec2:us-east-1::elastic-ip/eipalloc-7906bb62660ec8a03",
            "associate_with_private_ip": null,
            "association_id": "eipassoc-b740e03580cded555",
            "carrier_ip": "",
            "customer_owned_ip": "",
            "customer_owned_ipv4_pool": "",
            "domain": "vpc",
            "id": "eipalloc-7906bb62660ec8a03",
            "instance": "",
            "ipam_pool_id": null,
            "network_border_group": "",
            "network_interface": "eni-da2931a49d2c54420",
            "private_dns": "ip-10-173-125-139.ec2.internal",
            "private_ip": "10.173.125.139",
            "ptr_record": "",
            "public_dns": "ec2-127-198-34-243.compute-1.amazonaws.com",
            "public_ip": "127.198.34.243",
            "public_ipv4_pool": "",
            "tags": {},
            "tags_all": {},
            "timeouts": null,
            "vpc": true
          },
          "sensitive_attributes": [],
          "identity_schema_version": 0,
          "private": "eyJlMmJmYjczMC1lY2FhLTExZTYtOGY4OC0zNDM2M2JjN2M0YzAiOnsiZGVsZXRlIjoxODAwMDAwMDAwMDAsInJlYWQiOjkwMDAwMDAwMDAwMCwidXBkYXRlIjozMDAwMDAwMDAwMDB9fQ==",
          "dependencies": [
            "data.aws_availability_zones.available",
            "random_shuffle.az"
          ]
        }
      ]
    },
    {
      "mode": "managed",
      "type": "aws_flow_log",
      "name": "main",
      "provider": "provider[\"registry.terraform.io/hashicorp/aws\"]",
      "instances": [
        {
          "schema_version": 0,
          "attributes": {
            "arn": "arn:aws:ec2:us-east-1::vpc-flow-log/fl-e4e023a28bdc1a898",
            "deliver_cross_account_role": "",
            "destination_options": [],
            "eni_id": null,
            "iam_role_arn": "arn:aws:iam::000000000000:role/fleet-portal-dev-network",
            "id": "fl-e4e023a28bdc1a898",
            "log_destination": "arn:aws:logs:us-east-1:000000000000:log-group:fleet-portal-dev-network",
            "log_destination_type": "cloud-watch-logs",
            "log_format": "${version} ${account-id} ${interface-id} ${srcaddr} ${dstaddr} ${srcport} ${dstport} ${protocol} ${packets} ${bytes} ${start} ${end} ${action} ${log-status}",
            "log_group_name": "",
            "max_aggregation_interval": 600,
            "subnet_id": null,
            "tags": {},
            "tags_all": {},
            "traffic_type": "ALL",
            "transit_gateway_attachment_id": null,
            "transit_gateway_id": null,
            "vpc_id": "vpc-930df0945691ad5b2"
          },
          "sensitive_attributes": [],
          "identity_schema_version": 0,
          "private": "bnVsbA==",
          "dependencies": [
            "aws_cloudwatch_log_group.vpc",
            "aws_iam_role.vpc",
            "aws_vpc.main",
            "data.aws_iam_policy_document.vpc_assume_role"
          ]
        }
      ]
    },
    {
      "mode": "managed",
      "type": "aws_iam_role",
      "name": "backend",
      "provider": "provider[\"registry.terraform.io/hashicorp/aws\"]",
      "instances": [
        {
          "schema_version": 0,
          "attributes": {
            "arn": "arn:aws:iam::000000000000:role/fleet-portal-dev-backend",
            "assume_role_policy": "{\"Statement\":[{\"Action\":\"sts:AssumeRole\",\"Effect\":\"Allow\",\"Principal\":{\"Service\":\"ec2.amazonaws.com\"},\"Sid\":\"\"}],\"Version\":\"2012-10-17\"}",
            "create_date": "2026-03-24T00:01:43Z",
            "description": "",
            "force_detach_policies": false,
            "id": "fleet-portal-dev-backend",
            "inline_policy": [
              {
                "name": "fleet-portal-dev-backend",
                "policy": "{\"Version\":\"2012-10-17\",\"Statement\":[{\"Action\":[\"secretsmanager:GetSecretValue\"],\"Effect\":\"Allow\",\"Resource\":\"arn:aws:secretsmanager:secret:fleet-portal/dev/*\"}]}"
              }
            ],
            "managed_policy_arns": [],
            "max_session_duration": 3600,
            "name": "fleet-portal-dev-backend",
            "name_prefix": "",
            "path": "/",
            "permissions_boundary": "",
            "tags": {},
            "tags_all": {},
            "unique_id": "AROAQAAAAAAALOBAR3GIF"
          },
          "sensitive_attributes": [],
          "identity_schema_version": 0,
          "private": "bnVsbA=="
        }
      ]
    },
    {
      "mode": "managed",
      "type": "aws_iam_role",
      "name": "vpc",
      "provider": "provider[\"registry.terraform.io/hashicorp/aws\"]",
      "instances": [
        {
          "schema_version": 0,
          "attributes": {
            "arn": "arn:aws:iam::000000000000:role/fleet-portal-dev-network",
            "assume_role_policy": "{\"Statement\":[{\"Action\":\"sts:AssumeRole\",\"Effect\":\"Allow\",\"Principal\":{\"Service\":\"vpc-flow-logs.amazonaws.com\"}}],\"Version\":\"2012-10-17\"}",
            "create_date": "2026-03-24T00:01:43Z",
            "description": "",
            "force_detach_policies": false,
            "id": "fleet-portal-dev-network",
            "inline_policy": [
              {
                "name": "fleet-portal-dev-network-cloudwatch",
                "policy": "{\"Version\":\"2012-10-17\",\"Statement\":[{\"Action\":[\"logs:PutLogEvents\",\"logs:DescribeLogStreams\",\"logs:DescribeLogGroups\",\"logs:CreateLogStream\",\"logs:CreateLogGroup\"],\"Effect\":\"Allow\",\"Resource\":\"*\"}]}"
              }
            ],
            "managed_policy_arns": [],
            "max_session_duration": 3600,
            "name": "fleet-portal-dev-network",
            "name_prefix": "",
            "path": "/",
            "permissions_boundary": "",
            "tags": {},
            "tags_all": {},
            "unique_id": "AROAQAAAAAAADJCSLDLCV"
          },
          "sensitive_attributes": [],
          "identity_schema_version": 0,
          "private": "bnVsbA==",
          "dependencies": [
            "data.aws_iam_policy_document.vpc_assume_role"
          ]
        }
      ]
    },
    {
      "mode": "managed",
      "type": "aws_iam_role_policy",
      "name": "backend",
      "provider": "provider[\"registry.terraform.io/hashicorp/aws\"]",
      "instances": [
        {
          "schema_version": 0,
          "attributes": {
            "id": "fleet-portal-dev-backend:fleet-portal-dev-backend",
            "name": "fleet-portal-dev-backend",
            "name_prefix": "",
            "policy": "{\"Version\":\"2012-10-17\",\"Statement\":[{\"Action\":[\"secretsmanager:GetSecretValue\"],\"Effect\":\"Allow\",\"Resource\":\"arn:aws:secretsmanager:secret:fleet-portal/dev/*\"}]}",
            "role": "fleet-portal-dev-backend"
          },
          "sensitive_attributes": [],
          "identity_schema_version": 0,
          "private": "bnVsbA==",
          "dependencies": [
            "aws_iam_role.backend"
          ]
        }
      ]
    },
    {
      "mode": "managed",
      "type": "aws_iam_role_policy",
      "name": "cloudwatch",
      "provider": "provider[\"registry.terraform.io/hashicorp/aws\"]",
      "instances": [
        {
          "schema_version": 0,
          "attributes": {
            "id": "fleet-portal-dev-network:fleet-portal-dev-network-cloudwatch",
            "name": "fleet-portal-dev-network-cloudwatch",
            "name_prefix": "",
            "policy": "{\"Version\":\"2012-10-17\",\"Statement\":[{\"Action\":[\"logs:PutLogEvents\",\"logs:DescribeLogStreams\",\"logs:DescribeLogGroups\",\"logs:CreateLogStream\",\"logs:CreateLogGroup\"],\"Effect\":\"Allow\",\"Resource\":\"*\"}]}",
            "role": "fleet-portal-dev-network"
          },
          "sensitive_attributes": [],
          "identity_schema_version": 0,
          "private": "bnVsbA==",
          "dependencies": [
            "aws_iam_role.vpc",
            "data.aws_iam_policy_document.cloudwatch",
            "data.aws_iam_policy_document.vpc_assume_role"
          ]
        }
      ]
    },
    {
      "mode": "managed",
      "type": "aws_instance",
      "name": "backend",
      "provider": "provider[\"registry.terraform.io/hashicorp/aws\"]",
      "instances": [
        {
          "index_key": "0",
          "schema_version": 1,
          "attributes": {
            "ami": "ami-000002",
            "arn": "arn:aws:ec2:us-east-1::instance/i-3c25e3976ee2616f2",
            "associate_public_ip_address": true,
            "availability_zone": "us-east-1a",
            "capacity_reservation_specification": [],
            "cpu_core_count": null,
            "cpu_options": [],
            "cpu_threads_per_core": null,
            "credit_specification": [
              {
                "cpu_credits": "standard"
              }
            ],
            "disable_api_stop": false,
            "disable_api_termination": false,
            "ebs_block_device": [],
            "ebs_optimized": false,
            "enable_primary_ipv6": null,
            "enclave_options": [],
            "ephemeral_block_device": [],
            "get_password_data": false,
            "hibernation": false,
            "host_id": "",
            "host_resource_group_arn": null,
            "iam_instance_profile": "",
            "id": "i-3c25e3976ee2616f2",
            "instance_initiated_shutdown_behavior": "stop",
            "instance_lifecycle": "",
            "instance_market_options": [],
            "instance_state": "stopped",
            "instance_type": "t2.small",
            "ipv6_address_count": 0,
            "ipv6_addresses": [],
            "key_name": "ec2_vm_manager",
            "launch_template": [],
            "maintenance_options": [],
            "metadata_options": [
              {
                "http_endpoint": "enabled",
                "http_protocol_ipv6": "disabled",
                "http_put_response_hop_limit": 1,
                "http_tokens": "optional",
                "instance_metadata_tags": "disabled"
              }
            ],
            "monitoring": false,
            "network_interface": [
              {
                "delete_on_termination": false,
                "device_index": 0,
                "network_card_index": 0,
                "network_interface_id": "eni-7fb7e60116fb35570"
              }
            ],
            "outpost_arn": "",
            "password_data": "",
            "placement_group": "",
            "placement_partition_number": 0,
            "primary_network_interface_id": "eni-7fb7e60116fb35570",
            "private_dns": "ip-10-0-2-23.ec2.internal",
            "private_dns_name_options": [],
            "private_ip": "10.0.2.23",
            "public_dns": "ec2-172-18-0-3.localhost.localstack.cloud",
            "public_ip": "172.18.0.3",
            "root_block_device": [
              {
                "delete_on_termination": true,
                "device_name": "/dev/sda1",
                "encrypted": false,
                "iops": 0,
                "kms_key_id": "",
                "tags": {},
                "tags_all": {},
                "throughput": 0,
                "volume_id": "vol-4afd4ba0457f6a27d",
                "volume_size": 8,
                "volume_type": "gp2"
              }
            ],
            "secondary_private_ips": [],
            "security_groups": [],
            "source_dest_check": true,
            "spot_instance_request_id": "",
            "subnet_id": "subnet-d38be890d509a5471",
            "tags": {
              "Name": "fleet-portal-dev-backend-vm",
              "application": "fleet-portal",
              "environment": "dev"
            },
            "tags_all": {
              "Name": "fleet-portal-dev-backend-vm",
              "application": "fleet-portal",
              "environment": "dev"
            },
            "tenancy": "default",
            "timeouts": null,
            "user_data": "2190bd85a5f5ff24b01f4e9c4e5840716d3c2168",
            "user_data_base64": null,
            "user_data_replace_on_change": false,
            "volume_tags": null,
            "vpc_security_group_ids": []
          },
          "sensitive_attributes": [],
          "identity_schema_version": 0,
          "private": "eyJlMmJmYjczMC1lY2FhLTExZTYtOGY4OC0zNDM2M2JjN2M0YzAiOnsiY3JlYXRlIjo2MDAwMDAwMDAwMDAsImRlbGV0ZSI6MTIwMDAwMDAwMDAwMCwicmVhZCI6OTAwMDAwMDAwMDAwLCJ1cGRhdGUiOjYwMDAwMDAwMDAwMH0sInNjaGVtYV92ZXJzaW9uIjoiMSJ9",
          "dependencies": [
            "aws_network_interface.backend",
            "aws_subnet.backend",
            "aws_vpc.main",
            "data.aws_ami.backend",
            "data.aws_availability_zones.available",
            "data.aws_key_pair.main",
            "random_shuffle.az"
          ]
        },
        {
          "index_key": "1",
          "schema_version": 1,
          "attributes": {
            "ami": "ami-000002",
            "arn": "arn:aws:ec2:us-east-1::instance/i-33d6985d125631c0d",
            "associate_public_ip_address": true,
            "availability_zone": "us-east-1a",
            "capacity_reservation_specification": [],
            "cpu_core_count": null,
            "cpu_options": [],
            "cpu_threads_per_core": null,
            "credit_specification": [
              {
                "cpu_credits": "standard"
              }
            ],
            "disable_api_stop": false,
            "disable_api_termination": false,
            "ebs_block_device": [],
            "ebs_optimized": false,
            "enable_primary_ipv6": null,
            "enclave_options": [],
            "ephemeral_block_device": [],
            "get_password_data": false,
            "hibernation": false,
            "host_id": "",
            "host_resource_group_arn": null,
            "iam_instance_profile": "",
            "id": "i-33d6985d125631c0d",
            "instance_initiated_shutdown_behavior": "stop",
            "instance_lifecycle": "",
            "instance_market_options": [],
            "instance_state": "stopped",
            "instance_type": "t2.small",
            "ipv6_address_count": 0,
            "ipv6_addresses": [],
            "key_name": "ec2_vm_manager",
            "launch_template": [],
            "maintenance_options": [],
            "metadata_options": [
              {
                "http_endpoint": "enabled",
                "http_protocol_ipv6": "disabled",
                "http_put_response_hop_limit": 1,
                "http_tokens": "optional",
                "instance_metadata_tags": "disabled"
              }
            ],
            "monitoring": false,
            "network_interface": [
              {
                "delete_on_termination": false,
                "device_index": 0,
                "network_card_index": 0,
                "network_interface_id": "eni-e87f8a8b33bb7c66c"
              }
            ],
            "outpost_arn": "",
            "password_data": "",
            "placement_group": "",
            "placement_partition_number": 0,
            "primary_network_interface_id": "eni-e87f8a8b33bb7c66c",
            "private_dns": "ip-10-0-3-62.ec2.internal",
            "private_dns_name_options": [],
            "private_ip": "10.0.3.62",
            "public_dns": "ec2-172-18-0-4.localhost.localstack.cloud",
            "public_ip": "172.18.0.4",
            "root_block_device": [
              {
                "delete_on_termination": true,
                "device_name": "/dev/sda1",
                "encrypted": false,
                "iops": 0,
                "kms_key_id": "",
                "tags": {},
                "tags_all": {},
                "throughput": 0,
                "volume_id": "vol-705f56610dd57bc38",
                "volume_size": 8,
                "volume_type": "gp2"
              }
            ],
            "secondary_private_ips": [],
            "security_groups": [],
            "source_dest_check": true,
            "spot_instance_request_id": "",
            "subnet_id": "subnet-7e73a991dfd77c18a",
            "tags": {
              "Name": "fleet-portal-dev-backend-vm",
              "application": "fleet-portal",
              "environment": "dev"
            },
            "tags_all": {
              "Name": "fleet-portal-dev-backend-vm",
              "application": "fleet-portal",
              "environment": "dev"
            },
            "tenancy": "default",
            "timeouts": null,
            "user_data": "2190bd85a5f5ff24b01f4e9c4e5840716d3c2168",
            "user_data_base64": null,
            "user_data_replace_on_change": false,
            "volume_tags": null,
            "vpc_security_group_ids": []
          },
          "sensitive_attributes": [],
          "identity_schema_version": 0,
          "private": "eyJlMmJmYjczMC1lY2FhLTExZTYtOGY4OC0zNDM2M2JjN2M0YzAiOnsiY3JlYXRlIjo2MDAwMDAwMDAwMDAsImRlbGV0ZSI6MTIwMDAwMDAwMDAwMCwicmVhZCI6OTAwMDAwMDAwMDAwLCJ1cGRhdGUiOjYwMDAwMDAwMDAwMH0sInNjaGVtYV92ZXJzaW9uIjoiMSJ9",
          "dependencies": [
            "aws_network_interface.backend",
            "aws_subnet.backend",
            "aws_vpc.main",
            "data.aws_ami.backend",
            "data.aws_availability_zones.available",
            "data.aws_key_pair.main",
            "random_shuffle.az"
          ]
        }
      ]
    },
    {
      "mode": "managed",
      "type": "aws_instance",
      "name": "frontend",
      "provider": "provider[\"registry.terraform.io/hashicorp/aws\"]",
      "instances": [
        {
          "index_key": "0",
          "schema_version": 1,
          "attributes": {
            "ami": "ami-000001",
            "arn": "arn:aws:ec2:us-east-1::instance/i-70de968994da48938",
            "associate_public_ip_address": true,
            "availability_zone": "us-east-1a",
            "capacity_reservation_specification": [],
            "cpu_core_count": null,
            "cpu_options": [],
            "cpu_threads_per_core": null,
            "credit_specification": [
              {
                "cpu_credits": "standard"
              }
            ],
            "disable_api_stop": false,
            "disable_api_termination": false,
            "ebs_block_device": [],
            "ebs_optimized": false,
            "enable_primary_ipv6": null,
            "enclave_options": [],
            "ephemeral_block_device": [],
            "get_password_data": false,
            "hibernation": false,
            "host_id": "",
            "host_resource_group_arn": null,
            "iam_instance_profile": "",
            "id": "i-70de968994da48938",
            "instance_initiated_shutdown_behavior": "stop",
            "instance_lifecycle": "",
            "instance_market_options": [],
            "instance_state": "stopped",
            "instance_type": "t2.small",
            "ipv6_address_count": 0,
            "ipv6_addresses": [],
            "key_name": "ec2_vm_manager",
            "launch_template": [],
            "maintenance_options": [],
            "metadata_options": [
              {
                "http_endpoint": "enabled",
                "http_protocol_ipv6": "disabled",
                "http_put_response_hop_limit": 1,
                "http_tokens": "optional",
                "instance_metadata_tags": "disabled"
              }
            ],
            "monitoring": false,
            "network_interface": [
              {
                "delete_on_termination": false,
                "device_index": 0,
                "network_card_index": 0,
                "network_interface_id": "eni-4d96b4d53ea94912f"
              }
            ],
            "outpost_arn": "",
            "password_data": "",
            "placement_group": "",
            "placement_partition_number": 0,
            "primary_network_interface_id": "eni-4d96b4d53ea94912f",
            "private_dns": "ip-10-0-0-249.ec2.internal",
            "private_dns_name_options": [],
            "private_ip": "10.0.0.249",
            "public_dns": "ec2-127-254-129-31.localhost.localstack.cloud",
            "public_ip": "127.254.129.31",
            "root_block_device": [
              {
                "delete_on_termination": true,
                "device_name": "/dev/sda1",
                "encrypted": false,
                "iops": 0,
                "kms_key_id": "",
                "tags": {},
                "tags_all": {},
                "throughput": 0,
                "volume_id": "vol-d73878a82cb55281b",
                "volume_size": 8,
                "volume_type": "gp2"
              }
            ],
            "secondary_private_ips": [],
            "security_groups": [],
            "source_dest_check": true,
            "spot_instance_request_id": "",
            "subnet_id": "subnet-9b8be13d9ce40dbad",
            "tags": {
              "Name": "fleet-portal-dev-frontend-vm",
              "application": "fleet-portal",
              "environment": "dev"
            },
            "tags_all": {
              "Name": "fleet-portal-dev-frontend-vm",
              "application": "fleet-portal",
              "environment": "dev"
            },
            "tenancy": "default",
            "timeouts": null,
            "user_data": "dfb869df50bd02e541f51a8cdc80f0c88963ca8a",
            "user_data_base64": null,
            "user_data_replace_on_change": false,
            "volume_tags": null,
            "vpc_security_group_ids": []
          },
          "sensitive_attributes": [],
          "identity_schema_version": 0,
          "private": "eyJlMmJmYjczMC1lY2FhLTExZTYtOGY4OC0zNDM2M2JjN2M0YzAiOnsiY3JlYXRlIjo2MDAwMDAwMDAwMDAsImRlbGV0ZSI6MTIwMDAwMDAwMDAwMCwicmVhZCI6OTAwMDAwMDAwMDAwLCJ1cGRhdGUiOjYwMDAwMDAwMDAwMH0sInNjaGVtYV92ZXJzaW9uIjoiMSJ9",
          "dependencies": [
            "aws_network_interface.frontend",
            "aws_subnet.frontend",
            "aws_vpc.main",
            "data.aws_ami.frontend",
            "data.aws_availability_zones.available",
            "data.aws_key_pair.main",
            "random_shuffle.az"
          ]
        },
        {
          "index_key": "1",
          "schema_version": 1,
          "attributes": {
            "ami": "ami-000001",
            "arn": "arn:aws:ec2:us-east-1::instance/i-d833b98a5127aad47",
            "associate_public_ip_address": true,
            "availability_zone": "us-east-1a",
            "capacity_reservation_specification": [],
            "cpu_core_count": null,
            "cpu_options": [],
            "cpu_threads_per_core": null,
            "credit_specification": [
              {
                "cpu_credits": "standard"
              }
            ],
            "disable_api_stop": false,
            "disable_api_termination": false,
            "ebs_block_device": [],
            "ebs_optimized": false,
            "enable_primary_ipv6": null,
            "enclave_options": [],
            "ephemeral_block_device": [],
            "get_password_data": false,
            "hibernation": false,
            "host_id": "",
            "host_resource_group_arn": null,
            "iam_instance_profile": "",
            "id": "i-d833b98a5127aad47",
            "instance_initiated_shutdown_behavior": "stop",
            "instance_lifecycle": "",
            "instance_market_options": [],
            "instance_state": "stopped",
            "instance_type": "t2.small",
            "ipv6_address_count": 0,
            "ipv6_addresses": [],
            "key_name": "ec2_vm_manager",
            "launch_template": [],
            "maintenance_options": [],
            "metadata_options": [
              {
                "http_endpoint": "enabled",
                "http_protocol_ipv6": "disabled",
                "http_put_response_hop_limit": 1,
                "http_tokens": "optional",
                "instance_metadata_tags": "disabled"
              }
            ],
            "monitoring": false,
            "network_interface": [
              {
                "delete_on_termination": false,
                "device_index": 0,
                "network_card_index": 0,
                "network_interface_id": "eni-473304f49bebe7ae0"
              }
            ],
            "outpost_arn": "",
            "password_data": "",
            "placement_group": "",
            "placement_partition_number": 0,
            "primary_network_interface_id": "eni-473304f49bebe7ae0",
            "private_dns": "ip-10-0-1-192.ec2.internal",
            "private_dns_name_options": [],
            "private_ip": "10.0.1.192",
            "public_dns": "ec2-127-217-165-153.localhost.localstack.cloud",
            "public_ip": "127.217.165.153",
            "root_block_device": [
              {
                "delete_on_termination": true,
                "device_name": "/dev/sda1",
                "encrypted": false,
                "iops": 0,
                "kms_key_id": "",
                "tags": {},
                "tags_all": {},
                "throughput": 0,
                "volume_id": "vol-c3cf37d84b07824a9",
                "volume_size": 8,
                "volume_type": "gp2"
              }
            ],
            "secondary_private_ips": [],
            "security_groups": [],
            "source_dest_check": true,
            "spot_instance_request_id": "",
            "subnet_id": "subnet-d334efbea10adc906",
            "tags": {
              "Name": "fleet-portal-dev-frontend-vm",
              "application": "fleet-portal",
              "environment": "dev"
            },
            "tags_all": {
              "Name": "fleet-portal-dev-frontend-vm",
              "application": "fleet-portal",
              "environment": "dev"
            },
            "tenancy": "default",
            "timeouts": null,
            "user_data": "dfb869df50bd02e541f51a8cdc80f0c88963ca8a",
            "user_data_base64": null,
            "user_data_replace_on_change": false,
            "volume_tags": null,
            "vpc_security_group_ids": []
          },
          "sensitive_attributes": [],
          "identity_schema_version": 0,
          "private": "eyJlMmJmYjczMC1lY2FhLTExZTYtOGY4OC0zNDM2M2JjN2M0YzAiOnsiY3JlYXRlIjo2MDAwMDAwMDAwMDAsImRlbGV0ZSI6MTIwMDAwMDAwMDAwMCwicmVhZCI6OTAwMDAwMDAwMDAwLCJ1cGRhdGUiOjYwMDAwMDAwMDAwMH0sInNjaGVtYV92ZXJzaW9uIjoiMSJ9",
          "dependencies": [
            "aws_network_interface.frontend",
            "aws_subnet.frontend",
            "aws_vpc.main",
            "data.aws_ami.frontend",
            "data.aws_availability_zones.available",
            "data.aws_key_pair.main",
            "random_shuffle.az"
          ]
        }
      ]
    },
    {
      "mode": "managed",
      "type": "aws_internet_gateway",
      "name": "main",
      "provider": "provider[\"registry.terraform.io/hashicorp/aws\"]",
      "instances": [
        {
          "schema_version": 0,
          "attributes": {
            "arn": "arn:aws:ec2:us-east-1:000000000000:internet-gateway/igw-94c2744d6b268504d",
            "id": "igw-94c2744d6b268504d",
            "owner_id": "000000000000",
            "tags": {
              "Name": "fleet-portal-dev-internet-gateway",
              "application": "fleet-portal",
              "environment": "dev"
            },
            "tags_all": {
              "Name": "fleet-portal-dev-internet-gateway",
              "application": "fleet-portal",
              "environment": "dev"
            },
            "timeouts": null,
            "vpc_id": "vpc-930df0945691ad5b2"
          },
          "sensitive_attributes": [],
          "identity_schema_version": 0,
          "private": "eyJlMmJmYjczMC1lY2FhLTExZTYtOGY4OC0zNDM2M2JjN2M0YzAiOnsiY3JlYXRlIjoxMjAwMDAwMDAwMDAwLCJkZWxldGUiOjEyMDAwMDAwMDAwMDAsInVwZGF0ZSI6MTIwMDAwMDAwMDAwMH19",
          "dependencies": [
            "aws_vpc.main"
          ]
        }
      ]
    },
    {
      "mode": "managed",
      "type": "aws_lb",
      "name": "backend",
      "provider": "provider[\"registry.terraform.io/hashicorp/aws\"]",
      "instances": [
        {
          "schema_version": 0,
          "attributes": {
            "access_logs": [
              {
                "bucket": "",
                "enabled": false,
                "prefix": ""
              }
            ],
            "arn": "arn:aws:elasticloadbalancing:us-east-1:000000000000:loadbalancer/app/fleet-portal-dev-backend/725500c4ad6492ea",
            "arn_suffix": "app/fleet-portal-dev-backend/725500c4ad6492ea",
            "client_keep_alive": 3600,
            "connection_logs": [
              {
                "bucket": "",
                "enabled": false,
                "prefix": ""
              }
            ],
            "customer_owned_ipv4_pool": "",
            "desync_mitigation_mode": "defensive",
            "dns_name": "fleet-portal-dev-backend.elb.localhost.localstack.cloud",
            "dns_record_client_routing_policy": null,
            "drop_invalid_header_fields": false,
            "enable_cross_zone_load_balancing": false,
            "enable_deletion_protection": false,
            "enable_http2": true,
            "enable_tls_version_and_cipher_suite_headers": false,
            "enable_waf_fail_open": false,
            "enable_xff_client_port": false,
            "enable_zonal_shift": false,
            "enforce_security_group_inbound_rules_on_private_link_traffic": "",
            "id": "arn:aws:elasticloadbalancing:us-east-1:000000000000:loadbalancer/app/fleet-portal-dev-backend/725500c4ad6492ea",
            "idle_timeout": 60,
            "internal": true,
            "ip_address_type": "ipv4",
            "ipam_pools": [],
            "load_balancer_type": "application",
            "minimum_load_balancer_capacity": [],
            "name": "fleet-portal-dev-backend",
            "name_prefix": "",
            "preserve_host_header": false,
            "security_groups": [
              "sg-50f6a6338fd2119bc"
            ],
            "subnet_mapping": [
              {
                "allocation_id": "",
                "ipv6_address": "",
                "outpost_id": "",
                "private_ipv4_address": "",
                "subnet_id": "subnet-7e73a991dfd77c18a"
              },
              {
                "allocation_id": "",
                "ipv6_address": "",
                "outpost_id": "",
                "private_ipv4_address": "",
                "subnet_id": "subnet-d38be890d509a5471"
              }
            ],
            "subnets": [
              "subnet-7e73a991dfd77c18a",
              "subnet-d38be890d509a5471"
            ],
            "tags": {
              "Name": "fleet-portal-dev-backend-lb",
              "application": "fleet-portal",
              "environment": "dev"
            },
            "tags_all": {
              "Name": "fleet-portal-dev-backend-lb",
              "application": "fleet-portal",
              "environment": "dev"
            },
            "timeouts": null,
            "vpc_id": "vpc-930df0945691ad5b2",
            "xff_header_processing_mode": "append",
            "zone_id": "Z2P70J7EXAMPLE"
          },
          "sensitive_attributes": [],
          "identity_schema_version": 0,
          "private": "eyJlMmJmYjczMC1lY2FhLTExZTYtOGY4OC0zNDM2M2JjN2M0YzAiOnsiY3JlYXRlIjo2MDAwMDAwMDAwMDAsImRlbGV0ZSI6NjAwMDAwMDAwMDAwLCJ1cGRhdGUiOjYwMDAwMDAwMDAwMH19",
          "dependencies": [
            "aws_security_group.backend_lb",
            "aws_subnet.backend",
            "aws_vpc.main",
            "data.aws_availability_zones.available",
            "random_shuffle.az"
          ]
        }
      ]
    },
    {
      "mode": "managed",
      "type": "aws_lb",
      "name": "frontend",
      "provider": "provider[\"registry.terraform.io/hashicorp/aws\"]",
      "instances": [
        {
          "schema_version": 0,
          "attributes": {
            "access_logs": [
              {
                "bucket": "",
                "enabled": false,
                "prefix": ""
              }
            ],
            "arn": "arn:aws:elasticloadbalancing:us-east-1:000000000000:loadbalancer/app/fleet-portal-dev-frontend/9b9472439630bd59",
            "arn_suffix": "app/fleet-portal-dev-frontend/9b9472439630bd59",
            "client_keep_alive": 3600,
            "connection_logs": [
              {
                "bucket": "",
                "enabled": false,
                "prefix": ""
              }
            ],
            "customer_owned_ipv4_pool": "",
            "desync_mitigation_mode": "defensive",
            "dns_name": "fleet-portal-dev-frontend.elb.localhost.localstack.cloud",
            "dns_record_client_routing_policy": null,
            "drop_invalid_header_fields": false,
            "enable_cross_zone_load_balancing": false,
            "enable_deletion_protection": false,
            "enable_http2": true,
            "enable_tls_version_and_cipher_suite_headers": false,
            "enable_waf_fail_open": false,
            "enable_xff_client_port": false,
            "enable_zonal_shift": false,
            "enforce_security_group_inbound_rules_on_private_link_traffic": "",
            "id": "arn:aws:elasticloadbalancing:us-east-1:000000000000:loadbalancer/app/fleet-portal-dev-frontend/9b9472439630bd59",
            "idle_timeout": 60,
            "internal": false,
            "ip_address_type": "ipv4",
            "ipam_pools": [],
            "load_balancer_type": "application",
            "minimum_load_balancer_capacity": [],
            "name": "fleet-portal-dev-frontend",
            "name_prefix": "",
            "preserve_host_header": false,
            "security_groups": [
              "sg-446fb1899f3f36be0"
            ],
            "subnet_mapping": [
              {
                "allocation_id": "",
                "ipv6_address": "",
                "outpost_id": "",
                "private_ipv4_address": "",
                "subnet_id": "subnet-9b8be13d9ce40dbad"
              },
              {
                "allocation_id": "",
                "ipv6_address": "",
                "outpost_id": "",
                "private_ipv4_address": "",
                "subnet_id": "subnet-d334efbea10adc906"
              }
            ],
            "subnets": [
              "subnet-9b8be13d9ce40dbad",
              "subnet-d334efbea10adc906"
            ],
            "tags": {
              "Name": "fleet-portal-dev-frontend-lb",
              "application": "fleet-portal",
              "environment": "dev"
            },
            "tags_all": {
              "Name": "fleet-portal-dev-frontend-lb",
              "application": "fleet-portal",
              "environment": "dev"
            },
            "timeouts": null,
            "vpc_id": "vpc-930df0945691ad5b2",
            "xff_header_processing_mode": "append",
            "zone_id": "Z2P70J7EXAMPLE"
          },
          "sensitive_attributes": [],
          "identity_schema_version": 0,
          "private": "eyJlMmJmYjczMC1lY2FhLTExZTYtOGY4OC0zNDM2M2JjN2M0YzAiOnsiY3JlYXRlIjo2MDAwMDAwMDAwMDAsImRlbGV0ZSI6NjAwMDAwMDAwMDAwLCJ1cGRhdGUiOjYwMDAwMDAwMDAwMH19",
          "dependencies": [
            "aws_security_group.frontend_lb",
            "aws_subnet.frontend",
            "aws_vpc.main",
            "data.aws_availability_zones.available",
            "random_shuffle.az"
          ]
        }
      ]
    },
    {
      "mode": "managed",
      "type": "aws_lb_listener",
      "name": "backend_http",
      "provider": "provider[\"registry.terraform.io/hashicorp/aws\"]",
      "instances": [
        {
          "schema_version": 0,
          "attributes": {
            "alpn_policy": null,
            "arn": "arn:aws:elasticloadbalancing:us-east-1:000000000000:listener/app/fleet-portal-dev-backend/725500c4ad6492ea/32d9eca1dc807401",
            "certificate_arn": null,
            "default_action": [
              {
                "authenticate_cognito": [],
                "authenticate_oidc": [],
                "fixed_response": [],
                "forward": [],
                "order": 1,
                "redirect": [],
                "target_group_arn": "arn:aws:elasticloadbalancing:us-east-1:000000000000:targetgroup/fleet-portal-dev-backend-http/8f93cd11f110cce6",
                "type": "forward"
              }
            ],
            "id": "arn:aws:elasticloadbalancing:us-east-1:000000000000:listener/app/fleet-portal-dev-backend/725500c4ad6492ea/32d9eca1dc807401",
            "load_balancer_arn": "arn:aws:elasticloadbalancing:us-east-1:000000000000:loadbalancer/app/fleet-portal-dev-backend/725500c4ad6492ea",
            "mutual_authentication": [],
            "port": 80,
            "protocol": "HTTP",
            "routing_http_request_x_amzn_mtls_clientcert_header_name": null,
            "routing_http_request_x_amzn_mtls_clientcert_issuer_header_name": null,
            "routing_http_request_x_amzn_mtls_clientcert_leaf_header_name": null,
            "routing_http_request_x_amzn_mtls_clientcert_serial_number_header_name": null,
            "routing_http_request_x_amzn_mtls_clientcert_subject_header_name": null,
            "routing_http_request_x_amzn_mtls_clientcert_validity_header_name": null,
            "routing_http_request_x_amzn_tls_cipher_suite_header_name": null,
            "routing_http_request_x_amzn_tls_version_header_name": null,
            "routing_http_response_access_control_allow_credentials_header_value": "",
            "routing_http_response_access_control_allow_headers_header_value": "",
            "routing_http_response_access_control_allow_methods_header_value": "",
            "routing_http_response_access_control_allow_origin_header_value": "",
            "routing_http_response_access_control_expose_headers_header_value": "",
            "routing_http_response_access_control_max_age_header_value": "",
            "routing_http_response_content_security_policy_header_value": "",
            "routing_http_response_server_enabled": true,
            "routing_http_response_strict_transport_security_header_value": "",
            "routing_http_response_x_content_type_options_header_value": "",
            "routing_http_response_x_frame_options_header_value": "",
            "ssl_policy": "ELBSecurityPolicy-2016-08",
            "tags": {},
            "tags_all": {},
            "tcp_idle_timeout_seconds": null,
            "timeouts": null
          },
          "sensitive_attributes": [],
          "identity_schema_version": 0,
          "private": "eyJlMmJmYjczMC1lY2FhLTExZTYtOGY4OC0zNDM2M2JjN2M0YzAiOnsiY3JlYXRlIjozMDAwMDAwMDAwMDAsInVwZGF0ZSI6MzAwMDAwMDAwMDAwfX0=",
          "dependencies": [
            "aws_lb.backend",
            "aws_lb_target_group.backend_http",
            "aws_security_group.backend_lb",
            "aws_subnet.backend",
            "aws_vpc.main",
            "data.aws_availability_zones.available",
            "random_shuffle.az"
          ]
        }
      ]
    },
    {
      "mode": "managed",
      "type": "aws_lb_listener",
      "name": "frontend_http",
      "provider": "provider[\"registry.terraform.io/hashicorp/aws\"]",
      "instances": [
        {
          "schema_version": 0,
          "attributes": {
            "alpn_policy": null,
            "arn": "arn:aws:elasticloadbalancing:us-east-1:000000000000:listener/app/fleet-portal-dev-frontend/9b9472439630bd59/419d8a27b7c82451",
            "certificate_arn": null,
            "default_action": [
              {
                "authenticate_cognito": [],
                "authenticate_oidc": [],
                "fixed_response": [],
                "forward": [],
                "order": 1,
                "redirect": [],
                "target_group_arn": "arn:aws:elasticloadbalancing:us-east-1:000000000000:targetgroup/fleet-portal-dev-frontend-http/716c30b57b7812ae",
                "type": "forward"
              }
            ],
            "id": "arn:aws:elasticloadbalancing:us-east-1:000000000000:listener/app/fleet-portal-dev-frontend/9b9472439630bd59/419d8a27b7c82451",
            "load_balancer_arn": "arn:aws:elasticloadbalancing:us-east-1:000000000000:loadbalancer/app/fleet-portal-dev-frontend/9b9472439630bd59",
            "mutual_authentication": [],
            "port": 80,
            "protocol": "HTTP",
            "routing_http_request_x_amzn_mtls_clientcert_header_name": null,
            "routing_http_request_x_amzn_mtls_clientcert_issuer_header_name": null,
            "routing_http_request_x_amzn_mtls_clientcert_leaf_header_name": null,
            "routing_http_request_x_amzn_mtls_clientcert_serial_number_header_name": null,
            "routing_http_request_x_amzn_mtls_clientcert_subject_header_name": null,
            "routing_http_request_x_amzn_mtls_clientcert_validity_header_name": null,
            "routing_http_request_x_amzn_tls_cipher_suite_header_name": null,
            "routing_http_request_x_amzn_tls_version_header_name": null,
            "routing_http_response_access_control_allow_credentials_header_value": "",
            "routing_http_response_access_control_allow_headers_header_value": "",
            "routing_http_response_access_control_allow_methods_header_value": "",
            "routing_http_response_access_control_allow_origin_header_value": "",
            "routing_http_response_access_control_expose_headers_header_value": "",
            "routing_http_response_access_control_max_age_header_value": "",
            "routing_http_response_content_security_policy_header_value": "",
            "routing_http_response_server_enabled": true,
            "routing_http_response_strict_transport_security_header_value": "",
            "routing_http_response_x_content_type_options_header_value": "",
            "routing_http_response_x_frame_options_header_value": "",
            "ssl_policy": "ELBSecurityPolicy-2016-08",
            "tags": {},
            "tags_all": {},
            "tcp_idle_timeout_seconds": null,
            "timeouts": null
          },
          "sensitive_attributes": [],
          "identity_schema_version": 0,
          "private": "eyJlMmJmYjczMC1lY2FhLTExZTYtOGY4OC0zNDM2M2JjN2M0YzAiOnsiY3JlYXRlIjozMDAwMDAwMDAwMDAsInVwZGF0ZSI6MzAwMDAwMDAwMDAwfX0=",
          "dependencies": [
            "aws_lb.frontend",
            "aws_lb_target_group.frontend_http",
            "aws_security_group.frontend_lb",
            "aws_subnet.frontend",
            "aws_vpc.main",
            "data.aws_availability_zones.available",
            "random_shuffle.az"
          ]
        }
      ]
    },
    {
      "mode": "managed",
      "type": "aws_lb_target_group",
      "name": "backend_http",
      "provider": "provider[\"registry.terraform.io/hashicorp/aws\"]",
      "instances": [
        {
          "schema_version": 0,
          "attributes": {
            "arn": "arn:aws:elasticloadbalancing:us-east-1:000000000000:targetgroup/fleet-portal-dev-backend-http/8f93cd11f110cce6",
            "arn_suffix": "targetgroup/fleet-portal-dev-backend-http/8f93cd11f110cce6",
            "connection_termination": null,
            "deregistration_delay": "300",
            "health_check": [
              {
                "enabled": true,
                "healthy_threshold": 3,
                "interval": 30,
                "matcher": "200",
                "path": "/health",
                "port": "5000",
                "protocol": "HTTP",
                "timeout": 5,
                "unhealthy_threshold": 3
              }
            ],
            "id": "arn:aws:elasticloadbalancing:us-east-1:000000000000:targetgroup/fleet-portal-dev-backend-http/8f93cd11f110cce6",
            "ip_address_type": "ipv4",
            "lambda_multi_value_headers_enabled": false,
            "load_balancer_arns": [
              "arn:aws:elasticloadbalancing:us-east-1:000000000000:loadbalancer/app/fleet-portal-dev-backend/725500c4ad6492ea"
            ],
            "load_balancing_algorithm_type": "round_robin",
            "load_balancing_anomaly_mitigation": null,
            "load_balancing_cross_zone_enabled": "use_load_balancer_configuration",
            "name": "fleet-portal-dev-backend-http",
            "name_prefix": "",
            "port": 5000,
            "preserve_client_ip": null,
            "protocol": "HTTP",
            "protocol_version": "HTTP1",
            "proxy_protocol_v2": false,
            "slow_start": 0,
            "stickiness": [
              {
                "cookie_duration": 86400,
                "cookie_name": "",
                "enabled": true,
                "type": "lb_cookie"
              }
            ],
            "tags": {},
            "tags_all": {},
            "target_failover": [
              {
                "on_deregistration": null,
                "on_unhealthy": null
              }
            ],
            "target_group_health": [
              {
                "dns_failover": [
                  {
                    "minimum_healthy_targets_count": null,
                    "minimum_healthy_targets_percentage": null
                  }
                ],
                "unhealthy_state_routing": [
                  {
                    "minimum_healthy_targets_count": null,
                    "minimum_healthy_targets_percentage": null
                  }
                ]
              }
            ],
            "target_health_state": [
              {
                "enable_unhealthy_connection_termination": null,
                "unhealthy_draining_interval": null
              }
            ],
            "target_type": "instance",
            "vpc_id": "vpc-930df0945691ad5b2"
          },
          "sensitive_attributes": [],
          "identity_schema_version": 0,
          "private": "bnVsbA==",
          "dependencies": [
            "aws_vpc.main"
          ]
        }
      ]
    },
    {
      "mode": "managed",
      "type": "aws_lb_target_group",
      "name": "frontend_http",
      "provider": "provider[\"registry.terraform.io/hashicorp/aws\"]",
      "instances": [
        {
          "schema_version": 0,
          "attributes": {
            "arn": "arn:aws:elasticloadbalancing:us-east-1:000000000000:targetgroup/fleet-portal-dev-frontend-http/716c30b57b7812ae",
            "arn_suffix": "targetgroup/fleet-portal-dev-frontend-http/716c30b57b7812ae",
            "connection_termination": null,
            "deregistration_delay": "300",
            "health_check": [
              {
                "enabled": true,
                "healthy_threshold": 3,
                "interval": 30,
                "matcher": "200",
                "path": "/",
                "port": "5000",
                "protocol": "HTTP",
                "timeout": 5,
                "unhealthy_threshold": 3
              }
            ],
            "id": "arn:aws:elasticloadbalancing:us-east-1:000000000000:targetgroup/fleet-portal-dev-frontend-http/716c30b57b7812ae",
            "ip_address_type": "ipv4",
            "lambda_multi_value_headers_enabled": false,
            "load_balancer_arns": [
              "arn:aws:elasticloadbalancing:us-east-1:000000000000:loadbalancer/app/fleet-portal-dev-frontend/9b9472439630bd59"
            ],
            "load_balancing_algorithm_type": "round_robin",
            "load_balancing_anomaly_mitigation": null,
            "load_balancing_cross_zone_enabled": "use_load_balancer_configuration",
            "name": "fleet-portal-dev-frontend-http",
            "name_prefix": "",
            "port": 5000,
            "preserve_client_ip": null,
            "protocol": "HTTP",
            "protocol_version": "HTTP1",
            "proxy_protocol_v2": false,
            "slow_start": 0,
            "stickiness": [
              {
                "cookie_duration": 86400,
                "cookie_name": "",
                "enabled": true,
                "type": "lb_cookie"
              }
            ],
            "tags": {},
            "tags_all": {},
            "target_failover": [
              {
                "on_deregistration": null,
                "on_unhealthy": null
              }
            ],
            "target_group_health": [
              {
                "dns_failover": [
                  {
                    "minimum_healthy_targets_count": null,
                    "minimum_healthy_targets_percentage": null
                  }
                ],
                "unhealthy_state_routing": [
                  {
                    "minimum_healthy_targets_count": null,
                    "minimum_healthy_targets_percentage": null
                  }
                ]
              }
            ],
            "target_health_state": [
              {
                "enable_unhealthy_connection_termination": null,
                "unhealthy_draining_interval": null
              }
            ],
            "target_type": "instance",
            "vpc_id": "vpc-930df0945691ad5b2"
          },
          "sensitive_attributes": [],
          "identity_schema_version": 0,
          "private": "bnVsbA==",
          "dependencies": [
            "aws_vpc.main"
          ]
        }
      ]
    },
    {
      "mode": "managed",
      "type": "aws_lb_target_group_attachment",
      "name": "backend_http",
      "provider": "provider[\"registry.terraform.io/hashicorp/aws\"]",
      "instances": [
        {
          "index_key": "0",
          "schema_version": 0,
          "attributes": {
            "availability_zone": null,
            "id": "arn:aws:elasticloadbalancing:us-east-1:000000000000:targetgroup/fleet-portal-dev-backend-http/8f93cd11f110cce6-2026032400015672820000000f",
            "port": 5000,
            "target_group_arn": "arn:aws:elasticloadbalancing:us-east-1:000000000000:targetgroup/fleet-portal-dev-backend-http/8f93cd11f110cce6",
            "target_id": "i-3c25e3976ee2616f2"
          },
          "sensitive_attributes": [],
          "identity_schema_version": 0,
          "private": "bnVsbA==",
          "dependencies": [
            "aws_instance.backend",
            "aws_lb_target_group.backend_http",
            "aws_network_interface.backend",
            "aws_subnet.backend",
            "aws_vpc.main",
            "data.aws_ami.backend",
            "data.aws_availability_zones.available",
            "data.aws_key_pair.main",
            "random_shuffle.az"
          ]
        },
        {
          "index_key": "1",
          "schema_version": 0,
          "attributes": {
            "availability_zone": null,
            "id": "arn:aws:elasticloadbalancing:us-east-1:000000000000:targetgroup/fleet-portal-dev-backend-http/8f93cd11f110cce6-20260324000156729600000010",
            "port": 5000,
            "target_group_arn": "arn:aws:elasticloadbalancing:us-east-1:000000000000:targetgroup/fleet-portal-dev-backend-http/8f93cd11f110cce6",
            "target_id": "i-33d6985d125631c0d"
          },
          "sensitive_attributes": [],
          "identity_schema_version": 0,
          "private": "bnVsbA==",
          "dependencies": [
            "aws_instance.backend",
            "aws_lb_target_group.backend_http",
            "aws_network_interface.backend",
            "aws_subnet.backend",
            "aws_vpc.main",
            "data.aws_ami.backend",
            "data.aws_availability_zones.available",
            "data.aws_key_pair.main",
            "random_shuffle.az"
          ]
        }
      ]
    },
    {
      "mode": "managed",
      "type": "aws_lb_target_group_attachment",
      "name": "frontend_http",
      "provider": "provider[\"registry.terraform.io/hashicorp/aws\"]",
      "instances": [
        {
          "index_key": "0",
          "schema_version": 0,
          "attributes": {
            "availability_zone": null,
            "id": "arn:aws:elasticloadbalancing:us-east-1:000000000000:targetgroup/fleet-portal-dev-frontend-http/716c30b57b7812ae-20260324000158208100000012",
            "port": 5000,
            "target_group_arn": "arn:aws:elasticloadbalancing:us-east-1:000000000000:targetgroup/fleet-portal-dev-frontend-http/716c30b57b7812ae",
            "target_id": "i-70de968994da48938"
          },
          "sensitive_attributes": [],
          "identity_schema_version": 0,
          "private": "bnVsbA==",
          "dependencies": [
            "aws_instance.frontend",
            "aws_lb_target_group.frontend_http",
            "aws_network_interface.frontend",
            "aws_subnet.frontend",
            "aws_vpc.main",
            "data.aws_ami.frontend",
            "data.aws_availability_zones.available",
            "data.aws_key_pair.main",
            "random_shuffle.az"
          ]
        },
        {
          "index_key": "1",
          "schema_version": 0,
          "attributes": {
            "availability_zone": null,
            "id": "arn:aws:elasticloadbalancing:us-east-1:000000000000:targetgroup/fleet-portal-dev-frontend-http/716c30b57b7812ae-20260324000158201700000011",
            "port": 5000,
            "target_group_arn": "arn:aws:elasticloadbalancing:us-east-1:000000000000:targetgroup/fleet-portal-dev-frontend-http/716c30b57b7812ae",
            "target_id": "i-d833b98a5127aad47"
          },
          "sensitive_attributes": [],
          "identity_schema_version": 0,
          "private": "bnVsbA==",
          "dependencies": [
            "aws_instance.frontend",
            "aws_lb_target_group.frontend_http",
            "aws_network_interface.frontend",
            "aws_subnet.frontend",
            "aws_vpc.main",
            "data.aws_ami.frontend",
            "data.aws_availability_zones.available",
            "data.aws_key_pair.main",
            "random_shuffle.az"
          ]
        }
      ]
    },
    {
      "mode": "managed",
      "type": "aws_nat_gateway",
      "name": "nat",
      "provider": "provider[\"registry.terraform.io/hashicorp/aws\"]",
      "instances": [
        {
          "index_key": "0",
          "schema_version": 0,
          "attributes": {
            "allocation_id": "eipalloc-de83ec860bf9c669c",
            "association_id": "eipassoc-bf9d739efe1f7fb82",
            "connectivity_type": "public",
            "id": "nat-bea32904d6bfb88be",
            "network_interface_id": "eni-6ac569d52721c8ca4",
            "private_ip": "10.41.165.148",
            "public_ip": "127.185.249.216",
            "secondary_allocation_ids": [],
            "secondary_private_ip_address_count": 0,
            "secondary_private_ip_addresses": [],
            "subnet_id": "subnet-d38be890d509a5471",
            "tags": {},
            "tags_all": {},
            "timeouts": null
          },
          "sensitive_attributes": [],
          "identity_schema_version": 0,
          "private": "eyJlMmJmYjczMC1lY2FhLTExZTYtOGY4OC0zNDM2M2JjN2M0YzAiOnsiY3JlYXRlIjo2MDAwMDAwMDAwMDAsImRlbGV0ZSI6MTgwMDAwMDAwMDAwMCwidXBkYXRlIjo2MDAwMDAwMDAwMDB9fQ==",
          "dependencies": [
            "aws_eip.nat",
            "aws_internet_gateway.main",
            "aws_subnet.backend",
            "aws_vpc.main",
            "data.aws_availability_zones.available",
            "random_shuffle.az"
          ]
        },
        {
          "index_key": "1",
          "schema_version": 0,
          "attributes": {
            "allocation_id": "eipalloc-7906bb62660ec8a03",
            "association_id": "eipassoc-b740e03580cded555",
            "connectivity_type": "public",
            "id": "nat-064d581f6826e0cc8",
            "network_interface_id": "eni-da2931a49d2c54420",
            "private_ip": "10.173.125.139",
            "public_ip": "127.198.34.243",
            "secondary_allocation_ids": [],
            "secondary_private_ip_address_count": 0,
            "secondary_private_ip_addresses": [],
            "subnet_id": "subnet-7e73a991dfd77c18a",
            "tags": {},
            "tags_all": {},
            "timeouts": null
          },
          "sensitive_attributes": [],
          "identity_schema_version": 0,
          "private": "eyJlMmJmYjczMC1lY2FhLTExZTYtOGY4OC0zNDM2M2JjN2M0YzAiOnsiY3JlYXRlIjo2MDAwMDAwMDAwMDAsImRlbGV0ZSI6MTgwMDAwMDAwMDAwMCwidXBkYXRlIjo2MDAwMDAwMDAwMDB9fQ==",
          "dependencies": [
            "aws_eip.nat",
            "aws_internet_gateway.main",
            "aws_subnet.backend",
            "aws_vpc.main",
            "data.aws_availability_zones.available",
            "random_shuffle.az"
          ]
        }
      ]
    },
    {
      "mode": "managed",
      "type": "aws_network_interface",
      "name": "backend",
      "provider": "provider[\"registry.terraform.io/hashicorp/aws\"]",
      "instances": [
        {
          "index_key": "0",
          "schema_version": 0,
          "attributes": {
            "arn": "arn:aws:ec2:us-east-1:000000000000:network-interface/eni-7fb7e60116fb35570",
            "attachment": [
              {
                "attachment_id": "eni-attach-cdd0ddb850e17f063",
                "device_index": 0,
                "instance": "i-3c25e3976ee2616f2"
              }
            ],
            "description": "",
            "enable_primary_ipv6": null,
            "id": "eni-7fb7e60116fb35570",
            "interface_type": "interface",
            "ipv4_prefix_count": 0,
            "ipv4_prefixes": [],
            "ipv6_address_count": 0,
            "ipv6_address_list": [],
            "ipv6_address_list_enabled": false,
            "ipv6_addresses": [],
            "ipv6_prefix_count": 0,
            "ipv6_prefixes": [],
            "mac_address": "02:00:00:20902x:9902x:14602x",
            "outpost_arn": "",
            "owner_id": "000000000000",
            "private_dns_name": "",
            "private_ip": "10.0.2.23",
            "private_ip_list": [
              "10.0.2.23"
            ],
            "private_ip_list_enabled": false,
            "private_ips": [
              "10.0.2.23"
            ],
            "private_ips_count": 0,
            "security_groups": [
              "sg-900a504a45cc44970",
              "sg-a7b96bebcc69cac82"
            ],
            "source_dest_check": true,
            "subnet_id": "subnet-d38be890d509a5471",
            "tags": {},
            "tags_all": {}
          },
          "sensitive_attributes": [],
          "identity_schema_version": 0,
          "private": "bnVsbA==",
          "dependencies": [
            "aws_subnet.backend",
            "aws_vpc.main",
            "data.aws_availability_zones.available",
            "random_shuffle.az"
          ]
        },
        {
          "index_key": "1",
          "schema_version": 0,
          "attributes": {
            "arn": "arn:aws:ec2:us-east-1:000000000000:network-interface/eni-e87f8a8b33bb7c66c",
            "attachment": [
              {
                "attachment_id": "eni-attach-57132a3eb20003bbb",
                "device_index": 0,
                "instance": "i-33d6985d125631c0d"
              }
            ],
            "description": "",
            "enable_primary_ipv6": null,
            "id": "eni-e87f8a8b33bb7c66c",
            "interface_type": "interface",
            "ipv4_prefix_count": 0,
            "ipv4_prefixes": [],
            "ipv6_address_count": 0,
            "ipv6_address_list": [],
            "ipv6_address_list_enabled": false,
            "ipv6_addresses": [],
            "ipv6_prefix_count": 0,
            "ipv6_prefixes": [],
            "mac_address": "02:00:00:3302x:15902x:19402x",
            "outpost_arn": "",
            "owner_id": "000000000000",
            "private_dns_name": "",
            "private_ip": "10.0.3.62",
            "private_ip_list": [
              "10.0.3.62"
            ],
            "private_ip_list_enabled": false,
            "private_ips": [
              "10.0.3.62"
            ],
            "private_ips_count": 0,
            "security_groups": [
              "sg-900a504a45cc44970",
              "sg-a7b96bebcc69cac82"
            ],
            "source_dest_check": true,
            "subnet_id": "subnet-7e73a991dfd77c18a",
            "tags": {},
            "tags_all": {}
          },
          "sensitive_attributes": [],
          "identity_schema_version": 0,
          "private": "bnVsbA==",
          "dependencies": [
            "aws_subnet.backend",
            "aws_vpc.main",
            "data.aws_availability_zones.available",
            "random_shuffle.az"
          ]
        }
      ]
    },
    {
      "mode": "managed",
      "type": "aws_network_interface",
      "name": "frontend",
      "provider": "provider[\"registry.terraform.io/hashicorp/aws\"]",
      "instances": [
        {
          "index_key": "0",
          "schema_version": 0,
          "attributes": {
            "arn": "arn:aws:ec2:us-east-1:000000000000:network-interface/eni-4d96b4d53ea94912f",
            "attachment": [
              {
                "attachment_id": "eni-attach-baaba565268181006",
                "device_index": 0,
                "instance": "i-70de968994da48938"
              }
            ],
            "description": "",
            "enable_primary_ipv6": null,
            "id": "eni-4d96b4d53ea94912f",
            "interface_type": "interface",
            "ipv4_prefix_count": 0,
            "ipv4_prefixes": [],
            "ipv6_address_count": 0,
            "ipv6_address_list": [],
            "ipv6_address_list_enabled": false,
            "ipv6_addresses": [],
            "ipv6_prefix_count": 0,
            "ipv6_prefixes": [],
            "mac_address": "02:00:00:12102x:7502x:3102x",
            "outpost_arn": "",
            "owner_id": "000000000000",
            "private_dns_name": "",
            "private_ip": "10.0.0.249",
            "private_ip_list": [
              "10.0.0.249"
            ],
            "private_ip_list_enabled": false,
            "private_ips": [
              "10.0.0.249"
            ],
            "private_ips_count": 0,
            "security_groups": [
              "sg-281a93b82c8db0adf",
              "sg-a7b96bebcc69cac82"
            ],
            "source_dest_check": true,
            "subnet_id": "subnet-9b8be13d9ce40dbad",
            "tags": {},
            "tags_all": {}
          },
          "sensitive_attributes": [],
          "identity_schema_version": 0,
          "private": "bnVsbA==",
          "dependencies": [
            "aws_subnet.frontend",
            "aws_vpc.main",
            "data.aws_availability_zones.available",
            "random_shuffle.az"
          ]
        },
        {
          "index_key": "1",
          "schema_version": 0,
          "attributes": {
            "arn": "arn:aws:ec2:us-east-1:000000000000:network-interface/eni-473304f49bebe7ae0",
            "attachment": [
              {
                "attachment_id": "eni-attach-256a454255f5bf685",
                "device_index": 0,
                "instance": "i-d833b98a5127aad47"
              }
            ],
            "description": "",
            "enable_primary_ipv6": null,
            "id": "eni-473304f49bebe7ae0",
            "interface_type": "interface",
            "ipv4_prefix_count": 0,
            "ipv4_prefixes": [],
            "ipv6_address_count": 0,
            "ipv6_address_list": [],
            "ipv6_address_list_enabled": false,
            "ipv6_addresses": [],
            "ipv6_prefix_count": 0,
            "ipv6_prefixes": [],
            "mac_address": "02:00:00:3402x:24402x:6202x",
            "outpost_arn": "",
            "owner_id": "000000000000",
            "private_dns_name": "",
            "private_ip": "10.0.1.192",
            "private_ip_list": [
              "10.0.1.192"
            ],
            "private_ip_list_enabled": false,
            "private_ips": [
              "10.0.1.192"
            ],
            "private_ips_count": 0,
            "security_groups": [
              "sg-281a93b82c8db0adf",
              "sg-a7b96bebcc69cac82"
            ],
            "source_dest_check": true,
            "subnet_id": "subnet-d334efbea10adc906",
            "tags": {},
            "tags_all": {}
          },
          "sensitive_attributes": [],
          "identity_schema_version": 0,
          "private": "bnVsbA==",
          "dependencies": [
            "aws_subnet.frontend",
            "aws_vpc.main",
            "data.aws_availability_zones.available",
            "random_shuffle.az"
          ]
        }
      ]
    },
    {
      "mode": "managed",
      "type": "aws_network_interface_sg_attachment",
      "name": "backend",
      "provider": "provider[\"registry.terraform.io/hashicorp/aws\"]",
      "instances": [
        {
          "index_key": "0",
          "schema_version": 0,
          "attributes": {
            "id": "sg-900a504a45cc44970_eni-7fb7e60116fb35570",
            "network_interface_id": "eni-7fb7e60116fb35570",
            "security_group_id": "sg-900a504a45cc44970",
            "timeouts": null
          },
          "sensitive_attributes": [],
          "identity_schema_version": 0,
          "private": "eyJlMmJmYjczMC1lY2FhLTExZTYtOGY4OC0zNDM2M2JjN2M0YzAiOnsiY3JlYXRlIjoxODAwMDAwMDAwMDAsImRlbGV0ZSI6MTgwMDAwMDAwMDAwLCJyZWFkIjoxODAwMDAwMDAwMDB9fQ==",
          "dependencies": [
            "aws_instance.backend",
            "aws_network_interface.backend",
            "aws_security_group.backend",
            "aws_subnet.backend",
            "aws_vpc.main",
            "data.aws_ami.backend",
            "data.aws_availability_zones.available",
            "data.aws_key_pair.main",
            "random_shuffle.az"
          ]
        },
        {
          "index_key": "1",
          "schema_version": 0,
          "attributes": {
            "id": "sg-900a504a45cc44970_eni-e87f8a8b33bb7c66c",
            "network_interface_id": "eni-e87f8a8b33bb7c66c",
            "security_group_id": "sg-900a504a45cc44970",
            "timeouts": null
          },
          "sensitive_attributes": [],
          "identity_schema_version": 0,
          "private": "eyJlMmJmYjczMC1lY2FhLTExZTYtOGY4OC0zNDM2M2JjN2M0YzAiOnsiY3JlYXRlIjoxODAwMDAwMDAwMDAsImRlbGV0ZSI6MTgwMDAwMDAwMDAwLCJyZWFkIjoxODAwMDAwMDAwMDB9fQ==",
          "dependencies": [
            "aws_instance.backend",
            "aws_network_interface.backend",
            "aws_security_group.backend",
            "aws_subnet.backend",
            "aws_vpc.main",
            "data.aws_ami.backend",
            "data.aws_availability_zones.available",
            "data.aws_key_pair.main",
            "random_shuffle.az"
          ]
        }
      ]
    },
    {
      "mode": "managed",
      "type": "aws_network_interface_sg_attachment",
      "name": "frontend",
      "provider": "provider[\"registry.terraform.io/hashicorp/aws\"]",
      "instances": [
        {
          "index_key": "0",
          "schema_version": 0,
          "attributes": {
            "id": "sg-281a93b82c8db0adf_eni-4d96b4d53ea94912f",
            "network_interface_id": "eni-4d96b4d53ea94912f",
            "security_group_id": "sg-281a93b82c8db0adf",
            "timeouts": null
          },
          "sensitive_attributes": [],
          "identity_schema_version": 0,
          "private": "eyJlMmJmYjczMC1lY2FhLTExZTYtOGY4OC0zNDM2M2JjN2M0YzAiOnsiY3JlYXRlIjoxODAwMDAwMDAwMDAsImRlbGV0ZSI6MTgwMDAwMDAwMDAwLCJyZWFkIjoxODAwMDAwMDAwMDB9fQ==",
          "dependencies": [
            "aws_instance.frontend",
            "aws_network_interface.frontend",
            "aws_security_group.frontend",
            "aws_subnet.frontend",
            "aws_vpc.main",
            "data.aws_ami.frontend",
            "data.aws_availability_zones.available",
            "data.aws_key_pair.main",
            "random_shuffle.az"
          ]
        },
        {
          "index_key": "1",
          "schema_version": 0,
          "attributes": {
            "id": "sg-281a93b82c8db0adf_eni-473304f49bebe7ae0",
            "network_interface_id": "eni-473304f49bebe7ae0",
            "security_group_id": "sg-281a93b82c8db0adf",
            "timeouts": null
          },
          "sensitive_attributes": [],
          "identity_schema_version": 0,
          "private": "eyJlMmJmYjczMC1lY2FhLTExZTYtOGY4OC0zNDM2M2JjN2M0YzAiOnsiY3JlYXRlIjoxODAwMDAwMDAwMDAsImRlbGV0ZSI6MTgwMDAwMDAwMDAwLCJyZWFkIjoxODAwMDAwMDAwMDB9fQ==",
          "dependencies": [
            "aws_instance.frontend",
            "aws_network_interface.frontend",
            "aws_security_group.frontend",
            "aws_subnet.frontend",
            "aws_vpc.main",
            "data.aws_ami.frontend",
            "data.aws_availability_zones.available",
            "data.aws_key_pair.main",
            "random_shuffle.az"
          ]
        }
      ]
    },
    {
      "mode": "managed",
      "type": "aws_resourcegroups_group",
      "name": "main",
      "provider": "provider[\"registry.terraform.io/hashicorp/aws\"]",
      "instances": [
        {
          "schema_version": 0,
          "attributes": {
            "arn": "arn:aws:resource-groups:us-west-1:000000000000:group/fleet-portal-dev",
            "configuration": [],
            "description": "",
            "id": "fleet-portal-dev",
            "name": "fleet-portal-dev",
            "resource_query": [
              {
                "query": "{\"ResourceTypeFilters\":[\"AWS::AllSupported\"],\"TagFilters\":[{\"Key\":\"application\",\"Values\":[\"fleet-portal\"]},{\"Key\":\"environment\",\"Values\":[\"dev\"]}]}",
                "type": "TAG_FILTERS_1_0"
              }
            ],
            "tags": {},
            "tags_all": {},
            "timeouts": null
          },
          "sensitive_attributes": [],
          "identity_schema_version": 0,
          "private": "eyJlMmJmYjczMC1lY2FhLTExZTYtOGY4OC0zNDM2M2JjN2M0YzAiOnsiY3JlYXRlIjo5MDAwMDAwMDAwMDAsInVwZGF0ZSI6OTAwMDAwMDAwMDAwfX0="
        }
      ]
    },
    {
      "mode": "managed",
      "type": "aws_route_table",
      "name": "backend",
      "provider": "provider[\"registry.terraform.io/hashicorp/aws\"]",
      "instances": [
        {
          "index_key": "0",
          "schema_version": 0,
          "attributes": {
            "arn": "arn:aws:ec2:us-east-1:000000000000:route-table/rtb-d0375182640c92ca2",
            "id": "rtb-d0375182640c92ca2",
            "owner_id": "000000000000",
            "propagating_vgws": [],
            "route": [
              {
                "carrier_gateway_id": "",
                "cidr_block": "0.0.0.0/0",
                "core_network_arn": "",
                "destination_prefix_list_id": "",
                "egress_only_gateway_id": "",
                "gateway_id": "",
                "ipv6_cidr_block": "",
                "local_gateway_id": "",
                "nat_gateway_id": "nat-bea32904d6bfb88be",
                "network_interface_id": "",
                "transit_gateway_id": "",
                "vpc_endpoint_id": "",
                "vpc_peering_connection_id": ""
              }
            ],
            "tags": {},
            "tags_all": {},
            "timeouts": null,
            "vpc_id": "vpc-930df0945691ad5b2"
          },
          "sensitive_attributes": [],
          "identity_schema_version": 0,
          "private": "eyJlMmJmYjczMC1lY2FhLTExZTYtOGY4OC0zNDM2M2JjN2M0YzAiOnsiY3JlYXRlIjozMDAwMDAwMDAwMDAsImRlbGV0ZSI6MzAwMDAwMDAwMDAwLCJ1cGRhdGUiOjEyMDAwMDAwMDAwMH19",
          "dependencies": [
            "aws_eip.nat",
            "aws_internet_gateway.main",
            "aws_nat_gateway.nat",
            "aws_subnet.backend",
            "aws_vpc.main",
            "data.aws_availability_zones.available",
            "random_shuffle.az"
          ]
        },
        {
          "index_key": "1",
          "schema_version": 0,
          "attributes": {
            "arn": "arn:aws:ec2:us-east-1:000000000000:route-table/rtb-d0c5cfc535396d0b2",
            "id": "rtb-d0c5cfc535396d0b2",
            "owner_id": "000000000000",
            "propagating_vgws": [],
            "route": [
              {
                "carrier_gateway_id": "",
                "cidr_block": "0.0.0.0/0",
                "core_network_arn": "",
                "destination_prefix_list_id": "",
                "egress_only_gateway_id": "",
                "gateway_id": "",
                "ipv6_cidr_block": "",
                "local_gateway_id": "",
                "nat_gateway_id": "nat-064d581f6826e0cc8",
                "network_interface_id": "",
                "transit_gateway_id": "",
                "vpc_endpoint_id": "",
                "vpc_peering_connection_id": ""
              }
            ],
            "tags": {},
            "tags_all": {},
            "timeouts": null,
            "vpc_id": "vpc-930df0945691ad5b2"
          },
          "sensitive_attributes": [],
          "identity_schema_version": 0,
          "private": "eyJlMmJmYjczMC1lY2FhLTExZTYtOGY4OC0zNDM2M2JjN2M0YzAiOnsiY3JlYXRlIjozMDAwMDAwMDAwMDAsImRlbGV0ZSI6MzAwMDAwMDAwMDAwLCJ1cGRhdGUiOjEyMDAwMDAwMDAwMH19",
          "dependencies": [
            "aws_eip.nat",
            "aws_internet_gateway.main",
            "aws_nat_gateway.nat",
            "aws_subnet.backend",
            "aws_vpc.main",
            "data.aws_availability_zones.available",
            "random_shuffle.az"
          ]
        }
      ]
    },
    {
      "mode": "managed",
      "type": "aws_route_table",
      "name": "frontend",
      "provider": "provider[\"registry.terraform.io/hashicorp/aws\"]",
      "instances": [
        {
          "schema_version": 0,
          "attributes": {
            "arn": "arn:aws:ec2:us-east-1:000000000000:route-table/rtb-4a9ac32ff5673b484",
            "id": "rtb-4a9ac32ff5673b484",
            "owner_id": "000000000000",
            "propagating_vgws": [],
            "route": [
              {
                "carrier_gateway_id": "",
                "cidr_block": "0.0.0.0/0",
                "core_network_arn": "",
                "destination_prefix_list_id": "",
                "egress_only_gateway_id": "",
                "gateway_id": "igw-94c2744d6b268504d",
                "ipv6_cidr_block": "",
                "local_gateway_id": "",
                "nat_gateway_id": "",
                "network_interface_id": "",
                "transit_gateway_id": "",
                "vpc_endpoint_id": "",
                "vpc_peering_connection_id": ""
              }
            ],
            "tags": {},
            "tags_all": {},
            "timeouts": null,
            "vpc_id": "vpc-930df0945691ad5b2"
          },
          "sensitive_attributes": [],
          "identity_schema_version": 0,
          "private": "eyJlMmJmYjczMC1lY2FhLTExZTYtOGY4OC0zNDM2M2JjN2M0YzAiOnsiY3JlYXRlIjozMDAwMDAwMDAwMDAsImRlbGV0ZSI6MzAwMDAwMDAwMDAwLCJ1cGRhdGUiOjEyMDAwMDAwMDAwMH19",
          "dependencies": [
            "aws_internet_gateway.main",
            "aws_vpc.main"
          ]
        }
      ]
    },
    {
      "mode": "managed",
      "type": "aws_route_table_association",
      "name": "backend",
      "provider": "provider[\"registry.terraform.io/hashicorp/aws\"]",
      "instances": [
        {
          "index_key": "0",
          "schema_version": 0,
          "attributes": {
            "gateway_id": "",
            "id": "rtbassoc-048a7fc5fa6c51ae1",
            "route_table_id": "rtb-d0375182640c92ca2",
            "subnet_id": "subnet-d38be890d509a5471",
            "timeouts": null
          },
          "sensitive_attributes": [],
          "identity_schema_version": 0,
          "private": "eyJlMmJmYjczMC1lY2FhLTExZTYtOGY4OC0zNDM2M2JjN2M0YzAiOnsiY3JlYXRlIjozMDAwMDAwMDAwMDAsImRlbGV0ZSI6MzAwMDAwMDAwMDAwLCJ1cGRhdGUiOjEyMDAwMDAwMDAwMH19",
          "dependencies": [
            "aws_eip.nat",
            "aws_internet_gateway.main",
            "aws_nat_gateway.nat",
            "aws_route_table.backend",
            "aws_subnet.backend",
            "aws_vpc.main",
            "data.aws_availability_zones.available",
            "random_shuffle.az"
          ]
        },
        {
          "index_key": "1",
          "schema_version": 0,
          "attributes": {
            "gateway_id": "",
            "id": "rtbassoc-988b36359584d582f",
            "route_table_id": "rtb-d0c5cfc535396d0b2",
            "subnet_id": "subnet-7e73a991dfd77c18a",
            "timeouts": null
          },
          "sensitive_attributes": [],
          "identity_schema_version": 0,
          "private": "eyJlMmJmYjczMC1lY2FhLTExZTYtOGY4OC0zNDM2M2JjN2M0YzAiOnsiY3JlYXRlIjozMDAwMDAwMDAwMDAsImRlbGV0ZSI6MzAwMDAwMDAwMDAwLCJ1cGRhdGUiOjEyMDAwMDAwMDAwMH19",
          "dependencies": [
            "aws_eip.nat",
            "aws_internet_gateway.main",
            "aws_nat_gateway.nat",
            "aws_route_table.backend",
            "aws_subnet.backend",
            "aws_vpc.main",
            "data.aws_availability_zones.available",
            "random_shuffle.az"
          ]
        }
      ]
    },
    {
      "mode": "managed",
      "type": "aws_route_table_association",
      "name": "frontend",
      "provider": "provider[\"registry.terraform.io/hashicorp/aws\"]",
      "instances": [
        {
          "index_key": "0",
          "schema_version": 0,
          "attributes": {
            "gateway_id": "",
            "id": "rtbassoc-405ae6ae5e80f980a",
            "route_table_id": "rtb-4a9ac32ff5673b484",
            "subnet_id": "subnet-9b8be13d9ce40dbad",
            "timeouts": null
          },
          "sensitive_attributes": [],
          "identity_schema_version": 0,
          "private": "eyJlMmJmYjczMC1lY2FhLTExZTYtOGY4OC0zNDM2M2JjN2M0YzAiOnsiY3JlYXRlIjozMDAwMDAwMDAwMDAsImRlbGV0ZSI6MzAwMDAwMDAwMDAwLCJ1cGRhdGUiOjEyMDAwMDAwMDAwMH19",
          "dependencies": [
            "aws_internet_gateway.main",
            "aws_route_table.frontend",
            "aws_subnet.frontend",
            "aws_vpc.main",
            "data.aws_availability_zones.available",
            "random_shuffle.az"
          ]
        },
        {
          "index_key": "1",
          "schema_version": 0,
          "attributes": {
            "gateway_id": "",
            "id": "rtbassoc-c5f4a5f1a3e11b4a7",
            "route_table_id": "rtb-4a9ac32ff5673b484",
            "subnet_id": "subnet-d334efbea10adc906",
            "timeouts": null
          },
          "sensitive_attributes": [],
          "identity_schema_version": 0,
          "private": "eyJlMmJmYjczMC1lY2FhLTExZTYtOGY4OC0zNDM2M2JjN2M0YzAiOnsiY3JlYXRlIjozMDAwMDAwMDAwMDAsImRlbGV0ZSI6MzAwMDAwMDAwMDAwLCJ1cGRhdGUiOjEyMDAwMDAwMDAwMH19",
          "dependencies": [
            "aws_internet_gateway.main",
            "aws_route_table.frontend",
            "aws_subnet.frontend",
            "aws_vpc.main",
            "data.aws_availability_zones.available",
            "random_shuffle.az"
          ]
        }
      ]
    },
    {
      "mode": "managed",
      "type": "aws_security_group",
      "name": "backend",
      "provider": "provider[\"registry.terraform.io/hashicorp/aws\"]",
      "instances": [
        {
          "schema_version": 1,
          "attributes": {
            "arn": "arn:aws:ec2:us-east-1:000000000000:security-group/sg-900a504a45cc44970",
            "description": "Security group for the backend EC2 instances",
            "egress": [],
            "id": "sg-900a504a45cc44970",
            "ingress": [
              {
                "cidr_blocks": [],
                "description": "",
                "from_port": 22,
                "ipv6_cidr_blocks": [],
                "prefix_list_ids": [],
                "protocol": "tcp",
                "security_groups": [
                  "sg-281a93b82c8db0adf"
                ],
                "self": false,
                "to_port": 22
              },
              {
                "cidr_blocks": [],
                "description": "",
                "from_port": 5000,
                "ipv6_cidr_blocks": [],
                "prefix_list_ids": [],
                "protocol": "tcp",
                "security_groups": [
                  "sg-50f6a6338fd2119bc"
                ],
                "self": false,
                "to_port": 5000
              }
            ],
            "name": "fleet-portal-dev-backend-sg",
            "name_prefix": "",
            "owner_id": "000000000000",
            "revoke_rules_on_delete": false,
            "tags": {},
            "tags_all": {},
            "timeouts": null,
            "vpc_id": "vpc-930df0945691ad5b2"
          },
          "sensitive_attributes": [],
          "identity_schema_version": 0,
          "private": "eyJlMmJmYjczMC1lY2FhLTExZTYtOGY4OC0zNDM2M2JjN2M0YzAiOnsiY3JlYXRlIjo2MDAwMDAwMDAwMDAsImRlbGV0ZSI6OTAwMDAwMDAwMDAwfSwic2NoZW1hX3ZlcnNpb24iOiIxIn0=",
          "dependencies": [
            "aws_vpc.main"
          ]
        }
      ]
    },
    {
      "mode": "managed",
      "type": "aws_security_group",
      "name": "backend_lb",
      "provider": "provider[\"registry.terraform.io/hashicorp/aws\"]",
      "instances": [
        {
          "schema_version": 1,
          "attributes": {
            "arn": "arn:aws:ec2:us-east-1:000000000000:security-group/sg-50f6a6338fd2119bc",
            "description": "Security group for the load balancer",
            "egress": [
              {
                "cidr_blocks": [],
                "description": "",
                "from_port": 5000,
                "ipv6_cidr_blocks": [],
                "prefix_list_ids": [],
                "protocol": "tcp",
                "security_groups": [
                  "sg-900a504a45cc44970"
                ],
                "self": false,
                "to_port": 5000
              }
            ],
            "id": "sg-50f6a6338fd2119bc",
            "ingress": [
              {
                "cidr_blocks": [],
                "description": "",
                "from_port": 80,
                "ipv6_cidr_blocks": [],
                "prefix_list_ids": [],
                "protocol": "tcp",
                "security_groups": [
                  "sg-281a93b82c8db0adf"
                ],
                "self": false,
                "to_port": 80
              }
            ],
            "name": "fleet-portal-dev-backend-lb-sg",
            "name_prefix": "",
            "owner_id": "000000000000",
            "revoke_rules_on_delete": false,
            "tags": {},
            "tags_all": {},
            "timeouts": null,
            "vpc_id": "vpc-930df0945691ad5b2"
          },
          "sensitive_attributes": [],
          "identity_schema_version": 0,
          "private": "eyJlMmJmYjczMC1lY2FhLTExZTYtOGY4OC0zNDM2M2JjN2M0YzAiOnsiY3JlYXRlIjo2MDAwMDAwMDAwMDAsImRlbGV0ZSI6OTAwMDAwMDAwMDAwfSwic2NoZW1hX3ZlcnNpb24iOiIxIn0=",
          "dependencies": [
            "aws_vpc.main"
          ]
        }
      ]
    },
    {
      "mode": "managed",
      "type": "aws_security_group",
      "name": "frontend",
      "provider": "provider[\"registry.terraform.io/hashicorp/aws\"]",
      "instances": [
        {
          "schema_version": 1,
          "attributes": {
            "arn": "arn:aws:ec2:us-east-1:000000000000:security-group/sg-281a93b82c8db0adf",
            "description": "Security group for the frontend EC2 instances",
            "egress": [
              {
                "cidr_blocks": [],
                "description": "",
                "from_port": 80,
                "ipv6_cidr_blocks": [],
                "prefix_list_ids": [],
                "protocol": "tcp",
                "security_groups": [
                  "sg-50f6a6338fd2119bc"
                ],
                "self": false,
                "to_port": 80
              }
            ],
            "id": "sg-281a93b82c8db0adf",
            "ingress": [
              {
                "cidr_blocks": [
                  "0.0.0.0/0"
                ],
                "description": "",
                "from_port": 22,
                "ipv6_cidr_blocks": [],
                "prefix_list_ids": [],
                "protocol": "tcp",
                "security_groups": [],
                "self": false,
                "to_port": 22
              },
              {
                "cidr_blocks": [],
                "description": "",
                "from_port": 5000,
                "ipv6_cidr_blocks": [],
                "prefix_list_ids": [],
                "protocol": "tcp",
                "security_groups": [
                  "sg-446fb1899f3f36be0"
                ],
                "self": false,
                "to_port": 5000
              }
            ],
            "name": "fleet-portal-dev-frontend-sg",
            "name_prefix": "",
            "owner_id": "000000000000",
            "revoke_rules_on_delete": false,
            "tags": {},
            "tags_all": {},
            "timeouts": null,
            "vpc_id": "vpc-930df0945691ad5b2"
          },
          "sensitive_attributes": [],
          "identity_schema_version": 0,
          "private": "eyJlMmJmYjczMC1lY2FhLTExZTYtOGY4OC0zNDM2M2JjN2M0YzAiOnsiY3JlYXRlIjo2MDAwMDAwMDAwMDAsImRlbGV0ZSI6OTAwMDAwMDAwMDAwfSwic2NoZW1hX3ZlcnNpb24iOiIxIn0=",
          "dependencies": [
            "aws_vpc.main"
          ]
        }
      ]
    },
    {
      "mode": "managed",
      "type": "aws_security_group",
      "name": "frontend_lb",
      "provider": "provider[\"registry.terraform.io/hashicorp/aws\"]",
      "instances": [
        {
          "schema_version": 1,
          "attributes": {
            "arn": "arn:aws:ec2:us-east-1:000000000000:security-group/sg-446fb1899f3f36be0",
            "description": "Security group for the load balancer",
            "egress": [
              {
                "cidr_blocks": [],
                "description": "",
                "from_port": 5000,
                "ipv6_cidr_blocks": [],
                "prefix_list_ids": [],
                "protocol": "tcp",
                "security_groups": [],
                "self": true,
                "to_port": 5000
              }
            ],
            "id": "sg-446fb1899f3f36be0",
            "ingress": [
              {
                "cidr_blocks": [
                  "0.0.0.0/0"
                ],
                "description": "",
                "from_port": 80,
                "ipv6_cidr_blocks": [],
                "prefix_list_ids": [],
                "protocol": "tcp",
                "security_groups": [],
                "self": false,
                "to_port": 80
              }
            ],
            "name": "fleet-portal-dev-frontend-lb-sg",
            "name_prefix": "",
            "owner_id": "000000000000",
            "revoke_rules_on_delete": false,
            "tags": {},
            "tags_all": {},
            "timeouts": null,
            "vpc_id": "vpc-930df0945691ad5b2"
          },
          "sensitive_attributes": [],
          "identity_schema_version": 0,
          "private": "eyJlMmJmYjczMC1lY2FhLTExZTYtOGY4OC0zNDM2M2JjN2M0YzAiOnsiY3JlYXRlIjo2MDAwMDAwMDAwMDAsImRlbGV0ZSI6OTAwMDAwMDAwMDAwfSwic2NoZW1hX3ZlcnNpb24iOiIxIn0=",
          "dependencies": [
            "aws_vpc.main"
          ]
        }
      ]
    },
    {
      "mode": "managed",
      "type": "aws_security_group_rule",
      "name": "backend_http",
      "provider": "provider[\"registry.terraform.io/hashicorp/aws\"]",
      "instances": [
        {
          "schema_version": 2,
          "attributes": {
            "cidr_blocks": null,
            "description": null,
            "from_port": 5000,
            "id": "sgrule-2003096273",
            "ipv6_cidr_blocks": null,
            "prefix_list_ids": null,
            "protocol": "tcp",
            "security_group_id": "sg-900a504a45cc44970",
            "security_group_rule_id": "sgr-6efb8d0c180d6b486",
            "self": false,
            "source_security_group_id": "sg-50f6a6338fd2119bc",
            "timeouts": null,
            "to_port": 5000,
            "type": "ingress"
          },
          "sensitive_attributes": [],
          "identity_schema_version": 0,
          "private": "eyJlMmJmYjczMC1lY2FhLTExZTYtOGY4OC0zNDM2M2JjN2M0YzAiOnsiY3JlYXRlIjozMDAwMDAwMDAwMDB9LCJzY2hlbWFfdmVyc2lvbiI6IjIifQ==",
          "dependencies": [
            "aws_security_group.backend",
            "aws_security_group.backend_lb",
            "aws_vpc.main"
          ]
        }
      ]
    },
    {
      "mode": "managed",
      "type": "aws_security_group_rule",
      "name": "backend_lb_egress_http",
      "provider": "provider[\"registry.terraform.io/hashicorp/aws\"]",
      "instances": [
        {
          "schema_version": 2,
          "attributes": {
            "cidr_blocks": null,
            "description": null,
            "from_port": 5000,
            "id": "sgrule-1668383252",
            "ipv6_cidr_blocks": null,
            "prefix_list_ids": null,
            "protocol": "tcp",
            "security_group_id": "sg-50f6a6338fd2119bc",
            "security_group_rule_id": "sgr-b145622414e008976",
            "self": false,
            "source_security_group_id": "sg-900a504a45cc44970",
            "timeouts": null,
            "to_port": 5000,
            "type": "egress"
          },
          "sensitive_attributes": [],
          "identity_schema_version": 0,
          "private": "eyJlMmJmYjczMC1lY2FhLTExZTYtOGY4OC0zNDM2M2JjN2M0YzAiOnsiY3JlYXRlIjozMDAwMDAwMDAwMDB9LCJzY2hlbWFfdmVyc2lvbiI6IjIifQ==",
          "dependencies": [
            "aws_security_group.backend",
            "aws_security_group.backend_lb",
            "aws_vpc.main"
          ]
        }
      ]
    },
    {
      "mode": "managed",
      "type": "aws_security_group_rule",
      "name": "backend_lb_ingress_http",
      "provider": "provider[\"registry.terraform.io/hashicorp/aws\"]",
      "instances": [
        {
          "schema_version": 2,
          "attributes": {
            "cidr_blocks": null,
            "description": null,
            "from_port": 80,
            "id": "sgrule-3353770715",
            "ipv6_cidr_blocks": null,
            "prefix_list_ids": null,
            "protocol": "tcp",
            "security_group_id": "sg-50f6a6338fd2119bc",
            "security_group_rule_id": "sgr-f6aab91d69f448ae9",
            "self": false,
            "source_security_group_id": "sg-281a93b82c8db0adf",
            "timeouts": null,
            "to_port": 80,
            "type": "ingress"
          },
          "sensitive_attributes": [],
          "identity_schema_version": 0,
          "private": "eyJlMmJmYjczMC1lY2FhLTExZTYtOGY4OC0zNDM2M2JjN2M0YzAiOnsiY3JlYXRlIjozMDAwMDAwMDAwMDB9LCJzY2hlbWFfdmVyc2lvbiI6IjIifQ==",
          "dependencies": [
            "aws_security_group.backend_lb",
            "aws_security_group.frontend",
            "aws_vpc.main"
          ]
        }
      ]
    },
    {
      "mode": "managed",
      "type": "aws_security_group_rule",
      "name": "backend_ssh",
      "provider": "provider[\"registry.terraform.io/hashicorp/aws\"]",
      "instances": [
        {
          "schema_version": 2,
          "attributes": {
            "cidr_blocks": null,
            "description": null,
            "from_port": 22,
            "id": "sgrule-1177640809",
            "ipv6_cidr_blocks": null,
            "prefix_list_ids": null,
            "protocol": "tcp",
            "security_group_id": "sg-900a504a45cc44970",
            "security_group_rule_id": "sgr-974a2c72af5e0aaa9",
            "self": false,
            "source_security_group_id": "sg-281a93b82c8db0adf",
            "timeouts": null,
            "to_port": 22,
            "type": "ingress"
          },
          "sensitive_attributes": [],
          "identity_schema_version": 0,
          "private": "eyJlMmJmYjczMC1lY2FhLTExZTYtOGY4OC0zNDM2M2JjN2M0YzAiOnsiY3JlYXRlIjozMDAwMDAwMDAwMDB9LCJzY2hlbWFfdmVyc2lvbiI6IjIifQ==",
          "dependencies": [
            "aws_security_group.backend",
            "aws_security_group.frontend",
            "aws_vpc.main"
          ]
        }
      ]
    },
    {
      "mode": "managed",
      "type": "aws_security_group_rule",
      "name": "frontend_egress_http",
      "provider": "provider[\"registry.terraform.io/hashicorp/aws\"]",
      "instances": [
        {
          "schema_version": 2,
          "attributes": {
            "cidr_blocks": null,
            "description": null,
            "from_port": 80,
            "id": "sgrule-2561133073",
            "ipv6_cidr_blocks": null,
            "prefix_list_ids": null,
            "protocol": "tcp",
            "security_group_id": "sg-281a93b82c8db0adf",
            "security_group_rule_id": "sgr-4b88a2bcbbc027340",
            "self": false,
            "source_security_group_id": "sg-50f6a6338fd2119bc",
            "timeouts": null,
            "to_port": 80,
            "type": "egress"
          },
          "sensitive_attributes": [],
          "identity_schema_version": 0,
          "private": "eyJlMmJmYjczMC1lY2FhLTExZTYtOGY4OC0zNDM2M2JjN2M0YzAiOnsiY3JlYXRlIjozMDAwMDAwMDAwMDB9LCJzY2hlbWFfdmVyc2lvbiI6IjIifQ==",
          "dependencies": [
            "aws_security_group.backend_lb",
            "aws_security_group.frontend",
            "aws_vpc.main"
          ]
        }
      ]
    },
    {
      "mode": "managed",
      "type": "aws_security_group_rule",
      "name": "frontend_http",
      "provider": "provider[\"registry.terraform.io/hashicorp/aws\"]",
      "instances": [
        {
          "schema_version": 2,
          "attributes": {
            "cidr_blocks": null,
            "description": null,
            "from_port": 5000,
            "id": "sgrule-1659633720",
            "ipv6_cidr_blocks": null,
            "prefix_list_ids": null,
            "protocol": "tcp",
            "security_group_id": "sg-281a93b82c8db0adf",
            "security_group_rule_id": "sgr-885e484ac3197324d",
            "self": false,
            "source_security_group_id": "sg-446fb1899f3f36be0",
            "timeouts": null,
            "to_port": 5000,
            "type": "ingress"
          },
          "sensitive_attributes": [],
          "identity_schema_version": 0,
          "private": "eyJlMmJmYjczMC1lY2FhLTExZTYtOGY4OC0zNDM2M2JjN2M0YzAiOnsiY3JlYXRlIjozMDAwMDAwMDAwMDB9LCJzY2hlbWFfdmVyc2lvbiI6IjIifQ==",
          "dependencies": [
            "aws_security_group.frontend",
            "aws_security_group.frontend_lb",
            "aws_vpc.main"
          ]
        }
      ]
    },
    {
      "mode": "managed",
      "type": "aws_security_group_rule",
      "name": "frontend_lb_egress_http",
      "provider": "provider[\"registry.terraform.io/hashicorp/aws\"]",
      "instances": [
        {
          "schema_version": 2,
          "attributes": {
            "cidr_blocks": null,
            "description": null,
            "from_port": 5000,
            "id": "sgrule-3616525066",
            "ipv6_cidr_blocks": null,
            "prefix_list_ids": null,
            "protocol": "tcp",
            "security_group_id": "sg-446fb1899f3f36be0",
            "security_group_rule_id": "sgr-9b741e38d0adefd3e",
            "self": false,
            "source_security_group_id": "sg-446fb1899f3f36be0",
            "timeouts": null,
            "to_port": 5000,
            "type": "egress"
          },
          "sensitive_attributes": [],
          "identity_schema_version": 0,
          "private": "eyJlMmJmYjczMC1lY2FhLTExZTYtOGY4OC0zNDM2M2JjN2M0YzAiOnsiY3JlYXRlIjozMDAwMDAwMDAwMDB9LCJzY2hlbWFfdmVyc2lvbiI6IjIifQ==",
          "dependencies": [
            "aws_security_group.frontend_lb",
            "aws_vpc.main"
          ]
        }
      ]
    },
    {
      "mode": "managed",
      "type": "aws_security_group_rule",
      "name": "frontend_lb_ingress_http",
      "provider": "provider[\"registry.terraform.io/hashicorp/aws\"]",
      "instances": [
        {
          "schema_version": 2,
          "attributes": {
            "cidr_blocks": [
              "0.0.0.0/0"
            ],
            "description": null,
            "from_port": 80,
            "id": "sgrule-2162910873",
            "ipv6_cidr_blocks": null,
            "prefix_list_ids": null,
            "protocol": "tcp",
            "security_group_id": "sg-446fb1899f3f36be0",
            "security_group_rule_id": "sgr-37f5dd3b334816f56",
            "self": false,
            "source_security_group_id": null,
            "timeouts": null,
            "to_port": 80,
            "type": "ingress"
          },
          "sensitive_attributes": [],
          "identity_schema_version": 0,
          "private": "eyJlMmJmYjczMC1lY2FhLTExZTYtOGY4OC0zNDM2M2JjN2M0YzAiOnsiY3JlYXRlIjozMDAwMDAwMDAwMDB9LCJzY2hlbWFfdmVyc2lvbiI6IjIifQ==",
          "dependencies": [
            "aws_security_group.frontend_lb",
            "aws_vpc.main"
          ]
        }
      ]
    },
    {
      "mode": "managed",
      "type": "aws_security_group_rule",
      "name": "frontend_ssh",
      "provider": "provider[\"registry.terraform.io/hashicorp/aws\"]",
      "instances": [
        {
          "schema_version": 2,
          "attributes": {
            "cidr_blocks": [
              "0.0.0.0/0"
            ],
            "description": null,
            "from_port": 22,
            "id": "sgrule-3433265575",
            "ipv6_cidr_blocks": null,
            "prefix_list_ids": null,
            "protocol": "tcp",
            "security_group_id": "sg-281a93b82c8db0adf",
            "security_group_rule_id": "sgr-c17ae429c1fd6361d",
            "self": false,
            "source_security_group_id": null,
            "timeouts": null,
            "to_port": 22,
            "type": "ingress"
          },
          "sensitive_attributes": [],
          "identity_schema_version": 0,
          "private": "eyJlMmJmYjczMC1lY2FhLTExZTYtOGY4OC0zNDM2M2JjN2M0YzAiOnsiY3JlYXRlIjozMDAwMDAwMDAwMDB9LCJzY2hlbWFfdmVyc2lvbiI6IjIifQ==",
          "dependencies": [
            "aws_security_group.frontend",
            "aws_vpc.main"
          ]
        }
      ]
    },
    {
      "mode": "managed",
      "type": "aws_subnet",
      "name": "backend",
      "provider": "provider[\"registry.terraform.io/hashicorp/aws\"]",
      "instances": [
        {
          "index_key": "0",
          "schema_version": 1,
          "attributes": {
            "arn": "arn:aws:ec2:us-east-1:000000000000:subnet/subnet-d38be890d509a5471",
            "assign_ipv6_address_on_creation": false,
            "availability_zone": "us-east-1b",
            "availability_zone_id": "use1-az1",
            "cidr_block": "10.0.2.0/24",
            "customer_owned_ipv4_pool": "",
            "enable_dns64": false,
            "enable_lni_at_device_index": 0,
            "enable_resource_name_dns_a_record_on_launch": false,
            "enable_resource_name_dns_aaaa_record_on_launch": false,
            "id": "subnet-d38be890d509a5471",
            "ipv6_cidr_block": "",
            "ipv6_cidr_block_association_id": "",
            "ipv6_native": false,
            "map_customer_owned_ip_on_launch": false,
            "map_public_ip_on_launch": false,
            "outpost_arn": "",
            "owner_id": "000000000000",
            "private_dns_hostname_type_on_launch": "ip-name",
            "tags": {
              "Name": "fleet-portal-dev-private-subnet",
              "application": "fleet-portal",
              "environment": "dev"
            },
            "tags_all": {
              "Name": "fleet-portal-dev-private-subnet",
              "application": "fleet-portal",
              "environment": "dev"
            },
            "timeouts": null,
            "vpc_id": "vpc-930df0945691ad5b2"
          },
          "sensitive_attributes": [],
          "identity_schema_version": 0,
          "private": "eyJlMmJmYjczMC1lY2FhLTExZTYtOGY4OC0zNDM2M2JjN2M0YzAiOnsiY3JlYXRlIjo2MDAwMDAwMDAwMDAsImRlbGV0ZSI6MTIwMDAwMDAwMDAwMH0sInNjaGVtYV92ZXJzaW9uIjoiMSJ9",
          "dependencies": [
            "aws_vpc.main",
            "data.aws_availability_zones.available",
            "random_shuffle.az"
          ]
        },
        {
          "index_key": "1",
          "schema_version": 1,
          "attributes": {
            "arn": "arn:aws:ec2:us-east-1:000000000000:subnet/subnet-7e73a991dfd77c18a",
            "assign_ipv6_address_on_creation": false,
            "availability_zone": "us-east-1a",
            "availability_zone_id": "use1-az6",
            "cidr_block": "10.0.3.0/24",
            "customer_owned_ipv4_pool": "",
            "enable_dns64": false,
            "enable_lni_at_device_index": 0,
            "enable_resource_name_dns_a_record_on_launch": false,
            "enable_resource_name_dns_aaaa_record_on_launch": false,
            "id": "subnet-7e73a991dfd77c18a",
            "ipv6_cidr_block": "",
            "ipv6_cidr_block_association_id": "",
            "ipv6_native": false,
            "map_customer_owned_ip_on_launch": false,
            "map_public_ip_on_launch": false,
            "outpost_arn": "",
            "owner_id": "000000000000",
            "private_dns_hostname_type_on_launch": "ip-name",
            "tags": {
              "Name": "fleet-portal-dev-private-subnet",
              "application": "fleet-portal",
              "environment": "dev"
            },
            "tags_all": {
              "Name": "fleet-portal-dev-private-subnet",
              "application": "fleet-portal",
              "environment": "dev"
            },
            "timeouts": null,
            "vpc_id": "vpc-930df0945691ad5b2"
          },
          "sensitive_attributes": [],
          "identity_schema_version": 0,
          "private": "eyJlMmJmYjczMC1lY2FhLTExZTYtOGY4OC0zNDM2M2JjN2M0YzAiOnsiY3JlYXRlIjo2MDAwMDAwMDAwMDAsImRlbGV0ZSI6MTIwMDAwMDAwMDAwMH0sInNjaGVtYV92ZXJzaW9uIjoiMSJ9",
          "dependencies": [
            "aws_vpc.main",
            "data.aws_availability_zones.available",
            "random_shuffle.az"
          ]
        }
      ]
    },
    {
      "mode": "managed",
      "type": "aws_subnet",
      "name": "frontend",
      "provider": "provider[\"registry.terraform.io/hashicorp/aws\"]",
      "instances": [
        {
          "index_key": "0",
          "schema_version": 1,
          "attributes": {
            "arn": "arn:aws:ec2:us-east-1:000000000000:subnet/subnet-9b8be13d9ce40dbad",
            "assign_ipv6_address_on_creation": false,
            "availability_zone": "us-east-1b",
            "availability_zone_id": "use1-az1",
            "cidr_block": "10.0.0.0/24",
            "customer_owned_ipv4_pool": "",
            "enable_dns64": false,
            "enable_lni_at_device_index": 0,
            "enable_resource_name_dns_a_record_on_launch": false,
            "enable_resource_name_dns_aaaa_record_on_launch": false,
            "id": "subnet-9b8be13d9ce40dbad",
            "ipv6_cidr_block": "",
            "ipv6_cidr_block_association_id": "",
            "ipv6_native": false,
            "map_customer_owned_ip_on_launch": false,
            "map_public_ip_on_launch": false,
            "outpost_arn": "",
            "owner_id": "000000000000",
            "private_dns_hostname_type_on_launch": "ip-name",
            "tags": {
              "Name": "fleet-portal-dev-public-subnet",
              "application": "fleet-portal",
              "environment": "dev"
            },
            "tags_all": {
              "Name": "fleet-portal-dev-public-subnet",
              "application": "fleet-portal",
              "environment": "dev"
            },
            "timeouts": null,
            "vpc_id": "vpc-930df0945691ad5b2"
          },
          "sensitive_attributes": [],
          "identity_schema_version": 0,
          "private": "eyJlMmJmYjczMC1lY2FhLTExZTYtOGY4OC0zNDM2M2JjN2M0YzAiOnsiY3JlYXRlIjo2MDAwMDAwMDAwMDAsImRlbGV0ZSI6MTIwMDAwMDAwMDAwMH0sInNjaGVtYV92ZXJzaW9uIjoiMSJ9",
          "dependencies": [
            "aws_vpc.main",
            "data.aws_availability_zones.available",
            "random_shuffle.az"
          ]
        },
        {
          "index_key": "1",
          "schema_version": 1,
          "attributes": {
            "arn": "arn:aws:ec2:us-east-1:000000000000:subnet/subnet-d334efbea10adc906",
            "assign_ipv6_address_on_creation": false,
            "availability_zone": "us-east-1a",
            "availability_zone_id": "use1-az6",
            "cidr_block": "10.0.1.0/24",
            "customer_owned_ipv4_pool": "",
            "enable_dns64": false,
            "enable_lni_at_device_index": 0,
            "enable_resource_name_dns_a_record_on_launch": false,
            "enable_resource_name_dns_aaaa_record_on_launch": false,
            "id": "subnet-d334efbea10adc906",
            "ipv6_cidr_block": "",
            "ipv6_cidr_block_association_id": "",
            "ipv6_native": false,
            "map_customer_owned_ip_on_launch": false,
            "map_public_ip_on_launch": false,
            "outpost_arn": "",
            "owner_id": "000000000000",
            "private_dns_hostname_type_on_launch": "ip-name",
            "tags": {
              "Name": "fleet-portal-dev-public-subnet",
              "application": "fleet-portal",
              "environment": "dev"
            },
            "tags_all": {
              "Name": "fleet-portal-dev-public-subnet",
              "application": "fleet-portal",
              "environment": "dev"
            },
            "timeouts": null,
            "vpc_id": "vpc-930df0945691ad5b2"
          },
          "sensitive_attributes": [],
          "identity_schema_version": 0,
          "private": "eyJlMmJmYjczMC1lY2FhLTExZTYtOGY4OC0zNDM2M2JjN2M0YzAiOnsiY3JlYXRlIjo2MDAwMDAwMDAwMDAsImRlbGV0ZSI6MTIwMDAwMDAwMDAwMH0sInNjaGVtYV92ZXJzaW9uIjoiMSJ9",
          "dependencies": [
            "aws_vpc.main",
            "data.aws_availability_zones.available",
            "random_shuffle.az"
          ]
        }
      ]
    },
    {
      "mode": "managed",
      "type": "aws_vpc",
      "name": "main",
      "provider": "provider[\"registry.terraform.io/hashicorp/aws\"]",
      "instances": [
        {
          "schema_version": 1,
          "attributes": {
            "arn": "arn:aws:ec2:us-east-1:000000000000:vpc/vpc-930df0945691ad5b2",
            "assign_generated_ipv6_cidr_block": false,
            "cidr_block": "10.0.0.0/16",
            "default_network_acl_id": "acl-9ec4bdf3a2f90c5ae",
            "default_route_table_id": "rtb-d9ef575c7c6d5a834",
            "default_security_group_id": "sg-a7b96bebcc69cac82",
            "dhcp_options_id": "default",
            "enable_dns_hostnames": false,
            "enable_dns_support": true,
            "enable_network_address_usage_metrics": false,
            "id": "vpc-930df0945691ad5b2",
            "instance_tenancy": "default",
            "ipv4_ipam_pool_id": null,
            "ipv4_netmask_length": null,
            "ipv6_association_id": "",
            "ipv6_cidr_block": "",
            "ipv6_cidr_block_network_border_group": "",
            "ipv6_ipam_pool_id": "",
            "ipv6_netmask_length": 0,
            "main_route_table_id": "rtb-d9ef575c7c6d5a834",
            "owner_id": "000000000000",
            "tags": {
              "Name": "fleet-portal-dev-network",
              "application": "fleet-portal",
              "environment": "dev"
            },
            "tags_all": {
              "Name": "fleet-portal-dev-network",
              "application": "fleet-portal",
              "environment": "dev"
            }
          },
          "sensitive_attributes": [],
          "identity_schema_version": 0,
          "private": "eyJzY2hlbWFfdmVyc2lvbiI6IjEifQ=="
        }
      ]
    },
    {
      "mode": "managed",
      "type": "random_shuffle",
      "name": "az",
      "provider": "provider[\"registry.terraform.io/hashicorp/random\"]",
      "instances": [
        {
          "schema_version": 0,
          "attributes": {
            "id": "-",
            "input": [
              "us-east-1a",
              "us-east-1b",
              "us-east-1c",
              "us-east-1d",
              "us-east-1e",
              "us-east-1f"
            ],
            "keepers": null,
            "result": [
              "us-east-1b",
              "us-east-1a"
            ],
            "result_count": 2,
            "seed": null
          },
          "sensitive_attributes": [],
          "identity_schema_version": 0,
          "dependencies": [
            "data.aws_availability_zones.available"
          ]
        }
      ]
    }
  ],
  "check_results": null
}
