{
  "version": 4,
  "terraform_version": "1.14.7",
  "serial": 2,
  "lineage": "3f1870e1-3767-adfc-8795-cc612c69b8f1",
  "outputs": {
    "private_subnet_cidr": {
      "value": {
        "0": {
          "availability_zone": "us-east-1e",
          "cidr_block": "10.0.2.0/24"
        },
        "1": {
          "availability_zone": "us-east-1f",
          "cidr_block": "10.0.3.0/24"
        }
      },
      "type": [
        "object",
        {
          "0": [
            "object",
            {
              "availability_zone": "string",
              "cidr_block": "string"
            }
          ],
          "1": [
            "object",
            {
              "availability_zone": "string",
              "cidr_block": "string"
            }
          ]
        }
      ]
    },
    "public_subnet_cidr": {
      "value": {
        "0": {
          "availability_zone": "us-east-1e",
          "cidr_block": "10.0.0.0/24"
        },
        "1": {
          "availability_zone": "us-east-1f",
          "cidr_block": "10.0.1.0/24"
        }
      },
      "type": [
        "object",
        {
          "0": [
            "object",
            {
              "availability_zone": "string",
              "cidr_block": "string"
            }
          ],
          "1": [
            "object",
            {
              "availability_zone": "string",
              "cidr_block": "string"
            }
          ]
        }
      ]
    },
    "selected_azs": {
      "value": [
        "us-east-1e",
        "us-east-1f"
      ],
      "type": [
        "list",
        "string"
      ]
    }
  },
  "resources": [
    {
      "mode": "data",
      "type": "aws_availability_zones",
      "name": "available",
      "provider": "provider[\"registry.terraform.io/hashicorp/aws\"]",
      "instances": [
        {
          "schema_version": 0,
          "attributes": {
            "all_availability_zones": null,
            "exclude_names": null,
            "exclude_zone_ids": null,
            "filter": null,
            "group_names": [
              ""
            ],
            "id": "us-east-1",
            "names": [
              "us-east-1a",
              "us-east-1b",
              "us-east-1c",
              "us-east-1d",
              "us-east-1e",
              "us-east-1f"
            ],
            "state": "available",
            "timeouts": null,
            "zone_ids": [
              "use1-az6",
              "use1-az1",
              "use1-az2",
              "use1-az4",
              "use1-az3",
              "use1-az5"
            ]
          },
          "sensitive_attributes": [],
          "identity_schema_version": 0
        }
      ]
    },
    {
      "mode": "managed",
      "type": "random_shuffle",
      "name": "az",
      "provider": "provider[\"registry.terraform.io/hashicorp/random\"]",
      "instances": [
        {
          "schema_version": 0,
          "attributes": {
            "id": "-",
            "input": [
              "us-east-1a",
              "us-east-1b",
              "us-east-1c",
              "us-east-1d",
              "us-east-1e",
              "us-east-1f"
            ],
            "keepers": null,
            "result": [
              "us-east-1e",
              "us-east-1f"
            ],
            "result_count": 2,
            "seed": null
          },
          "sensitive_attributes": [],
          "identity_schema_version": 0,
          "dependencies": [
            "data.aws_availability_zones.available"
          ]
        }
      ]
    }
  ],
  "check_results": null
}
