{
  "version": 4,
  "terraform_version": "1.14.7",
  "serial": 75,
  "lineage": "c936144f-594b-8280-3b3d-6c058eb84546",
  "outputs": {
    "alb_dns_name": {
      "value": "fleet-portal-dev-frontend.elb.localhost.localstack.cloud",
      "type": "string"
    },
    "lb_arn": {
      "value": "arn:aws:elasticloadbalancing:us-east-1:000000000000:loadbalancer/app/fleet-portal-dev-frontend/bd45cf6a5a4fe13a",
      "type": "string"
    },
    "private_subnet_cidr": {
      "value": {
        "0": {
          "availability_zone": "us-east-1c",
          "cidr_block": "10.0.2.0/24"
        },
        "1": {
          "availability_zone": "us-east-1d",
          "cidr_block": "10.0.3.0/24"
        }
      },
      "type": [
        "object",
        {
          "0": [
            "object",
            {
              "availability_zone": "string",
              "cidr_block": "string"
            }
          ],
          "1": [
            "object",
            {
              "availability_zone": "string",
              "cidr_block": "string"
            }
          ]
        }
      ]
    },
    "public_subnet_cidr": {
      "value": {
        "0": {
          "availability_zone": "us-east-1c",
          "cidr_block": "10.0.0.0/24"
        },
        "1": {
          "availability_zone": "us-east-1d",
          "cidr_block": "10.0.1.0/24"
        }
      },
      "type": [
        "object",
        {
          "0": [
            "object",
            {
              "availability_zone": "string",
              "cidr_block": "string"
            }
          ],
          "1": [
            "object",
            {
              "availability_zone": "string",
              "cidr_block": "string"
            }
          ]
        }
      ]
    },
    "selected_azs": {
      "value": [
        "us-east-1c",
        "us-east-1d"
      ],
      "type": [
        "list",
        "string"
      ]
    }
  },
  "resources": [
    {
      "mode": "data",
      "type": "aws_ami",
      "name": "backend",
      "provider": "provider[\"registry.terraform.io/hashicorp/aws\"]",
      "instances": [
        {
          "schema_version": 0,
          "attributes": {
            "architecture": "amd64",
            "arn": "arn:aws:ec2:us-east-1::image/ami-000002",
            "block_device_mappings": [
              {
                "device_name": "/dev/sda1",
                "ebs": {
                  "delete_on_termination": "false",
                  "encrypted": "false",
                  "iops": "0",
                  "snapshot_id": "snap-f99a13b1b48ee1c3f",
                  "throughput": "0",
                  "volume_initialization_rate": "0",
                  "volume_size": "15",
                  "volume_type": "standard"
                },
                "no_device": "",
                "virtual_name": ""
              }
            ],
            "boot_mode": "uefi",
            "creation_date": "2026-03-26T00:21:16.907067005Z",
            "deprecation_time": "",
            "description": "Managed by LocalStack",
            "ena_support": false,
            "executable_users": null,
            "filter": [
              {
                "name": "image-id",
                "values": [
                  "ami-000002"
                ]
              },
              {
                "name": "name",
                "values": [
                  "backend-ami"
                ]
              }
            ],
            "hypervisor": "",
            "id": "ami-000002",
            "image_id": "ami-000002",
            "image_location": "docker",
            "image_owner_alias": "",
            "image_type": "machine",
            "imds_support": "",
            "include_deprecated": false,
            "kernel_id": "",
            "last_launched_time": "",
            "most_recent": true,
            "name": "backend-ami",
            "name_regex": null,
            "owner_id": "000000000000",
            "owners": [
              "self"
            ],
            "platform": "",
            "platform_details": "",
            "product_codes": [],
            "public": true,
            "ramdisk_id": "",
            "root_device_name": "/dev/sda1",
            "root_device_type": "standard",
            "root_snapshot_id": "snap-f99a13b1b48ee1c3f",
            "sriov_net_support": "",
            "state": "available",
            "state_reason": {
              "code": "UNSET",
              "message": "UNSET"
            },
            "tags": {
              "ec2_vm_manager": "docker"
            },
            "timeouts": null,
            "tpm_support": "",
            "uefi_data": null,
            "usage_operation": "",
            "virtualization_type": "hvm"
          },
          "sensitive_attributes": [],
          "identity_schema_version": 0
        }
      ]
    },
    {
      "mode": "data",
      "type": "aws_ami",
      "name": "frontend",
      "provider": "provider[\"registry.terraform.io/hashicorp/aws\"]",
      "instances": [
        {
          "schema_version": 0,
          "attributes": {
            "architecture": "amd64",
            "arn": "arn:aws:ec2:us-east-1::image/ami-000001",
            "block_device_mappings": [
              {
                "device_name": "/dev/sda1",
                "ebs": {
                  "delete_on_termination": "false",
                  "encrypted": "false",
                  "iops": "0",
                  "snapshot_id": "snap-ca29366ee7254c0ee",
                  "throughput": "0",
                  "volume_initialization_rate": "0",
                  "volume_size": "15",
                  "volume_type": "standard"
                },
                "no_device": "",
                "virtual_name": ""
              }
            ],
            "boot_mode": "uefi",
            "creation_date": "2026-03-26T00:25:17.885561651Z",
            "deprecation_time": "",
            "description": "Managed by LocalStack",
            "ena_support": false,
            "executable_users": null,
            "filter": [
              {
                "name": "image-id",
                "values": [
                  "ami-000001"
                ]
              },
              {
                "name": "name",
                "values": [
                  "frontend-ami"
                ]
              }
            ],
            "hypervisor": "",
            "id": "ami-000001",
            "image_id": "ami-000001",
            "image_location": "docker",
            "image_owner_alias": "",
            "image_type": "machine",
            "imds_support": "",
            "include_deprecated": false,
            "kernel_id": "",
            "last_launched_time": "",
            "most_recent": true,
            "name": "frontend-ami",
            "name_regex": null,
            "owner_id": "000000000000",
            "owners": [
              "self"
            ],
            "platform": "",
            "platform_details": "",
            "product_codes": [],
            "public": true,
            "ramdisk_id": "",
            "root_device_name": "/dev/sda1",
            "root_device_type": "standard",
            "root_snapshot_id": "snap-ca29366ee7254c0ee",
            "sriov_net_support": "",
            "state": "available",
            "state_reason": {
              "code": "UNSET",
              "message": "UNSET"
            },
            "tags": {
              "ec2_vm_manager": "docker"
            },
            "timeouts": null,
            "tpm_support": "",
            "uefi_data": null,
            "usage_operation": "",
            "virtualization_type": "hvm"
          },
          "sensitive_attributes": [],
          "identity_schema_version": 0
        }
      ]
    },
    {
      "mode": "data",
      "type": "aws_availability_zones",
      "name": "available",
      "provider": "provider[\"registry.terraform.io/hashicorp/aws\"]",
      "instances": [
        {
          "schema_version": 0,
          "attributes": {
            "all_availability_zones": null,
            "exclude_names": null,
            "exclude_zone_ids": null,
            "filter": null,
            "group_names": [
              ""
            ],
            "id": "us-east-1",
            "names": [
              "us-east-1a",
              "us-east-1b",
              "us-east-1c",
              "us-east-1d",
              "us-east-1e",
              "us-east-1f"
            ],
            "state": "available",
            "timeouts": null,
            "zone_ids": [
              "use1-az6",
              "use1-az1",
              "use1-az2",
              "use1-az4",
              "use1-az3",
              "use1-az5"
            ]
          },
          "sensitive_attributes": [],
          "identity_schema_version": 0
        }
      ]
    },
    {
      "mode": "data",
      "type": "aws_elb_service_account",
      "name": "current",
      "provider": "provider[\"registry.terraform.io/hashicorp/aws\"]",
      "instances": [
        {
          "schema_version": 0,
          "attributes": {
            "arn": "arn:aws:iam::127311923021:root",
            "id": "127311923021",
            "region": null
          },
          "sensitive_attributes": [],
          "identity_schema_version": 0
        }
      ]
    },
    {
      "mode": "data",
      "type": "aws_iam_policy_document",
      "name": "cloudwatch",
      "provider": "provider[\"registry.terraform.io/hashicorp/aws\"]",
      "instances": [
        {
          "schema_version": 0,
          "attributes": {
            "id": "3253318109",
            "json": "{\n  \"Version\": \"2012-10-17\",\n  \"Statement\": [\n    {\n      \"Effect\": \"Allow\",\n      \"Action\": [\n        \"logs:PutLogEvents\",\n        \"logs:DescribeLogStreams\",\n        \"logs:DescribeLogGroups\",\n        \"logs:CreateLogStream\",\n        \"logs:CreateLogGroup\"\n      ],\n      \"Resource\": \"*\"\n    }\n  ]\n}",
            "minified_json": "{\"Version\":\"2012-10-17\",\"Statement\":[{\"Effect\":\"Allow\",\"Action\":[\"logs:PutLogEvents\",\"logs:DescribeLogStreams\",\"logs:DescribeLogGroups\",\"logs:CreateLogStream\",\"logs:CreateLogGroup\"],\"Resource\":\"*\"}]}",
            "override_json": null,
            "override_policy_documents": null,
            "policy_id": null,
            "source_json": null,
            "source_policy_documents": null,
            "statement": [
              {
                "actions": [
                  "logs:CreateLogGroup",
                  "logs:CreateLogStream",
                  "logs:DescribeLogGroups",
                  "logs:DescribeLogStreams",
                  "logs:PutLogEvents"
                ],
                "condition": [],
                "effect": "Allow",
                "not_actions": [],
                "not_principals": [],
                "not_resources": [],
                "principals": [],
                "resources": [
                  "*"
                ],
                "sid": ""
              }
            ],
            "version": "2012-10-17"
          },
          "sensitive_attributes": [],
          "identity_schema_version": 0
        }
      ]
    },
    {
      "mode": "data",
      "type": "aws_iam_policy_document",
      "name": "vpc_assume_role",
      "provider": "provider[\"registry.terraform.io/hashicorp/aws\"]",
      "instances": [
        {
          "schema_version": 0,
          "attributes": {
            "id": "2717921857",
            "json": "{\n  \"Version\": \"2012-10-17\",\n  \"Statement\": [\n    {\n      \"Effect\": \"Allow\",\n      \"Action\": \"sts:AssumeRole\",\n      \"Principal\": {\n        \"Service\": \"vpc-flow-logs.amazonaws.com\"\n      }\n    }\n  ]\n}",
            "minified_json": "{\"Version\":\"2012-10-17\",\"Statement\":[{\"Effect\":\"Allow\",\"Action\":\"sts:AssumeRole\",\"Principal\":{\"Service\":\"vpc-flow-logs.amazonaws.com\"}}]}",
            "override_json": null,
            "override_policy_documents": null,
            "policy_id": null,
            "source_json": null,
            "source_policy_documents": null,
            "statement": [
              {
                "actions": [
                  "sts:AssumeRole"
                ],
                "condition": [],
                "effect": "Allow",
                "not_actions": [],
                "not_principals": [],
                "not_resources": [],
                "principals": [
                  {
                    "identifiers": [
                      "vpc-flow-logs.amazonaws.com"
                    ],
                    "type": "Service"
                  }
                ],
                "resources": [],
                "sid": ""
              }
            ],
            "version": "2012-10-17"
          },
          "sensitive_attributes": [],
          "identity_schema_version": 0
        }
      ]
    },
    {
      "mode": "data",
      "type": "aws_key_pair",
      "name": "main",
      "provider": "provider[\"registry.terraform.io/hashicorp/aws\"]",
      "instances": [
        {
          "schema_version": 0,
          "attributes": {
            "arn": "arn:aws:ec2:us-east-1::key-pair/ec2_vm_manager",
            "create_time": "2026-03-26T00:26:22Z",
            "filter": null,
            "fingerprint": "21:6d:4a:f5:32:fd:75:24:39:76:49:86:b6:cd:da:07:53:81:a1:8c",
            "id": "key-cce3a0098746951d6",
            "include_public_key": false,
            "key_name": "ec2_vm_manager",
            "key_pair_id": "key-cce3a0098746951d6",
            "key_type": "",
            "public_key": "",
            "tags": {},
            "timeouts": null
          },
          "sensitive_attributes": [],
          "identity_schema_version": 0
        }
      ]
    },
    {
      "mode": "data",
      "type": "cloudinit_config",
      "name": "backend",
      "provider": "provider[\"registry.terraform.io/hashicorp/cloudinit\"]",
      "instances": [
        {
          "schema_version": 0,
          "attributes": {
            "base64_encode": true,
            "boundary": "MIMEBOUNDARY",
            "gzip": true,
            "id": "1027901430",
            "part": [
              {
                "content": "IyEvYmluL2Jhc2gKIy92YXIvd3d3L215Ymxhem9yYXBwL0ZsZWV0QVBJCmxzIC8=",
                "content_type": "text/x-shellscript",
                "filename": null,
                "merge_type": null
              }
            ],
            "rendered": "H4sIAAAAAAAA/2SOQU+DMBiG7036H8judYzF6DA7CHLoBI1Gcd2N0c/RhBbSfszWX2/0YIge3+TJ+zz5YBAMspcwQhrpqUc1NhaXWnmQN9FxmIxsbNguKl4V2ePrw93ts1iQ78VqsE4NJo1WFzEllDA2hyj5/baNce9gWWHaQSpzSqOro8IZ8CNH8Lj0zHXQ9661akRKKqXhn4eH4ix0P5XJrmuT0z0Pm0Ts+Vmu5bpMVpdC+w70Joh99lHGB3d4q+OnOtvl2n/y/Hr7t5QxSr4CAAD//5igiFAIAQAA"
          },
          "sensitive_attributes": [],
          "identity_schema_version": 0
        }
      ]
    },
    {
      "mode": "data",
      "type": "cloudinit_config",
      "name": "frontend",
      "provider": "provider[\"registry.terraform.io/hashicorp/cloudinit\"]",
      "instances": [
        {
          "schema_version": 0,
          "attributes": {
            "base64_encode": true,
            "boundary": "MIMEBOUNDARY",
            "gzip": true,
            "id": "4276160561",
            "part": [
              {
                "content": "IyEvYmluL2Jhc2gKIy92YXIvd3d3L215Ymxhem9yYXBwL0ZsZWV0UG9ydGFsCmxzIC8=",
                "content_type": "text/x-shellscript",
                "filename": null,
                "merge_type": null
              }
            ],
            "rendered": "H4sIAAAAAAAA/2SOQUvDMBiG74H8h7J7XNch2soOrtYRbRXEzWW3rvlcA01akq8z8deLHqTo8YWH93ny3iAYZK9hgCzSY4dqqC3OtfIgb6JjPxpZ27CaVbwq1s/bp7vbFzEj34vtwDrVmyxaXMSUUMLYFKLk99vWxr2DZYVpeqnMKYuujgonwI8cwePcM9dC17nGqgEpqZSGfx4eirPQ3VgmD22TnB55SBOx52e5lMsyWVwK7VvQaRD79UcZH9zhbRdvN2mQm3uXa//J8+vV31rGKPkKAAD//xFVczEMAQAA"
          },
          "sensitive_attributes": [],
          "identity_schema_version": 0
        }
      ]
    },
    {
      "mode": "managed",
      "type": "aws_acm_certificate",
      "name": "main",
      "provider": "provider[\"registry.terraform.io/hashicorp/aws\"]",
      "instances": [
        {
          "schema_version": 0,
          "attributes": {
            "arn": "arn:aws:acm:us-east-1:000000000000:certificate/fbd06204-d210-49c9-a440-d6104acab852",
            "certificate_authority_arn": "",
            "certificate_body": null,
            "certificate_chain": null,
            "domain_name": "localhost.localstack.cloud",
            "domain_validation_options": [
              {
                "domain_name": "localhost.localstack.cloud",
                "resource_record_name": "_d930b28be6c5927595552b219965053e.localhost.localstack.cloud.",
                "resource_record_type": "CNAME",
                "resource_record_value": "_c9edd76ee4a0e2a74388032f3861cc50.ykybfrwcxw.acm-validations.aws."
              }
            ],
            "early_renewal_duration": "",
            "id": "arn:aws:acm:us-east-1:000000000000:certificate/fbd06204-d210-49c9-a440-d6104acab852",
            "key_algorithm": "RSA_2048",
            "not_after": "",
            "not_before": "",
            "options": [
              {
                "certificate_transparency_logging_preference": "ENABLED"
              }
            ],
            "pending_renewal": false,
            "private_key": null,
            "renewal_eligibility": "INELIGIBLE",
            "renewal_summary": [],
            "status": "PENDING_VALIDATION",
            "subject_alternative_names": [
              "localhost.localstack.cloud"
            ],
            "tags": null,
            "tags_all": {},
            "type": "AMAZON_ISSUED",
            "validation_emails": [],
            "validation_method": "DNS",
            "validation_option": []
          },
          "sensitive_attributes": [
            [
              {
                "type": "get_attr",
                "value": "private_key"
              }
            ]
          ],
          "identity_schema_version": 0,
          "private": "bnVsbA=="
        }
      ]
    },
    {
      "mode": "managed",
      "type": "aws_cloudwatch_log_group",
      "name": "vpc",
      "provider": "provider[\"registry.terraform.io/hashicorp/aws\"]",
      "instances": [
        {
          "schema_version": 0,
          "attributes": {
            "arn": "arn:aws:logs:us-east-1:000000000000:log-group:fleet-portal-dev-network",
            "id": "fleet-portal-dev-network",
            "kms_key_id": "",
            "log_group_class": "STANDARD",
            "name": "fleet-portal-dev-network",
            "name_prefix": "",
            "retention_in_days": 0,
            "skip_destroy": false,
            "tags": null,
            "tags_all": {}
          },
          "sensitive_attributes": [],
          "identity_schema_version": 0,
          "private": "bnVsbA=="
        }
      ]
    },
    {
      "mode": "managed",
      "type": "aws_eip",
      "name": "frontend",
      "provider": "provider[\"registry.terraform.io/hashicorp/aws\"]",
      "instances": [
        {
          "index_key": "0",
          "schema_version": 0,
          "attributes": {
            "address": null,
            "allocation_id": "eipalloc-be0a714c1361a8f6e",
            "arn": "arn:aws:ec2:us-east-1::elastic-ip/eipalloc-be0a714c1361a8f6e",
            "associate_with_private_ip": null,
            "association_id": "eipassoc-c4c5d676dc2707d03",
            "carrier_ip": "",
            "customer_owned_ip": "",
            "customer_owned_ipv4_pool": "",
            "domain": "vpc",
            "id": "eipalloc-be0a714c1361a8f6e",
            "instance": "i-93fa988fa90104c0b",
            "ipam_pool_id": null,
            "network_border_group": "",
            "network_interface": "eni-767aa9c6014a51af8",
            "private_dns": "ip-10-0-0-54.ec2.internal",
            "private_ip": "10.0.0.54",
            "ptr_record": "",
            "public_dns": "ec2-127-94-235-183.compute-1.amazonaws.com",
            "public_ip": "127.94.235.183",
            "public_ipv4_pool": "",
            "tags": null,
            "tags_all": {},
            "timeouts": null,
            "vpc": true
          },
          "sensitive_attributes": [],
          "identity_schema_version": 0,
          "private": "eyJlMmJmYjczMC1lY2FhLTExZTYtOGY4OC0zNDM2M2JjN2M0YzAiOnsiZGVsZXRlIjoxODAwMDAwMDAwMDAsInJlYWQiOjkwMDAwMDAwMDAwMCwidXBkYXRlIjozMDAwMDAwMDAwMDB9fQ==",
          "dependencies": [
            "aws_instance.frontend",
            "aws_network_interface.frontend",
            "aws_subnet.frontend",
            "aws_vpc.main",
            "data.aws_ami.frontend",
            "data.aws_availability_zones.available",
            "data.aws_key_pair.main",
            "random_shuffle.az"
          ]
        },
        {
          "index_key": "1",
          "schema_version": 0,
          "attributes": {
            "address": null,
            "allocation_id": "eipalloc-2f17771ba9e256208",
            "arn": "arn:aws:ec2:us-east-1::elastic-ip/eipalloc-2f17771ba9e256208",
            "associate_with_private_ip": null,
            "association_id": "eipassoc-a97b866a7c07eb9ce",
            "carrier_ip": "",
            "customer_owned_ip": "",
            "customer_owned_ipv4_pool": "",
            "domain": "vpc",
            "id": "eipalloc-2f17771ba9e256208",
            "instance": "i-5b9c20ae5af06f121",
            "ipam_pool_id": null,
            "network_border_group": "",
            "network_interface": "eni-22da7a4b595695141",
            "private_dns": "ip-10-0-1-222.ec2.internal",
            "private_ip": "10.0.1.222",
            "ptr_record": "",
            "public_dns": "ec2-127-73-187-96.compute-1.amazonaws.com",
            "public_ip": "127.73.187.96",
            "public_ipv4_pool": "",
            "tags": null,
            "tags_all": {},
            "timeouts": null,
            "vpc": true
          },
          "sensitive_attributes": [],
          "identity_schema_version": 0,
          "private": "eyJlMmJmYjczMC1lY2FhLTExZTYtOGY4OC0zNDM2M2JjN2M0YzAiOnsiZGVsZXRlIjoxODAwMDAwMDAwMDAsInJlYWQiOjkwMDAwMDAwMDAwMCwidXBkYXRlIjozMDAwMDAwMDAwMDB9fQ==",
          "dependencies": [
            "aws_instance.frontend",
            "aws_network_interface.frontend",
            "aws_subnet.frontend",
            "aws_vpc.main",
            "data.aws_ami.frontend",
            "data.aws_availability_zones.available",
            "data.aws_key_pair.main",
            "random_shuffle.az"
          ]
        }
      ]
    },
    {
      "mode": "managed",
      "type": "aws_eip",
      "name": "nat",
      "provider": "provider[\"registry.terraform.io/hashicorp/aws\"]",
      "instances": [
        {
          "index_key": "0",
          "schema_version": 0,
          "attributes": {
            "address": null,
            "allocation_id": "eipalloc-82f5855bcbb72f114",
            "arn": "arn:aws:ec2:us-east-1::elastic-ip/eipalloc-82f5855bcbb72f114",
            "associate_with_private_ip": null,
            "association_id": "",
            "carrier_ip": "",
            "customer_owned_ip": "",
            "customer_owned_ipv4_pool": "",
            "domain": "vpc",
            "id": "eipalloc-82f5855bcbb72f114",
            "instance": "",
            "ipam_pool_id": null,
            "network_border_group": "",
            "network_interface": "",
            "private_dns": null,
            "private_ip": "",
            "ptr_record": "",
            "public_dns": "ec2-127-16-48-5.compute-1.amazonaws.com",
            "public_ip": "127.16.48.5",
            "public_ipv4_pool": "",
            "tags": null,
            "tags_all": {},
            "timeouts": null,
            "vpc": true
          },
          "sensitive_attributes": [],
          "identity_schema_version": 0,
          "private": "eyJlMmJmYjczMC1lY2FhLTExZTYtOGY4OC0zNDM2M2JjN2M0YzAiOnsiZGVsZXRlIjoxODAwMDAwMDAwMDAsInJlYWQiOjkwMDAwMDAwMDAwMCwidXBkYXRlIjozMDAwMDAwMDAwMDB9fQ==",
          "dependencies": [
            "data.aws_availability_zones.available",
            "random_shuffle.az"
          ]
        },
        {
          "index_key": "1",
          "schema_version": 0,
          "attributes": {
            "address": null,
            "allocation_id": "eipalloc-8f826fa979f60e6f7",
            "arn": "arn:aws:ec2:us-east-1::elastic-ip/eipalloc-8f826fa979f60e6f7",
            "associate_with_private_ip": null,
            "association_id": "",
            "carrier_ip": "",
            "customer_owned_ip": "",
            "customer_owned_ipv4_pool": "",
            "domain": "vpc",
            "id": "eipalloc-8f826fa979f60e6f7",
            "instance": "",
            "ipam_pool_id": null,
            "network_border_group": "",
            "network_interface": "",
            "private_dns": null,
            "private_ip": "",
            "ptr_record": "",
            "public_dns": "ec2-127-1-216-176.compute-1.amazonaws.com",
            "public_ip": "127.1.216.176",
            "public_ipv4_pool": "",
            "tags": null,
            "tags_all": {},
            "timeouts": null,
            "vpc": true
          },
          "sensitive_attributes": [],
          "identity_schema_version": 0,
          "private": "eyJlMmJmYjczMC1lY2FhLTExZTYtOGY4OC0zNDM2M2JjN2M0YzAiOnsiZGVsZXRlIjoxODAwMDAwMDAwMDAsInJlYWQiOjkwMDAwMDAwMDAwMCwidXBkYXRlIjozMDAwMDAwMDAwMDB9fQ==",
          "dependencies": [
            "data.aws_availability_zones.available",
            "random_shuffle.az"
          ]
        }
      ]
    },
    {
      "mode": "managed",
      "type": "aws_flow_log",
      "name": "main",
      "provider": "provider[\"registry.terraform.io/hashicorp/aws\"]",
      "instances": [
        {
          "schema_version": 0,
          "attributes": {
            "arn": "arn:aws:ec2:us-east-1::vpc-flow-log/fl-84e259638df8f5a64",
            "deliver_cross_account_role": "",
            "destination_options": [],
            "eni_id": null,
            "iam_role_arn": "arn:aws:iam::000000000000:role/fleet-portal-dev-network",
            "id": "fl-84e259638df8f5a64",
            "log_destination": "arn:aws:logs:us-east-1:000000000000:log-group:fleet-portal-dev-network",
            "log_destination_type": "cloud-watch-logs",
            "log_format": "${version} ${account-id} ${interface-id} ${srcaddr} ${dstaddr} ${srcport} ${dstport} ${protocol} ${packets} ${bytes} ${start} ${end} ${action} ${log-status}",
            "log_group_name": "",
            "max_aggregation_interval": 600,
            "subnet_id": null,
            "tags": null,
            "tags_all": {},
            "traffic_type": "ALL",
            "transit_gateway_attachment_id": null,
            "transit_gateway_id": null,
            "vpc_id": "vpc-e3066d3a38dae6dbc"
          },
          "sensitive_attributes": [],
          "identity_schema_version": 0,
          "private": "bnVsbA==",
          "dependencies": [
            "aws_cloudwatch_log_group.vpc",
            "aws_iam_role.vpc",
            "aws_vpc.main",
            "data.aws_iam_policy_document.vpc_assume_role"
          ]
        }
      ]
    },
    {
      "mode": "managed",
      "type": "aws_iam_instance_profile",
      "name": "backend_profile",
      "provider": "provider[\"registry.terraform.io/hashicorp/aws\"]",
      "instances": [
        {
          "schema_version": 0,
          "attributes": {
            "arn": "arn:aws:iam::000000000000:instance-profile/fleet-portal-dev-iam-instance-profile-ec2-backend",
            "create_date": "2026-03-26T00:26:47Z",
            "id": "fleet-portal-dev-iam-instance-profile-ec2-backend",
            "name": "fleet-portal-dev-iam-instance-profile-ec2-backend",
            "name_prefix": "",
            "path": "/",
            "role": "fleet-portal-dev-iam-role-ec2-backend",
            "tags": null,
            "tags_all": {},
            "unique_id": "AIPAQAAAAAAACQOXC4GEY"
          },
          "sensitive_attributes": [],
          "identity_schema_version": 0,
          "private": "bnVsbA==",
          "dependencies": [
            "aws_iam_role.backend"
          ]
        }
      ]
    },
    {
      "mode": "managed",
      "type": "aws_iam_role",
      "name": "backend",
      "provider": "provider[\"registry.terraform.io/hashicorp/aws\"]",
      "instances": [
        {
          "schema_version": 0,
          "attributes": {
            "arn": "arn:aws:iam::000000000000:role/fleet-portal-dev-iam-role-ec2-backend",
            "assume_role_policy": "{\"Statement\":[{\"Action\":\"sts:AssumeRole\",\"Effect\":\"Allow\",\"Principal\":{\"Service\":\"ec2.amazonaws.com\"},\"Sid\":\"\"}],\"Version\":\"2012-10-17\"}",
            "create_date": "2026-03-26T00:26:46Z",
            "description": "",
            "force_detach_policies": false,
            "id": "fleet-portal-dev-iam-role-ec2-backend",
            "inline_policy": [],
            "managed_policy_arns": [],
            "max_session_duration": 3600,
            "name": "fleet-portal-dev-iam-role-ec2-backend",
            "name_prefix": "",
            "path": "/",
            "permissions_boundary": "",
            "tags": null,
            "tags_all": {},
            "unique_id": "AROAQAAAAAAANFZZ7RTY5"
          },
          "sensitive_attributes": [],
          "identity_schema_version": 0,
          "private": "bnVsbA=="
        }
      ]
    },
    {
      "mode": "managed",
      "type": "aws_iam_role",
      "name": "vpc",
      "provider": "provider[\"registry.terraform.io/hashicorp/aws\"]",
      "instances": [
        {
          "schema_version": 0,
          "attributes": {
            "arn": "arn:aws:iam::000000000000:role/fleet-portal-dev-network",
            "assume_role_policy": "{\"Statement\":[{\"Action\":\"sts:AssumeRole\",\"Effect\":\"Allow\",\"Principal\":{\"Service\":\"vpc-flow-logs.amazonaws.com\"}}],\"Version\":\"2012-10-17\"}",
            "create_date": "2026-03-26T00:26:46Z",
            "description": "",
            "force_detach_policies": false,
            "id": "fleet-portal-dev-network",
            "inline_policy": [],
            "managed_policy_arns": [],
            "max_session_duration": 3600,
            "name": "fleet-portal-dev-network",
            "name_prefix": "",
            "path": "/",
            "permissions_boundary": "",
            "tags": null,
            "tags_all": {},
            "unique_id": "AROAQAAAAAAAHHI4PJSYK"
          },
          "sensitive_attributes": [],
          "identity_schema_version": 0,
          "private": "bnVsbA==",
          "dependencies": [
            "data.aws_iam_policy_document.vpc_assume_role"
          ]
        }
      ]
    },
    {
      "mode": "managed",
      "type": "aws_iam_role_policy",
      "name": "backend",
      "provider": "provider[\"registry.terraform.io/hashicorp/aws\"]",
      "instances": [
        {
          "schema_version": 0,
          "attributes": {
            "id": "fleet-portal-dev-iam-role-ec2-backend:fleet-portal-dev-iam-role-policy-ec2-backend",
            "name": "fleet-portal-dev-iam-role-policy-ec2-backend",
            "name_prefix": "",
            "policy": "{\"Version\":\"2012-10-17\",\"Statement\":[{\"Action\":[\"secretsmanager:GetSecretValue\"],\"Effect\":\"Allow\",\"Resource\":\"arn:aws:secretsmanager:secret:fleet-portal/dev/*\"},{\"Action\":[\"s3:*\"],\"Effect\":\"Allow\",\"Resource\":\"*\"}]}",
            "role": "fleet-portal-dev-iam-role-ec2-backend"
          },
          "sensitive_attributes": [],
          "identity_schema_version": 0,
          "private": "bnVsbA==",
          "dependencies": [
            "aws_iam_role.backend"
          ]
        }
      ]
    },
    {
      "mode": "managed",
      "type": "aws_iam_role_policy",
      "name": "cloudwatch",
      "provider": "provider[\"registry.terraform.io/hashicorp/aws\"]",
      "instances": [
        {
          "schema_version": 0,
          "attributes": {
            "id": "fleet-portal-dev-network:fleet-portal-dev-network-cloudwatch",
            "name": "fleet-portal-dev-network-cloudwatch",
            "name_prefix": "",
            "policy": "{\"Version\":\"2012-10-17\",\"Statement\":[{\"Action\":[\"logs:PutLogEvents\",\"logs:DescribeLogStreams\",\"logs:DescribeLogGroups\",\"logs:CreateLogStream\",\"logs:CreateLogGroup\"],\"Effect\":\"Allow\",\"Resource\":\"*\"}]}",
            "role": "fleet-portal-dev-network"
          },
          "sensitive_attributes": [],
          "identity_schema_version": 0,
          "private": "bnVsbA==",
          "dependencies": [
            "aws_iam_role.vpc",
            "data.aws_iam_policy_document.cloudwatch",
            "data.aws_iam_policy_document.vpc_assume_role"
          ]
        }
      ]
    },
    {
      "mode": "managed",
      "type": "aws_instance",
      "name": "backend",
      "provider": "provider[\"registry.terraform.io/hashicorp/aws\"]",
      "instances": [
        {
          "index_key": "0",
          "schema_version": 1,
          "attributes": {
            "ami": "ami-000002",
            "arn": "arn:aws:ec2:us-east-1::instance/i-9b98d777e268ffb11",
            "associate_public_ip_address": true,
            "availability_zone": "us-east-1a",
            "capacity_reservation_specification": [],
            "cpu_core_count": null,
            "cpu_options": [],
            "cpu_threads_per_core": null,
            "credit_specification": [
              {
                "cpu_credits": "standard"
              }
            ],
            "disable_api_stop": false,
            "disable_api_termination": false,
            "ebs_block_device": [],
            "ebs_optimized": false,
            "enable_primary_ipv6": null,
            "enclave_options": [],
            "ephemeral_block_device": [],
            "get_password_data": false,
            "hibernation": false,
            "host_id": "",
            "host_resource_group_arn": null,
            "iam_instance_profile": "",
            "id": "i-9b98d777e268ffb11",
            "instance_initiated_shutdown_behavior": "stop",
            "instance_lifecycle": "",
            "instance_market_options": [],
            "instance_state": "running",
            "instance_type": "t2.small",
            "ipv6_address_count": 0,
            "ipv6_addresses": [],
            "key_name": "ec2_vm_manager",
            "launch_template": [],
            "maintenance_options": [],
            "metadata_options": [
              {
                "http_endpoint": "enabled",
                "http_protocol_ipv6": "disabled",
                "http_put_response_hop_limit": 1,
                "http_tokens": "optional",
                "instance_metadata_tags": "disabled"
              }
            ],
            "monitoring": false,
            "network_interface": [
              {
                "delete_on_termination": false,
                "device_index": 0,
                "network_card_index": 0,
                "network_interface_id": "eni-886b70e543f3f7292"
              }
            ],
            "outpost_arn": "",
            "password_data": "",
            "placement_group": "",
            "placement_partition_number": 0,
            "primary_network_interface_id": "eni-886b70e543f3f7292",
            "private_dns": "ip-10-0-2-33.ec2.internal",
            "private_dns_name_options": [],
            "private_ip": "10.0.2.33",
            "public_dns": "ec2-172-18-0-6.localhost.localstack.cloud",
            "public_ip": "172.18.0.6",
            "root_block_device": [
              {
                "delete_on_termination": true,
                "device_name": "/dev/sda1",
                "encrypted": false,
                "iops": 0,
                "kms_key_id": "",
                "tags": {},
                "tags_all": {},
                "throughput": 0,
                "volume_id": "vol-f2428697d9cfd8090",
                "volume_size": 8,
                "volume_type": "gp2"
              }
            ],
            "secondary_private_ips": [],
            "security_groups": [],
            "source_dest_check": true,
            "spot_instance_request_id": "",
            "subnet_id": "subnet-f99534254655515de",
            "tags": {
              "Name": "fleet-portal-dev-backend-vm",
              "application": "fleet-portal",
              "environment": "dev"
            },
            "tags_all": {
              "Name": "fleet-portal-dev-backend-vm",
              "application": "fleet-portal",
              "environment": "dev"
            },
            "tenancy": "default",
            "timeouts": null,
            "user_data": "fbc9e6fd813f5ba6df6624194f91e883c794b5db",
            "user_data_base64": null,
            "user_data_replace_on_change": false,
            "volume_tags": null,
            "vpc_security_group_ids": []
          },
          "sensitive_attributes": [],
          "identity_schema_version": 0,
          "private": "eyJlMmJmYjczMC1lY2FhLTExZTYtOGY4OC0zNDM2M2JjN2M0YzAiOnsiY3JlYXRlIjo2MDAwMDAwMDAwMDAsImRlbGV0ZSI6MTIwMDAwMDAwMDAwMCwicmVhZCI6OTAwMDAwMDAwMDAwLCJ1cGRhdGUiOjYwMDAwMDAwMDAwMH0sInNjaGVtYV92ZXJzaW9uIjoiMSJ9",
          "dependencies": [
            "aws_network_interface.backend",
            "aws_subnet.backend",
            "aws_vpc.main",
            "data.aws_ami.backend",
            "data.aws_availability_zones.available",
            "data.aws_key_pair.main",
            "random_shuffle.az"
          ]
        },
        {
          "index_key": "1",
          "schema_version": 1,
          "attributes": {
            "ami": "ami-000002",
            "arn": "arn:aws:ec2:us-east-1::instance/i-7d698eb10118fe7dd",
            "associate_public_ip_address": true,
            "availability_zone": "us-east-1a",
            "capacity_reservation_specification": [],
            "cpu_core_count": null,
            "cpu_options": [],
            "cpu_threads_per_core": null,
            "credit_specification": [
              {
                "cpu_credits": "standard"
              }
            ],
            "disable_api_stop": false,
            "disable_api_termination": false,
            "ebs_block_device": [],
            "ebs_optimized": false,
            "enable_primary_ipv6": null,
            "enclave_options": [],
            "ephemeral_block_device": [],
            "get_password_data": false,
            "hibernation": false,
            "host_id": "",
            "host_resource_group_arn": null,
            "iam_instance_profile": "",
            "id": "i-7d698eb10118fe7dd",
            "instance_initiated_shutdown_behavior": "stop",
            "instance_lifecycle": "",
            "instance_market_options": [],
            "instance_state": "running",
            "instance_type": "t2.small",
            "ipv6_address_count": 0,
            "ipv6_addresses": [],
            "key_name": "ec2_vm_manager",
            "launch_template": [],
            "maintenance_options": [],
            "metadata_options": [
              {
                "http_endpoint": "enabled",
                "http_protocol_ipv6": "disabled",
                "http_put_response_hop_limit": 1,
                "http_tokens": "optional",
                "instance_metadata_tags": "disabled"
              }
            ],
            "monitoring": false,
            "network_interface": [
              {
                "delete_on_termination": false,
                "device_index": 0,
                "network_card_index": 0,
                "network_interface_id": "eni-aaa03afff77d49d5b"
              }
            ],
            "outpost_arn": "",
            "password_data": "",
            "placement_group": "",
            "placement_partition_number": 0,
            "primary_network_interface_id": "eni-aaa03afff77d49d5b",
            "private_dns": "ip-10-0-3-62.ec2.internal",
            "private_dns_name_options": [],
            "private_ip": "10.0.3.62",
            "public_dns": "ec2-172-18-0-5.localhost.localstack.cloud",
            "public_ip": "172.18.0.5",
            "root_block_device": [
              {
                "delete_on_termination": true,
                "device_name": "/dev/sda1",
                "encrypted": false,
                "iops": 0,
                "kms_key_id": "",
                "tags": {},
                "tags_all": {},
                "throughput": 0,
                "volume_id": "vol-09b91990e1e871104",
                "volume_size": 8,
                "volume_type": "gp2"
              }
            ],
            "secondary_private_ips": [],
            "security_groups": [],
            "source_dest_check": true,
            "spot_instance_request_id": "",
            "subnet_id": "subnet-504f4f4179bda3bc6",
            "tags": {
              "Name": "fleet-portal-dev-backend-vm",
              "application": "fleet-portal",
              "environment": "dev"
            },
            "tags_all": {
              "Name": "fleet-portal-dev-backend-vm",
              "application": "fleet-portal",
              "environment": "dev"
            },
            "tenancy": "default",
            "timeouts": null,
            "user_data": "fbc9e6fd813f5ba6df6624194f91e883c794b5db",
            "user_data_base64": null,
            "user_data_replace_on_change": false,
            "volume_tags": null,
            "vpc_security_group_ids": []
          },
          "sensitive_attributes": [],
          "identity_schema_version": 0,
          "private": "eyJlMmJmYjczMC1lY2FhLTExZTYtOGY4OC0zNDM2M2JjN2M0YzAiOnsiY3JlYXRlIjo2MDAwMDAwMDAwMDAsImRlbGV0ZSI6MTIwMDAwMDAwMDAwMCwicmVhZCI6OTAwMDAwMDAwMDAwLCJ1cGRhdGUiOjYwMDAwMDAwMDAwMH0sInNjaGVtYV92ZXJzaW9uIjoiMSJ9",
          "dependencies": [
            "aws_network_interface.backend",
            "aws_subnet.backend",
            "aws_vpc.main",
            "data.aws_ami.backend",
            "data.aws_availability_zones.available",
            "data.aws_key_pair.main",
            "random_shuffle.az"
          ]
        }
      ]
    },
    {
      "mode": "managed",
      "type": "aws_instance",
      "name": "frontend",
      "provider": "provider[\"registry.terraform.io/hashicorp/aws\"]",
      "instances": [
        {
          "index_key": "0",
          "schema_version": 1,
          "attributes": {
            "ami": "ami-000001",
            "arn": "arn:aws:ec2:us-east-1::instance/i-93fa988fa90104c0b",
            "associate_public_ip_address": true,
            "availability_zone": "us-east-1a",
            "capacity_reservation_specification": [],
            "cpu_core_count": null,
            "cpu_options": [],
            "cpu_threads_per_core": null,
            "credit_specification": [
              {
                "cpu_credits": "standard"
              }
            ],
            "disable_api_stop": false,
            "disable_api_termination": false,
            "ebs_block_device": [],
            "ebs_optimized": false,
            "enable_primary_ipv6": null,
            "enclave_options": [],
            "ephemeral_block_device": [],
            "get_password_data": false,
            "hibernation": false,
            "host_id": "",
            "host_resource_group_arn": null,
            "iam_instance_profile": "",
            "id": "i-93fa988fa90104c0b",
            "instance_initiated_shutdown_behavior": "stop",
            "instance_lifecycle": "",
            "instance_market_options": [],
            "instance_state": "running",
            "instance_type": "t2.small",
            "ipv6_address_count": 0,
            "ipv6_addresses": [],
            "key_name": "ec2_vm_manager",
            "launch_template": [],
            "maintenance_options": [],
            "metadata_options": [
              {
                "http_endpoint": "enabled",
                "http_protocol_ipv6": "disabled",
                "http_put_response_hop_limit": 1,
                "http_tokens": "optional",
                "instance_metadata_tags": "disabled"
              }
            ],
            "monitoring": false,
            "network_interface": [
              {
                "delete_on_termination": false,
                "device_index": 0,
                "network_card_index": 0,
                "network_interface_id": "eni-767aa9c6014a51af8"
              }
            ],
            "outpost_arn": "",
            "password_data": "",
            "placement_group": "",
            "placement_partition_number": 0,
            "primary_network_interface_id": "eni-767aa9c6014a51af8",
            "private_dns": "ip-10-0-0-54.ec2.internal",
            "private_dns_name_options": [],
            "private_ip": "10.0.0.54",
            "public_dns": "ec2-172-18-0-4.localhost.localstack.cloud",
            "public_ip": "172.18.0.4",
            "root_block_device": [
              {
                "delete_on_termination": true,
                "device_name": "/dev/sda1",
                "encrypted": false,
                "iops": 0,
                "kms_key_id": "",
                "tags": {},
                "tags_all": {},
                "throughput": 0,
                "volume_id": "vol-da1c6da29a1803d6f",
                "volume_size": 8,
                "volume_type": "gp2"
              }
            ],
            "secondary_private_ips": [],
            "security_groups": [],
            "source_dest_check": true,
            "spot_instance_request_id": "",
            "subnet_id": "subnet-f691b2486cee0a2aa",
            "tags": {
              "Name": "fleet-portal-dev-frontend-vm",
              "application": "fleet-portal",
              "environment": "dev"
            },
            "tags_all": {
              "Name": "fleet-portal-dev-frontend-vm",
              "application": "fleet-portal",
              "environment": "dev"
            },
            "tenancy": "default",
            "timeouts": null,
            "user_data": "f537cbfa84f3d2196fd8c5eab5cf7f6c40997f12",
            "user_data_base64": null,
            "user_data_replace_on_change": false,
            "volume_tags": null,
            "vpc_security_group_ids": []
          },
          "sensitive_attributes": [],
          "identity_schema_version": 0,
          "private": "eyJlMmJmYjczMC1lY2FhLTExZTYtOGY4OC0zNDM2M2JjN2M0YzAiOnsiY3JlYXRlIjo2MDAwMDAwMDAwMDAsImRlbGV0ZSI6MTIwMDAwMDAwMDAwMCwicmVhZCI6OTAwMDAwMDAwMDAwLCJ1cGRhdGUiOjYwMDAwMDAwMDAwMH0sInNjaGVtYV92ZXJzaW9uIjoiMSJ9",
          "dependencies": [
            "aws_network_interface.frontend",
            "aws_subnet.frontend",
            "aws_vpc.main",
            "data.aws_ami.frontend",
            "data.aws_availability_zones.available",
            "data.aws_key_pair.main",
            "random_shuffle.az"
          ]
        },
        {
          "index_key": "1",
          "schema_version": 1,
          "attributes": {
            "ami": "ami-000001",
            "arn": "arn:aws:ec2:us-east-1::instance/i-5b9c20ae5af06f121",
            "associate_public_ip_address": true,
            "availability_zone": "us-east-1a",
            "capacity_reservation_specification": [],
            "cpu_core_count": null,
            "cpu_options": [],
            "cpu_threads_per_core": null,
            "credit_specification": [
              {
                "cpu_credits": "standard"
              }
            ],
            "disable_api_stop": false,
            "disable_api_termination": false,
            "ebs_block_device": [],
            "ebs_optimized": false,
            "enable_primary_ipv6": null,
            "enclave_options": [],
            "ephemeral_block_device": [],
            "get_password_data": false,
            "hibernation": false,
            "host_id": "",
            "host_resource_group_arn": null,
            "iam_instance_profile": "",
            "id": "i-5b9c20ae5af06f121",
            "instance_initiated_shutdown_behavior": "stop",
            "instance_lifecycle": "",
            "instance_market_options": [],
            "instance_state": "running",
            "instance_type": "t2.small",
            "ipv6_address_count": 0,
            "ipv6_addresses": [],
            "key_name": "ec2_vm_manager",
            "launch_template": [],
            "maintenance_options": [],
            "metadata_options": [
              {
                "http_endpoint": "enabled",
                "http_protocol_ipv6": "disabled",
                "http_put_response_hop_limit": 1,
                "http_tokens": "optional",
                "instance_metadata_tags": "disabled"
              }
            ],
            "monitoring": false,
            "network_interface": [
              {
                "delete_on_termination": false,
                "device_index": 0,
                "network_card_index": 0,
                "network_interface_id": "eni-22da7a4b595695141"
              }
            ],
            "outpost_arn": "",
            "password_data": "",
            "placement_group": "",
            "placement_partition_number": 0,
            "primary_network_interface_id": "eni-22da7a4b595695141",
            "private_dns": "ip-10-0-1-222.ec2.internal",
            "private_dns_name_options": [],
            "private_ip": "10.0.1.222",
            "public_dns": "ec2-172-18-0-3.localhost.localstack.cloud",
            "public_ip": "172.18.0.3",
            "root_block_device": [
              {
                "delete_on_termination": true,
                "device_name": "/dev/sda1",
                "encrypted": false,
                "iops": 0,
                "kms_key_id": "",
                "tags": {},
                "tags_all": {},
                "throughput": 0,
                "volume_id": "vol-5f54a664bbce3c428",
                "volume_size": 8,
                "volume_type": "gp2"
              }
            ],
            "secondary_private_ips": [],
            "security_groups": [],
            "source_dest_check": true,
            "spot_instance_request_id": "",
            "subnet_id": "subnet-2e6c2bfd21845bc87",
            "tags": {
              "Name": "fleet-portal-dev-frontend-vm",
              "application": "fleet-portal",
              "environment": "dev"
            },
            "tags_all": {
              "Name": "fleet-portal-dev-frontend-vm",
              "application": "fleet-portal",
              "environment": "dev"
            },
            "tenancy": "default",
            "timeouts": null,
            "user_data": "f537cbfa84f3d2196fd8c5eab5cf7f6c40997f12",
            "user_data_base64": null,
            "user_data_replace_on_change": false,
            "volume_tags": null,
            "vpc_security_group_ids": []
          },
          "sensitive_attributes": [],
          "identity_schema_version": 0,
          "private": "eyJlMmJmYjczMC1lY2FhLTExZTYtOGY4OC0zNDM2M2JjN2M0YzAiOnsiY3JlYXRlIjo2MDAwMDAwMDAwMDAsImRlbGV0ZSI6MTIwMDAwMDAwMDAwMCwicmVhZCI6OTAwMDAwMDAwMDAwLCJ1cGRhdGUiOjYwMDAwMDAwMDAwMH0sInNjaGVtYV92ZXJzaW9uIjoiMSJ9",
          "dependencies": [
            "aws_network_interface.frontend",
            "aws_subnet.frontend",
            "aws_vpc.main",
            "data.aws_ami.frontend",
            "data.aws_availability_zones.available",
            "data.aws_key_pair.main",
            "random_shuffle.az"
          ]
        }
      ]
    },
    {
      "mode": "managed",
      "type": "aws_internet_gateway",
      "name": "main",
      "provider": "provider[\"registry.terraform.io/hashicorp/aws\"]",
      "instances": [
        {
          "schema_version": 0,
          "attributes": {
            "arn": "arn:aws:ec2:us-east-1:000000000000:internet-gateway/igw-122ca2961c177f748",
            "id": "igw-122ca2961c177f748",
            "owner_id": "000000000000",
            "tags": {
              "Name": "fleet-portal-dev-internet-gateway",
              "application": "fleet-portal",
              "environment": "dev"
            },
            "tags_all": {
              "Name": "fleet-portal-dev-internet-gateway",
              "application": "fleet-portal",
              "environment": "dev"
            },
            "timeouts": null,
            "vpc_id": "vpc-e3066d3a38dae6dbc"
          },
          "sensitive_attributes": [],
          "identity_schema_version": 0,
          "private": "eyJlMmJmYjczMC1lY2FhLTExZTYtOGY4OC0zNDM2M2JjN2M0YzAiOnsiY3JlYXRlIjoxMjAwMDAwMDAwMDAwLCJkZWxldGUiOjEyMDAwMDAwMDAwMDAsInVwZGF0ZSI6MTIwMDAwMDAwMDAwMH19",
          "dependencies": [
            "aws_vpc.main"
          ]
        }
      ]
    },
    {
      "mode": "managed",
      "type": "aws_lb",
      "name": "backend",
      "provider": "provider[\"registry.terraform.io/hashicorp/aws\"]",
      "instances": [
        {
          "schema_version": 0,
          "attributes": {
            "access_logs": [
              {
                "bucket": "alb-access-logs-20260326002645325300000002",
                "enabled": true,
                "prefix": "alb-logs"
              }
            ],
            "arn": "arn:aws:elasticloadbalancing:us-east-1:000000000000:loadbalancer/app/fleet-portal-dev-backend/5958a06a782a871a",
            "arn_suffix": "app/fleet-portal-dev-backend/5958a06a782a871a",
            "client_keep_alive": 3600,
            "connection_logs": [
              {
                "bucket": "",
                "enabled": false,
                "prefix": ""
              }
            ],
            "customer_owned_ipv4_pool": "",
            "desync_mitigation_mode": "defensive",
            "dns_name": "fleet-portal-dev-backend.elb.localhost.localstack.cloud",
            "dns_record_client_routing_policy": null,
            "drop_invalid_header_fields": false,
            "enable_cross_zone_load_balancing": false,
            "enable_deletion_protection": false,
            "enable_http2": true,
            "enable_tls_version_and_cipher_suite_headers": false,
            "enable_waf_fail_open": false,
            "enable_xff_client_port": false,
            "enable_zonal_shift": false,
            "enforce_security_group_inbound_rules_on_private_link_traffic": "",
            "id": "arn:aws:elasticloadbalancing:us-east-1:000000000000:loadbalancer/app/fleet-portal-dev-backend/5958a06a782a871a",
            "idle_timeout": 60,
            "internal": true,
            "ip_address_type": "ipv4",
            "ipam_pools": [],
            "load_balancer_type": "application",
            "minimum_load_balancer_capacity": [],
            "name": "fleet-portal-dev-backend",
            "name_prefix": "",
            "preserve_host_header": false,
            "security_groups": [
              "sg-a29d6357d1a615a4c"
            ],
            "subnet_mapping": [
              {
                "allocation_id": "",
                "ipv6_address": "",
                "outpost_id": "",
                "private_ipv4_address": "",
                "subnet_id": "subnet-504f4f4179bda3bc6"
              },
              {
                "allocation_id": "",
                "ipv6_address": "",
                "outpost_id": "",
                "private_ipv4_address": "",
                "subnet_id": "subnet-f99534254655515de"
              }
            ],
            "subnets": [
              "subnet-504f4f4179bda3bc6",
              "subnet-f99534254655515de"
            ],
            "tags": {
              "Name": "fleet-portal-dev-backend-lb",
              "application": "fleet-portal",
              "environment": "dev"
            },
            "tags_all": {
              "Name": "fleet-portal-dev-backend-lb",
              "application": "fleet-portal",
              "environment": "dev"
            },
            "timeouts": null,
            "vpc_id": "vpc-e3066d3a38dae6dbc",
            "xff_header_processing_mode": "append",
            "zone_id": "Z2P70J7EXAMPLE"
          },
          "sensitive_attributes": [],
          "identity_schema_version": 0,
          "private": "eyJlMmJmYjczMC1lY2FhLTExZTYtOGY4OC0zNDM2M2JjN2M0YzAiOnsiY3JlYXRlIjo2MDAwMDAwMDAwMDAsImRlbGV0ZSI6NjAwMDAwMDAwMDAwLCJ1cGRhdGUiOjYwMDAwMDAwMDAwMH19",
          "dependencies": [
            "aws_s3_bucket.alb_logs",
            "aws_s3_bucket_policy.alb_logs",
            "aws_security_group.backend_lb",
            "aws_subnet.backend",
            "aws_vpc.main",
            "data.aws_availability_zones.available",
            "data.aws_elb_service_account.current",
            "random_shuffle.az"
          ]
        }
      ]
    },
    {
      "mode": "managed",
      "type": "aws_lb",
      "name": "frontend",
      "provider": "provider[\"registry.terraform.io/hashicorp/aws\"]",
      "instances": [
        {
          "schema_version": 0,
          "attributes": {
            "access_logs": [
              {
                "bucket": "alb-access-logs-20260326002645325300000002",
                "enabled": true,
                "prefix": "alb-logs"
              }
            ],
            "arn": "arn:aws:elasticloadbalancing:us-east-1:000000000000:loadbalancer/app/fleet-portal-dev-frontend/bd45cf6a5a4fe13a",
            "arn_suffix": "app/fleet-portal-dev-frontend/bd45cf6a5a4fe13a",
            "client_keep_alive": 3600,
            "connection_logs": [
              {
                "bucket": "",
                "enabled": false,
                "prefix": ""
              }
            ],
            "customer_owned_ipv4_pool": "",
            "desync_mitigation_mode": "defensive",
            "dns_name": "fleet-portal-dev-frontend.elb.localhost.localstack.cloud",
            "dns_record_client_routing_policy": null,
            "drop_invalid_header_fields": false,
            "enable_cross_zone_load_balancing": false,
            "enable_deletion_protection": false,
            "enable_http2": true,
            "enable_tls_version_and_cipher_suite_headers": false,
            "enable_waf_fail_open": false,
            "enable_xff_client_port": false,
            "enable_zonal_shift": false,
            "enforce_security_group_inbound_rules_on_private_link_traffic": "",
            "id": "arn:aws:elasticloadbalancing:us-east-1:000000000000:loadbalancer/app/fleet-portal-dev-frontend/bd45cf6a5a4fe13a",
            "idle_timeout": 60,
            "internal": false,
            "ip_address_type": "ipv4",
            "ipam_pools": [],
            "load_balancer_type": "application",
            "minimum_load_balancer_capacity": [],
            "name": "fleet-portal-dev-frontend",
            "name_prefix": "",
            "preserve_host_header": false,
            "security_groups": [
              "sg-37469be2498129cda"
            ],
            "subnet_mapping": [
              {
                "allocation_id": "",
                "ipv6_address": "",
                "outpost_id": "",
                "private_ipv4_address": "",
                "subnet_id": "subnet-2e6c2bfd21845bc87"
              },
              {
                "allocation_id": "",
                "ipv6_address": "",
                "outpost_id": "",
                "private_ipv4_address": "",
                "subnet_id": "subnet-f691b2486cee0a2aa"
              }
            ],
            "subnets": [
              "subnet-2e6c2bfd21845bc87",
              "subnet-f691b2486cee0a2aa"
            ],
            "tags": {
              "Name": "fleet-portal-dev-frontend-lb",
              "application": "fleet-portal",
              "environment": "dev"
            },
            "tags_all": {
              "Name": "fleet-portal-dev-frontend-lb",
              "application": "fleet-portal",
              "environment": "dev"
            },
            "timeouts": null,
            "vpc_id": "vpc-e3066d3a38dae6dbc",
            "xff_header_processing_mode": "append",
            "zone_id": "Z2P70J7EXAMPLE"
          },
          "sensitive_attributes": [],
          "identity_schema_version": 0,
          "private": "eyJlMmJmYjczMC1lY2FhLTExZTYtOGY4OC0zNDM2M2JjN2M0YzAiOnsiY3JlYXRlIjo2MDAwMDAwMDAwMDAsImRlbGV0ZSI6NjAwMDAwMDAwMDAwLCJ1cGRhdGUiOjYwMDAwMDAwMDAwMH19",
          "dependencies": [
            "aws_s3_bucket.alb_logs",
            "aws_s3_bucket_policy.alb_logs",
            "aws_security_group.frontend_lb",
            "aws_subnet.frontend",
            "aws_vpc.main",
            "data.aws_availability_zones.available",
            "data.aws_elb_service_account.current",
            "random_shuffle.az"
          ]
        }
      ]
    },
    {
      "mode": "managed",
      "type": "aws_lb_listener",
      "name": "backend_http",
      "provider": "provider[\"registry.terraform.io/hashicorp/aws\"]",
      "instances": [
        {
          "schema_version": 0,
          "attributes": {
            "alpn_policy": null,
            "arn": "arn:aws:elasticloadbalancing:us-east-1:000000000000:listener/app/fleet-portal-dev-backend/5958a06a782a871a/5e3ccbe3d34d49dd",
            "certificate_arn": null,
            "default_action": [
              {
                "authenticate_cognito": [],
                "authenticate_oidc": [],
                "fixed_response": [],
                "forward": [],
                "order": 1,
                "redirect": [],
                "target_group_arn": "arn:aws:elasticloadbalancing:us-east-1:000000000000:targetgroup/fleet-portal-dev-backend-http/996ccac0e9ebbbbc",
                "type": "forward"
              }
            ],
            "id": "arn:aws:elasticloadbalancing:us-east-1:000000000000:listener/app/fleet-portal-dev-backend/5958a06a782a871a/5e3ccbe3d34d49dd",
            "load_balancer_arn": "arn:aws:elasticloadbalancing:us-east-1:000000000000:loadbalancer/app/fleet-portal-dev-backend/5958a06a782a871a",
            "mutual_authentication": [],
            "port": 4566,
            "protocol": "HTTP",
            "routing_http_request_x_amzn_mtls_clientcert_header_name": null,
            "routing_http_request_x_amzn_mtls_clientcert_issuer_header_name": null,
            "routing_http_request_x_amzn_mtls_clientcert_leaf_header_name": null,
            "routing_http_request_x_amzn_mtls_clientcert_serial_number_header_name": null,
            "routing_http_request_x_amzn_mtls_clientcert_subject_header_name": null,
            "routing_http_request_x_amzn_mtls_clientcert_validity_header_name": null,
            "routing_http_request_x_amzn_tls_cipher_suite_header_name": null,
            "routing_http_request_x_amzn_tls_version_header_name": null,
            "routing_http_response_access_control_allow_credentials_header_value": "",
            "routing_http_response_access_control_allow_headers_header_value": "",
            "routing_http_response_access_control_allow_methods_header_value": "",
            "routing_http_response_access_control_allow_origin_header_value": "",
            "routing_http_response_access_control_expose_headers_header_value": "",
            "routing_http_response_access_control_max_age_header_value": "",
            "routing_http_response_content_security_policy_header_value": "",
            "routing_http_response_server_enabled": true,
            "routing_http_response_strict_transport_security_header_value": "",
            "routing_http_response_x_content_type_options_header_value": "",
            "routing_http_response_x_frame_options_header_value": "",
            "ssl_policy": "ELBSecurityPolicy-2016-08",
            "tags": null,
            "tags_all": {},
            "tcp_idle_timeout_seconds": null,
            "timeouts": null
          },
          "sensitive_attributes": [],
          "identity_schema_version": 0,
          "private": "eyJlMmJmYjczMC1lY2FhLTExZTYtOGY4OC0zNDM2M2JjN2M0YzAiOnsiY3JlYXRlIjozMDAwMDAwMDAwMDAsInVwZGF0ZSI6MzAwMDAwMDAwMDAwfX0=",
          "dependencies": [
            "aws_lb.backend",
            "aws_lb_target_group.backend_http",
            "aws_s3_bucket.alb_logs",
            "aws_s3_bucket_policy.alb_logs",
            "aws_security_group.backend_lb",
            "aws_subnet.backend",
            "aws_vpc.main",
            "data.aws_availability_zones.available",
            "data.aws_elb_service_account.current",
            "random_shuffle.az"
          ]
        }
      ]
    },
    {
      "mode": "managed",
      "type": "aws_lb_listener",
      "name": "frontend_http",
      "provider": "provider[\"registry.terraform.io/hashicorp/aws\"]",
      "instances": [
        {
          "schema_version": 0,
          "attributes": {
            "alpn_policy": null,
            "arn": "arn:aws:elasticloadbalancing:us-east-1:000000000000:listener/app/fleet-portal-dev-frontend/bd45cf6a5a4fe13a/1ba1f8e6257e73ca",
            "certificate_arn": null,
            "default_action": [
              {
                "authenticate_cognito": [],
                "authenticate_oidc": [],
                "fixed_response": [],
                "forward": [],
                "order": 1,
                "redirect": [],
                "target_group_arn": "arn:aws:elasticloadbalancing:us-east-1:000000000000:targetgroup/fleet-portal-dev-frontend-http/cfb897439c4e7f72",
                "type": "forward"
              }
            ],
            "id": "arn:aws:elasticloadbalancing:us-east-1:000000000000:listener/app/fleet-portal-dev-frontend/bd45cf6a5a4fe13a/1ba1f8e6257e73ca",
            "load_balancer_arn": "arn:aws:elasticloadbalancing:us-east-1:000000000000:loadbalancer/app/fleet-portal-dev-frontend/bd45cf6a5a4fe13a",
            "mutual_authentication": [],
            "port": 4566,
            "protocol": "HTTP",
            "routing_http_request_x_amzn_mtls_clientcert_header_name": null,
            "routing_http_request_x_amzn_mtls_clientcert_issuer_header_name": null,
            "routing_http_request_x_amzn_mtls_clientcert_leaf_header_name": null,
            "routing_http_request_x_amzn_mtls_clientcert_serial_number_header_name": null,
            "routing_http_request_x_amzn_mtls_clientcert_subject_header_name": null,
            "routing_http_request_x_amzn_mtls_clientcert_validity_header_name": null,
            "routing_http_request_x_amzn_tls_cipher_suite_header_name": null,
            "routing_http_request_x_amzn_tls_version_header_name": null,
            "routing_http_response_access_control_allow_credentials_header_value": "",
            "routing_http_response_access_control_allow_headers_header_value": "",
            "routing_http_response_access_control_allow_methods_header_value": "",
            "routing_http_response_access_control_allow_origin_header_value": "",
            "routing_http_response_access_control_expose_headers_header_value": "",
            "routing_http_response_access_control_max_age_header_value": "",
            "routing_http_response_content_security_policy_header_value": "",
            "routing_http_response_server_enabled": true,
            "routing_http_response_strict_transport_security_header_value": "",
            "routing_http_response_x_content_type_options_header_value": "",
            "routing_http_response_x_frame_options_header_value": "",
            "ssl_policy": "ELBSecurityPolicy-2016-08",
            "tags": null,
            "tags_all": {},
            "tcp_idle_timeout_seconds": null,
            "timeouts": null
          },
          "sensitive_attributes": [],
          "identity_schema_version": 0,
          "private": "eyJlMmJmYjczMC1lY2FhLTExZTYtOGY4OC0zNDM2M2JjN2M0YzAiOnsiY3JlYXRlIjozMDAwMDAwMDAwMDAsInVwZGF0ZSI6MzAwMDAwMDAwMDAwfX0=",
          "dependencies": [
            "aws_lb.frontend",
            "aws_lb_target_group.frontend_http",
            "aws_s3_bucket.alb_logs",
            "aws_s3_bucket_policy.alb_logs",
            "aws_security_group.frontend_lb",
            "aws_subnet.frontend",
            "aws_vpc.main",
            "data.aws_availability_zones.available",
            "data.aws_elb_service_account.current",
            "random_shuffle.az"
          ]
        }
      ]
    },
    {
      "mode": "managed",
      "type": "aws_lb_listener",
      "name": "frontend_https",
      "provider": "provider[\"registry.terraform.io/hashicorp/aws\"]",
      "instances": [
        {
          "schema_version": 0,
          "attributes": {
            "alpn_policy": null,
            "arn": "arn:aws:elasticloadbalancing:us-east-1:000000000000:listener/app/fleet-portal-dev-frontend/bd45cf6a5a4fe13a/16981ef3d1077a94",
            "certificate_arn": "arn:aws:acm:us-east-1:000000000000:certificate/fbd06204-d210-49c9-a440-d6104acab852",
            "default_action": [
              {
                "authenticate_cognito": [],
                "authenticate_oidc": [],
                "fixed_response": [],
                "forward": [],
                "order": 1,
                "redirect": [],
                "target_group_arn": "arn:aws:elasticloadbalancing:us-east-1:000000000000:targetgroup/fleet-portal-dev-frontend-http/cfb897439c4e7f72",
                "type": "forward"
              }
            ],
            "id": "arn:aws:elasticloadbalancing:us-east-1:000000000000:listener/app/fleet-portal-dev-frontend/bd45cf6a5a4fe13a/16981ef3d1077a94",
            "load_balancer_arn": "arn:aws:elasticloadbalancing:us-east-1:000000000000:loadbalancer/app/fleet-portal-dev-frontend/bd45cf6a5a4fe13a",
            "mutual_authentication": [],
            "port": 443,
            "protocol": "HTTPS",
            "routing_http_request_x_amzn_mtls_clientcert_header_name": null,
            "routing_http_request_x_amzn_mtls_clientcert_issuer_header_name": null,
            "routing_http_request_x_amzn_mtls_clientcert_leaf_header_name": null,
            "routing_http_request_x_amzn_mtls_clientcert_serial_number_header_name": null,
            "routing_http_request_x_amzn_mtls_clientcert_subject_header_name": null,
            "routing_http_request_x_amzn_mtls_clientcert_validity_header_name": null,
            "routing_http_request_x_amzn_tls_cipher_suite_header_name": null,
            "routing_http_request_x_amzn_tls_version_header_name": null,
            "routing_http_response_access_control_allow_credentials_header_value": "",
            "routing_http_response_access_control_allow_headers_header_value": "",
            "routing_http_response_access_control_allow_methods_header_value": "",
            "routing_http_response_access_control_allow_origin_header_value": "",
            "routing_http_response_access_control_expose_headers_header_value": "",
            "routing_http_response_access_control_max_age_header_value": "",
            "routing_http_response_content_security_policy_header_value": "",
            "routing_http_response_server_enabled": true,
            "routing_http_response_strict_transport_security_header_value": "",
            "routing_http_response_x_content_type_options_header_value": "",
            "routing_http_response_x_frame_options_header_value": "",
            "ssl_policy": "ELBSecurityPolicy-TLS13-1-2-2021-06",
            "tags": null,
            "tags_all": {},
            "tcp_idle_timeout_seconds": null,
            "timeouts": null
          },
          "sensitive_attributes": [],
          "identity_schema_version": 0,
          "private": "eyJlMmJmYjczMC1lY2FhLTExZTYtOGY4OC0zNDM2M2JjN2M0YzAiOnsiY3JlYXRlIjozMDAwMDAwMDAwMDAsInVwZGF0ZSI6MzAwMDAwMDAwMDAwfX0=",
          "dependencies": [
            "aws_acm_certificate.main",
            "aws_lb.frontend",
            "aws_lb_target_group.frontend_http",
            "aws_s3_bucket.alb_logs",
            "aws_s3_bucket_policy.alb_logs",
            "aws_security_group.frontend_lb",
            "aws_subnet.frontend",
            "aws_vpc.main",
            "data.aws_availability_zones.available",
            "data.aws_elb_service_account.current",
            "random_shuffle.az"
          ]
        }
      ]
    },
    {
      "mode": "managed",
      "type": "aws_lb_target_group",
      "name": "backend_http",
      "provider": "provider[\"registry.terraform.io/hashicorp/aws\"]",
      "instances": [
        {
          "schema_version": 0,
          "attributes": {
            "arn": "arn:aws:elasticloadbalancing:us-east-1:000000000000:targetgroup/fleet-portal-dev-backend-http/996ccac0e9ebbbbc",
            "arn_suffix": "targetgroup/fleet-portal-dev-backend-http/996ccac0e9ebbbbc",
            "connection_termination": null,
            "deregistration_delay": "300",
            "health_check": [
              {
                "enabled": true,
                "healthy_threshold": 3,
                "interval": 30,
                "matcher": "200",
                "path": "/health",
                "port": "5000",
                "protocol": "HTTP",
                "timeout": 5,
                "unhealthy_threshold": 3
              }
            ],
            "id": "arn:aws:elasticloadbalancing:us-east-1:000000000000:targetgroup/fleet-portal-dev-backend-http/996ccac0e9ebbbbc",
            "ip_address_type": "ipv4",
            "lambda_multi_value_headers_enabled": false,
            "load_balancer_arns": [],
            "load_balancing_algorithm_type": "round_robin",
            "load_balancing_anomaly_mitigation": null,
            "load_balancing_cross_zone_enabled": "use_load_balancer_configuration",
            "name": "fleet-portal-dev-backend-http",
            "name_prefix": "",
            "port": 5000,
            "preserve_client_ip": null,
            "protocol": "HTTP",
            "protocol_version": "HTTP1",
            "proxy_protocol_v2": false,
            "slow_start": 0,
            "stickiness": [
              {
                "cookie_duration": 86400,
                "cookie_name": "",
                "enabled": true,
                "type": "lb_cookie"
              }
            ],
            "tags": null,
            "tags_all": {},
            "target_failover": [
              {
                "on_deregistration": null,
                "on_unhealthy": null
              }
            ],
            "target_group_health": [
              {
                "dns_failover": [
                  {
                    "minimum_healthy_targets_count": null,
                    "minimum_healthy_targets_percentage": null
                  }
                ],
                "unhealthy_state_routing": [
                  {
                    "minimum_healthy_targets_count": null,
                    "minimum_healthy_targets_percentage": null
                  }
                ]
              }
            ],
            "target_health_state": [
              {
                "enable_unhealthy_connection_termination": null,
                "unhealthy_draining_interval": null
              }
            ],
            "target_type": "instance",
            "vpc_id": "vpc-e3066d3a38dae6dbc"
          },
          "sensitive_attributes": [],
          "identity_schema_version": 0,
          "private": "bnVsbA==",
          "dependencies": [
            "aws_vpc.main"
          ]
        }
      ]
    },
    {
      "mode": "managed",
      "type": "aws_lb_target_group",
      "name": "frontend_http",
      "provider": "provider[\"registry.terraform.io/hashicorp/aws\"]",
      "instances": [
        {
          "schema_version": 0,
          "attributes": {
            "arn": "arn:aws:elasticloadbalancing:us-east-1:000000000000:targetgroup/fleet-portal-dev-frontend-http/cfb897439c4e7f72",
            "arn_suffix": "targetgroup/fleet-portal-dev-frontend-http/cfb897439c4e7f72",
            "connection_termination": null,
            "deregistration_delay": "300",
            "health_check": [
              {
                "enabled": true,
                "healthy_threshold": 3,
                "interval": 30,
                "matcher": "200",
                "path": "/",
                "port": "5000",
                "protocol": "HTTP",
                "timeout": 5,
                "unhealthy_threshold": 3
              }
            ],
            "id": "arn:aws:elasticloadbalancing:us-east-1:000000000000:targetgroup/fleet-portal-dev-frontend-http/cfb897439c4e7f72",
            "ip_address_type": "ipv4",
            "lambda_multi_value_headers_enabled": false,
            "load_balancer_arns": [],
            "load_balancing_algorithm_type": "round_robin",
            "load_balancing_anomaly_mitigation": null,
            "load_balancing_cross_zone_enabled": "use_load_balancer_configuration",
            "name": "fleet-portal-dev-frontend-http",
            "name_prefix": "",
            "port": 5000,
            "preserve_client_ip": null,
            "protocol": "HTTP",
            "protocol_version": "HTTP1",
            "proxy_protocol_v2": false,
            "slow_start": 0,
            "stickiness": [
              {
                "cookie_duration": 86400,
                "cookie_name": "",
                "enabled": true,
                "type": "lb_cookie"
              }
            ],
            "tags": null,
            "tags_all": {},
            "target_failover": [
              {
                "on_deregistration": null,
                "on_unhealthy": null
              }
            ],
            "target_group_health": [
              {
                "dns_failover": [
                  {
                    "minimum_healthy_targets_count": null,
                    "minimum_healthy_targets_percentage": null
                  }
                ],
                "unhealthy_state_routing": [
                  {
                    "minimum_healthy_targets_count": null,
                    "minimum_healthy_targets_percentage": null
                  }
                ]
              }
            ],
            "target_health_state": [
              {
                "enable_unhealthy_connection_termination": null,
                "unhealthy_draining_interval": null
              }
            ],
            "target_type": "instance",
            "vpc_id": "vpc-e3066d3a38dae6dbc"
          },
          "sensitive_attributes": [],
          "identity_schema_version": 0,
          "private": "bnVsbA==",
          "dependencies": [
            "aws_vpc.main"
          ]
        }
      ]
    },
    {
      "mode": "managed",
      "type": "aws_lb_target_group_attachment",
      "name": "backend_http",
      "provider": "provider[\"registry.terraform.io/hashicorp/aws\"]",
      "instances": [
        {
          "index_key": "0",
          "schema_version": 0,
          "attributes": {
            "availability_zone": null,
            "id": "arn:aws:elasticloadbalancing:us-east-1:000000000000:targetgroup/fleet-portal-dev-backend-http/996ccac0e9ebbbbc-20260326002701061200000014",
            "port": 5000,
            "target_group_arn": "arn:aws:elasticloadbalancing:us-east-1:000000000000:targetgroup/fleet-portal-dev-backend-http/996ccac0e9ebbbbc",
            "target_id": "i-9b98d777e268ffb11"
          },
          "sensitive_attributes": [],
          "identity_schema_version": 0,
          "private": "bnVsbA==",
          "dependencies": [
            "aws_instance.backend",
            "aws_lb_target_group.backend_http",
            "aws_network_interface.backend",
            "aws_subnet.backend",
            "aws_vpc.main",
            "data.aws_ami.backend",
            "data.aws_availability_zones.available",
            "data.aws_key_pair.main",
            "random_shuffle.az"
          ]
        },
        {
          "index_key": "1",
          "schema_version": 0,
          "attributes": {
            "availability_zone": null,
            "id": "arn:aws:elasticloadbalancing:us-east-1:000000000000:targetgroup/fleet-portal-dev-backend-http/996ccac0e9ebbbbc-20260326002701060900000013",
            "port": 5000,
            "target_group_arn": "arn:aws:elasticloadbalancing:us-east-1:000000000000:targetgroup/fleet-portal-dev-backend-http/996ccac0e9ebbbbc",
            "target_id": "i-7d698eb10118fe7dd"
          },
          "sensitive_attributes": [],
          "identity_schema_version": 0,
          "private": "bnVsbA==",
          "dependencies": [
            "aws_instance.backend",
            "aws_lb_target_group.backend_http",
            "aws_network_interface.backend",
            "aws_subnet.backend",
            "aws_vpc.main",
            "data.aws_ami.backend",
            "data.aws_availability_zones.available",
            "data.aws_key_pair.main",
            "random_shuffle.az"
          ]
        }
      ]
    },
    {
      "mode": "managed",
      "type": "aws_lb_target_group_attachment",
      "name": "frontend_http",
      "provider": "provider[\"registry.terraform.io/hashicorp/aws\"]",
      "instances": [
        {
          "index_key": "0",
          "schema_version": 0,
          "attributes": {
            "availability_zone": null,
            "id": "arn:aws:elasticloadbalancing:us-east-1:000000000000:targetgroup/fleet-portal-dev-frontend-http/cfb897439c4e7f72-20260326002659841500000011",
            "port": 5000,
            "target_group_arn": "arn:aws:elasticloadbalancing:us-east-1:000000000000:targetgroup/fleet-portal-dev-frontend-http/cfb897439c4e7f72",
            "target_id": "i-93fa988fa90104c0b"
          },
          "sensitive_attributes": [],
          "identity_schema_version": 0,
          "private": "bnVsbA==",
          "dependencies": [
            "aws_instance.frontend",
            "aws_lb_target_group.frontend_http",
            "aws_network_interface.frontend",
            "aws_subnet.frontend",
            "aws_vpc.main",
            "data.aws_ami.frontend",
            "data.aws_availability_zones.available",
            "data.aws_key_pair.main",
            "random_shuffle.az"
          ]
        },
        {
          "index_key": "1",
          "schema_version": 0,
          "attributes": {
            "availability_zone": null,
            "id": "arn:aws:elasticloadbalancing:us-east-1:000000000000:targetgroup/fleet-portal-dev-frontend-http/cfb897439c4e7f72-20260326002659848200000012",
            "port": 5000,
            "target_group_arn": "arn:aws:elasticloadbalancing:us-east-1:000000000000:targetgroup/fleet-portal-dev-frontend-http/cfb897439c4e7f72",
            "target_id": "i-5b9c20ae5af06f121"
          },
          "sensitive_attributes": [],
          "identity_schema_version": 0,
          "private": "bnVsbA==",
          "dependencies": [
            "aws_instance.frontend",
            "aws_lb_target_group.frontend_http",
            "aws_network_interface.frontend",
            "aws_subnet.frontend",
            "aws_vpc.main",
            "data.aws_ami.frontend",
            "data.aws_availability_zones.available",
            "data.aws_key_pair.main",
            "random_shuffle.az"
          ]
        }
      ]
    },
    {
      "mode": "managed",
      "type": "aws_nat_gateway",
      "name": "nat",
      "provider": "provider[\"registry.terraform.io/hashicorp/aws\"]",
      "instances": [
        {
          "index_key": "0",
          "schema_version": 0,
          "attributes": {
            "allocation_id": "eipalloc-82f5855bcbb72f114",
            "association_id": "eipassoc-b4e6b74cabb557f9e",
            "connectivity_type": "public",
            "id": "nat-328f2238d63d5e263",
            "network_interface_id": "eni-06824571f137ad17d",
            "private_ip": "10.74.137.143",
            "public_ip": "127.16.48.5",
            "secondary_allocation_ids": null,
            "secondary_private_ip_address_count": 0,
            "secondary_private_ip_addresses": [],
            "subnet_id": "subnet-f99534254655515de",
            "tags": null,
            "tags_all": {},
            "timeouts": null
          },
          "sensitive_attributes": [],
          "identity_schema_version": 0,
          "private": "eyJlMmJmYjczMC1lY2FhLTExZTYtOGY4OC0zNDM2M2JjN2M0YzAiOnsiY3JlYXRlIjo2MDAwMDAwMDAwMDAsImRlbGV0ZSI6MTgwMDAwMDAwMDAwMCwidXBkYXRlIjo2MDAwMDAwMDAwMDB9fQ==",
          "dependencies": [
            "aws_eip.nat",
            "aws_internet_gateway.main",
            "aws_subnet.backend",
            "aws_vpc.main",
            "data.aws_availability_zones.available",
            "random_shuffle.az"
          ]
        },
        {
          "index_key": "1",
          "schema_version": 0,
          "attributes": {
            "allocation_id": "eipalloc-8f826fa979f60e6f7",
            "association_id": "eipassoc-48f715b567c0a4291",
            "connectivity_type": "public",
            "id": "nat-49530f24a5c2f97d1",
            "network_interface_id": "eni-fd996693b4ab22f89",
            "private_ip": "10.238.241.189",
            "public_ip": "127.1.216.176",
            "secondary_allocation_ids": null,
            "secondary_private_ip_address_count": 0,
            "secondary_private_ip_addresses": [],
            "subnet_id": "subnet-504f4f4179bda3bc6",
            "tags": null,
            "tags_all": {},
            "timeouts": null
          },
          "sensitive_attributes": [],
          "identity_schema_version": 0,
          "private": "eyJlMmJmYjczMC1lY2FhLTExZTYtOGY4OC0zNDM2M2JjN2M0YzAiOnsiY3JlYXRlIjo2MDAwMDAwMDAwMDAsImRlbGV0ZSI6MTgwMDAwMDAwMDAwMCwidXBkYXRlIjo2MDAwMDAwMDAwMDB9fQ==",
          "dependencies": [
            "aws_eip.nat",
            "aws_internet_gateway.main",
            "aws_subnet.backend",
            "aws_vpc.main",
            "data.aws_availability_zones.available",
            "random_shuffle.az"
          ]
        }
      ]
    },
    {
      "mode": "managed",
      "type": "aws_network_interface",
      "name": "backend",
      "provider": "provider[\"registry.terraform.io/hashicorp/aws\"]",
      "instances": [
        {
          "index_key": "0",
          "schema_version": 0,
          "attributes": {
            "arn": "arn:aws:ec2:us-east-1:000000000000:network-interface/eni-886b70e543f3f7292",
            "attachment": [],
            "description": "",
            "enable_primary_ipv6": null,
            "id": "eni-886b70e543f3f7292",
            "interface_type": "interface",
            "ipv4_prefix_count": 0,
            "ipv4_prefixes": [],
            "ipv6_address_count": 0,
            "ipv6_address_list": [],
            "ipv6_address_list_enabled": false,
            "ipv6_addresses": [],
            "ipv6_prefix_count": 0,
            "ipv6_prefixes": [],
            "mac_address": "02:00:00:14102x:7702x:702x",
            "outpost_arn": "",
            "owner_id": "000000000000",
            "private_dns_name": "",
            "private_ip": "10.0.2.33",
            "private_ip_list": [
              "10.0.2.33"
            ],
            "private_ip_list_enabled": false,
            "private_ips": [
              "10.0.2.33"
            ],
            "private_ips_count": 0,
            "security_groups": [
              "sg-afa33e8fd0f80597a"
            ],
            "source_dest_check": true,
            "subnet_id": "subnet-f99534254655515de",
            "tags": null,
            "tags_all": {}
          },
          "sensitive_attributes": [],
          "identity_schema_version": 0,
          "private": "bnVsbA==",
          "dependencies": [
            "aws_subnet.backend",
            "aws_vpc.main",
            "data.aws_availability_zones.available",
            "random_shuffle.az"
          ]
        },
        {
          "index_key": "1",
          "schema_version": 0,
          "attributes": {
            "arn": "arn:aws:ec2:us-east-1:000000000000:network-interface/eni-aaa03afff77d49d5b",
            "attachment": [],
            "description": "",
            "enable_primary_ipv6": null,
            "id": "eni-aaa03afff77d49d5b",
            "interface_type": "interface",
            "ipv4_prefix_count": 0,
            "ipv4_prefixes": [],
            "ipv6_address_count": 0,
            "ipv6_address_list": [],
            "ipv6_address_list_enabled": false,
            "ipv6_addresses": [],
            "ipv6_prefix_count": 0,
            "ipv6_prefixes": [],
            "mac_address": "02:00:00:19202x:25202x:25402x",
            "outpost_arn": "",
            "owner_id": "000000000000",
            "private_dns_name": "",
            "private_ip": "10.0.3.62",
            "private_ip_list": [
              "10.0.3.62"
            ],
            "private_ip_list_enabled": false,
            "private_ips": [
              "10.0.3.62"
            ],
            "private_ips_count": 0,
            "security_groups": [
              "sg-afa33e8fd0f80597a"
            ],
            "source_dest_check": true,
            "subnet_id": "subnet-504f4f4179bda3bc6",
            "tags": null,
            "tags_all": {}
          },
          "sensitive_attributes": [],
          "identity_schema_version": 0,
          "private": "bnVsbA==",
          "dependencies": [
            "aws_subnet.backend",
            "aws_vpc.main",
            "data.aws_availability_zones.available",
            "random_shuffle.az"
          ]
        }
      ]
    },
    {
      "mode": "managed",
      "type": "aws_network_interface",
      "name": "frontend",
      "provider": "provider[\"registry.terraform.io/hashicorp/aws\"]",
      "instances": [
        {
          "index_key": "0",
          "schema_version": 0,
          "attributes": {
            "arn": "arn:aws:ec2:us-east-1:000000000000:network-interface/eni-767aa9c6014a51af8",
            "attachment": [],
            "description": "",
            "enable_primary_ipv6": null,
            "id": "eni-767aa9c6014a51af8",
            "interface_type": "interface",
            "ipv4_prefix_count": 0,
            "ipv4_prefixes": [],
            "ipv6_address_count": 0,
            "ipv6_address_list": [],
            "ipv6_address_list_enabled": false,
            "ipv6_addresses": [],
            "ipv6_prefix_count": 0,
            "ipv6_prefixes": [],
            "mac_address": "02:00:00:20702x:23502x:13102x",
            "outpost_arn": "",
            "owner_id": "000000000000",
            "private_dns_name": "",
            "private_ip": "10.0.0.54",
            "private_ip_list": [
              "10.0.0.54"
            ],
            "private_ip_list_enabled": false,
            "private_ips": [
              "10.0.0.54"
            ],
            "private_ips_count": 0,
            "security_groups": [
              "sg-afa33e8fd0f80597a"
            ],
            "source_dest_check": true,
            "subnet_id": "subnet-f691b2486cee0a2aa",
            "tags": null,
            "tags_all": {}
          },
          "sensitive_attributes": [],
          "identity_schema_version": 0,
          "private": "bnVsbA==",
          "dependencies": [
            "aws_subnet.frontend",
            "aws_vpc.main",
            "data.aws_availability_zones.available",
            "random_shuffle.az"
          ]
        },
        {
          "index_key": "1",
          "schema_version": 0,
          "attributes": {
            "arn": "arn:aws:ec2:us-east-1:000000000000:network-interface/eni-22da7a4b595695141",
            "attachment": [],
            "description": "",
            "enable_primary_ipv6": null,
            "id": "eni-22da7a4b595695141",
            "interface_type": "interface",
            "ipv4_prefix_count": 0,
            "ipv4_prefixes": [],
            "ipv6_address_count": 0,
            "ipv6_address_list": [],
            "ipv6_address_list_enabled": false,
            "ipv6_addresses": [],
            "ipv6_prefix_count": 0,
            "ipv6_prefixes": [],
            "mac_address": "02:00:00:13102x:21502x:4302x",
            "outpost_arn": "",
            "owner_id": "000000000000",
            "private_dns_name": "",
            "private_ip": "10.0.1.222",
            "private_ip_list": [
              "10.0.1.222"
            ],
            "private_ip_list_enabled": false,
            "private_ips": [
              "10.0.1.222"
            ],
            "private_ips_count": 0,
            "security_groups": [
              "sg-afa33e8fd0f80597a"
            ],
            "source_dest_check": true,
            "subnet_id": "subnet-2e6c2bfd21845bc87",
            "tags": null,
            "tags_all": {}
          },
          "sensitive_attributes": [],
          "identity_schema_version": 0,
          "private": "bnVsbA==",
          "dependencies": [
            "aws_subnet.frontend",
            "aws_vpc.main",
            "data.aws_availability_zones.available",
            "random_shuffle.az"
          ]
        }
      ]
    },
    {
      "mode": "managed",
      "type": "aws_network_interface_sg_attachment",
      "name": "backend",
      "provider": "provider[\"registry.terraform.io/hashicorp/aws\"]",
      "instances": [
        {
          "index_key": "0",
          "schema_version": 0,
          "attributes": {
            "id": "sg-e33517301e1d904a4_eni-886b70e543f3f7292",
            "network_interface_id": "eni-886b70e543f3f7292",
            "security_group_id": "sg-e33517301e1d904a4",
            "timeouts": null
          },
          "sensitive_attributes": [],
          "identity_schema_version": 0,
          "private": "eyJlMmJmYjczMC1lY2FhLTExZTYtOGY4OC0zNDM2M2JjN2M0YzAiOnsiY3JlYXRlIjoxODAwMDAwMDAwMDAsImRlbGV0ZSI6MTgwMDAwMDAwMDAwLCJyZWFkIjoxODAwMDAwMDAwMDB9fQ==",
          "dependencies": [
            "aws_instance.backend",
            "aws_network_interface.backend",
            "aws_security_group.backend",
            "aws_subnet.backend",
            "aws_vpc.main",
            "data.aws_ami.backend",
            "data.aws_availability_zones.available",
            "data.aws_key_pair.main",
            "random_shuffle.az"
          ]
        },
        {
          "index_key": "1",
          "schema_version": 0,
          "attributes": {
            "id": "sg-e33517301e1d904a4_eni-aaa03afff77d49d5b",
            "network_interface_id": "eni-aaa03afff77d49d5b",
            "security_group_id": "sg-e33517301e1d904a4",
            "timeouts": null
          },
          "sensitive_attributes": [],
          "identity_schema_version": 0,
          "private": "eyJlMmJmYjczMC1lY2FhLTExZTYtOGY4OC0zNDM2M2JjN2M0YzAiOnsiY3JlYXRlIjoxODAwMDAwMDAwMDAsImRlbGV0ZSI6MTgwMDAwMDAwMDAwLCJyZWFkIjoxODAwMDAwMDAwMDB9fQ==",
          "dependencies": [
            "aws_instance.backend",
            "aws_network_interface.backend",
            "aws_security_group.backend",
            "aws_subnet.backend",
            "aws_vpc.main",
            "data.aws_ami.backend",
            "data.aws_availability_zones.available",
            "data.aws_key_pair.main",
            "random_shuffle.az"
          ]
        }
      ]
    },
    {
      "mode": "managed",
      "type": "aws_network_interface_sg_attachment",
      "name": "frontend",
      "provider": "provider[\"registry.terraform.io/hashicorp/aws\"]",
      "instances": [
        {
          "index_key": "0",
          "schema_version": 0,
          "attributes": {
            "id": "sg-a300834f21fad487d_eni-767aa9c6014a51af8",
            "network_interface_id": "eni-767aa9c6014a51af8",
            "security_group_id": "sg-a300834f21fad487d",
            "timeouts": null
          },
          "sensitive_attributes": [],
          "identity_schema_version": 0,
          "private": "eyJlMmJmYjczMC1lY2FhLTExZTYtOGY4OC0zNDM2M2JjN2M0YzAiOnsiY3JlYXRlIjoxODAwMDAwMDAwMDAsImRlbGV0ZSI6MTgwMDAwMDAwMDAwLCJyZWFkIjoxODAwMDAwMDAwMDB9fQ==",
          "dependencies": [
            "aws_instance.frontend",
            "aws_network_interface.frontend",
            "aws_security_group.frontend",
            "aws_subnet.frontend",
            "aws_vpc.main",
            "data.aws_ami.frontend",
            "data.aws_availability_zones.available",
            "data.aws_key_pair.main",
            "random_shuffle.az"
          ]
        },
        {
          "index_key": "1",
          "schema_version": 0,
          "attributes": {
            "id": "sg-a300834f21fad487d_eni-22da7a4b595695141",
            "network_interface_id": "eni-22da7a4b595695141",
            "security_group_id": "sg-a300834f21fad487d",
            "timeouts": null
          },
          "sensitive_attributes": [],
          "identity_schema_version": 0,
          "private": "eyJlMmJmYjczMC1lY2FhLTExZTYtOGY4OC0zNDM2M2JjN2M0YzAiOnsiY3JlYXRlIjoxODAwMDAwMDAwMDAsImRlbGV0ZSI6MTgwMDAwMDAwMDAwLCJyZWFkIjoxODAwMDAwMDAwMDB9fQ==",
          "dependencies": [
            "aws_instance.frontend",
            "aws_network_interface.frontend",
            "aws_security_group.frontend",
            "aws_subnet.frontend",
            "aws_vpc.main",
            "data.aws_ami.frontend",
            "data.aws_availability_zones.available",
            "data.aws_key_pair.main",
            "random_shuffle.az"
          ]
        }
      ]
    },
    {
      "mode": "managed",
      "type": "aws_resourcegroups_group",
      "name": "main",
      "provider": "provider[\"registry.terraform.io/hashicorp/aws\"]",
      "instances": [
        {
          "schema_version": 0,
          "attributes": {
            "arn": "arn:aws:resource-groups:us-west-1:000000000000:group/fleet-portal-dev",
            "configuration": [],
            "description": "",
            "id": "fleet-portal-dev",
            "name": "fleet-portal-dev",
            "resource_query": [
              {
                "query": "{\"ResourceTypeFilters\":[\"AWS::AllSupported\"],\"TagFilters\":[{\"Key\":\"application\",\"Values\":[\"fleet-portal\"]},{\"Key\":\"environment\",\"Values\":[\"dev\"]}]}",
                "type": "TAG_FILTERS_1_0"
              }
            ],
            "tags": null,
            "tags_all": {},
            "timeouts": null
          },
          "sensitive_attributes": [],
          "identity_schema_version": 0,
          "private": "eyJlMmJmYjczMC1lY2FhLTExZTYtOGY4OC0zNDM2M2JjN2M0YzAiOnsiY3JlYXRlIjo5MDAwMDAwMDAwMDAsInVwZGF0ZSI6OTAwMDAwMDAwMDAwfX0="
        }
      ]
    },
    {
      "mode": "managed",
      "type": "aws_route_table",
      "name": "backend",
      "provider": "provider[\"registry.terraform.io/hashicorp/aws\"]",
      "instances": [
        {
          "index_key": "0",
          "schema_version": 0,
          "attributes": {
            "arn": "arn:aws:ec2:us-east-1:000000000000:route-table/rtb-ef27d58e9e746a6b5",
            "id": "rtb-ef27d58e9e746a6b5",
            "owner_id": "000000000000",
            "propagating_vgws": [],
            "route": [
              {
                "carrier_gateway_id": "",
                "cidr_block": "0.0.0.0/0",
                "core_network_arn": "",
                "destination_prefix_list_id": "",
                "egress_only_gateway_id": "",
                "gateway_id": "",
                "ipv6_cidr_block": "",
                "local_gateway_id": "",
                "nat_gateway_id": "nat-328f2238d63d5e263",
                "network_interface_id": "",
                "transit_gateway_id": "",
                "vpc_endpoint_id": "",
                "vpc_peering_connection_id": ""
              }
            ],
            "tags": null,
            "tags_all": {},
            "timeouts": null,
            "vpc_id": "vpc-e3066d3a38dae6dbc"
          },
          "sensitive_attributes": [],
          "identity_schema_version": 0,
          "private": "eyJlMmJmYjczMC1lY2FhLTExZTYtOGY4OC0zNDM2M2JjN2M0YzAiOnsiY3JlYXRlIjozMDAwMDAwMDAwMDAsImRlbGV0ZSI6MzAwMDAwMDAwMDAwLCJ1cGRhdGUiOjEyMDAwMDAwMDAwMH19",
          "dependencies": [
            "aws_eip.nat",
            "aws_internet_gateway.main",
            "aws_nat_gateway.nat",
            "aws_subnet.backend",
            "aws_vpc.main",
            "data.aws_availability_zones.available",
            "random_shuffle.az"
          ]
        },
        {
          "index_key": "1",
          "schema_version": 0,
          "attributes": {
            "arn": "arn:aws:ec2:us-east-1:000000000000:route-table/rtb-22222f87ff058b3e6",
            "id": "rtb-22222f87ff058b3e6",
            "owner_id": "000000000000",
            "propagating_vgws": [],
            "route": [
              {
                "carrier_gateway_id": "",
                "cidr_block": "0.0.0.0/0",
                "core_network_arn": "",
                "destination_prefix_list_id": "",
                "egress_only_gateway_id": "",
                "gateway_id": "",
                "ipv6_cidr_block": "",
                "local_gateway_id": "",
                "nat_gateway_id": "nat-49530f24a5c2f97d1",
                "network_interface_id": "",
                "transit_gateway_id": "",
                "vpc_endpoint_id": "",
                "vpc_peering_connection_id": ""
              }
            ],
            "tags": null,
            "tags_all": {},
            "timeouts": null,
            "vpc_id": "vpc-e3066d3a38dae6dbc"
          },
          "sensitive_attributes": [],
          "identity_schema_version": 0,
          "private": "eyJlMmJmYjczMC1lY2FhLTExZTYtOGY4OC0zNDM2M2JjN2M0YzAiOnsiY3JlYXRlIjozMDAwMDAwMDAwMDAsImRlbGV0ZSI6MzAwMDAwMDAwMDAwLCJ1cGRhdGUiOjEyMDAwMDAwMDAwMH19",
          "dependencies": [
            "aws_eip.nat",
            "aws_internet_gateway.main",
            "aws_nat_gateway.nat",
            "aws_subnet.backend",
            "aws_vpc.main",
            "data.aws_availability_zones.available",
            "random_shuffle.az"
          ]
        }
      ]
    },
    {
      "mode": "managed",
      "type": "aws_route_table",
      "name": "frontend",
      "provider": "provider[\"registry.terraform.io/hashicorp/aws\"]",
      "instances": [
        {
          "schema_version": 0,
          "attributes": {
            "arn": "arn:aws:ec2:us-east-1:000000000000:route-table/rtb-150292be0c38cffb6",
            "id": "rtb-150292be0c38cffb6",
            "owner_id": "000000000000",
            "propagating_vgws": [],
            "route": [
              {
                "carrier_gateway_id": "",
                "cidr_block": "0.0.0.0/0",
                "core_network_arn": "",
                "destination_prefix_list_id": "",
                "egress_only_gateway_id": "",
                "gateway_id": "igw-122ca2961c177f748",
                "ipv6_cidr_block": "",
                "local_gateway_id": "",
                "nat_gateway_id": "",
                "network_interface_id": "",
                "transit_gateway_id": "",
                "vpc_endpoint_id": "",
                "vpc_peering_connection_id": ""
              }
            ],
            "tags": null,
            "tags_all": {},
            "timeouts": null,
            "vpc_id": "vpc-e3066d3a38dae6dbc"
          },
          "sensitive_attributes": [],
          "identity_schema_version": 0,
          "private": "eyJlMmJmYjczMC1lY2FhLTExZTYtOGY4OC0zNDM2M2JjN2M0YzAiOnsiY3JlYXRlIjozMDAwMDAwMDAwMDAsImRlbGV0ZSI6MzAwMDAwMDAwMDAwLCJ1cGRhdGUiOjEyMDAwMDAwMDAwMH19",
          "dependencies": [
            "aws_internet_gateway.main",
            "aws_vpc.main"
          ]
        }
      ]
    },
    {
      "mode": "managed",
      "type": "aws_route_table_association",
      "name": "backend",
      "provider": "provider[\"registry.terraform.io/hashicorp/aws\"]",
      "instances": [
        {
          "index_key": "0",
          "schema_version": 0,
          "attributes": {
            "gateway_id": "",
            "id": "rtbassoc-9e44a74be83a3b8a8",
            "route_table_id": "rtb-ef27d58e9e746a6b5",
            "subnet_id": "subnet-f99534254655515de",
            "timeouts": null
          },
          "sensitive_attributes": [],
          "identity_schema_version": 0,
          "private": "eyJlMmJmYjczMC1lY2FhLTExZTYtOGY4OC0zNDM2M2JjN2M0YzAiOnsiY3JlYXRlIjozMDAwMDAwMDAwMDAsImRlbGV0ZSI6MzAwMDAwMDAwMDAwLCJ1cGRhdGUiOjEyMDAwMDAwMDAwMH19",
          "dependencies": [
            "aws_eip.nat",
            "aws_internet_gateway.main",
            "aws_nat_gateway.nat",
            "aws_route_table.backend",
            "aws_subnet.backend",
            "aws_vpc.main",
            "data.aws_availability_zones.available",
            "random_shuffle.az"
          ]
        },
        {
          "index_key": "1",
          "schema_version": 0,
          "attributes": {
            "gateway_id": "",
            "id": "rtbassoc-6988e4b7f7545fccf",
            "route_table_id": "rtb-22222f87ff058b3e6",
            "subnet_id": "subnet-504f4f4179bda3bc6",
            "timeouts": null
          },
          "sensitive_attributes": [],
          "identity_schema_version": 0,
          "private": "eyJlMmJmYjczMC1lY2FhLTExZTYtOGY4OC0zNDM2M2JjN2M0YzAiOnsiY3JlYXRlIjozMDAwMDAwMDAwMDAsImRlbGV0ZSI6MzAwMDAwMDAwMDAwLCJ1cGRhdGUiOjEyMDAwMDAwMDAwMH19",
          "dependencies": [
            "aws_eip.nat",
            "aws_internet_gateway.main",
            "aws_nat_gateway.nat",
            "aws_route_table.backend",
            "aws_subnet.backend",
            "aws_vpc.main",
            "data.aws_availability_zones.available",
            "random_shuffle.az"
          ]
        }
      ]
    },
    {
      "mode": "managed",
      "type": "aws_route_table_association",
      "name": "frontend",
      "provider": "provider[\"registry.terraform.io/hashicorp/aws\"]",
      "instances": [
        {
          "index_key": "0",
          "schema_version": 0,
          "attributes": {
            "gateway_id": "",
            "id": "rtbassoc-8c9a96e76af518402",
            "route_table_id": "rtb-150292be0c38cffb6",
            "subnet_id": "subnet-f691b2486cee0a2aa",
            "timeouts": null
          },
          "sensitive_attributes": [],
          "identity_schema_version": 0,
          "private": "eyJlMmJmYjczMC1lY2FhLTExZTYtOGY4OC0zNDM2M2JjN2M0YzAiOnsiY3JlYXRlIjozMDAwMDAwMDAwMDAsImRlbGV0ZSI6MzAwMDAwMDAwMDAwLCJ1cGRhdGUiOjEyMDAwMDAwMDAwMH19",
          "dependencies": [
            "aws_internet_gateway.main",
            "aws_route_table.frontend",
            "aws_subnet.frontend",
            "aws_vpc.main",
            "data.aws_availability_zones.available",
            "random_shuffle.az"
          ]
        },
        {
          "index_key": "1",
          "schema_version": 0,
          "attributes": {
            "gateway_id": "",
            "id": "rtbassoc-a7dab699f1d03de4c",
            "route_table_id": "rtb-150292be0c38cffb6",
            "subnet_id": "subnet-2e6c2bfd21845bc87",
            "timeouts": null
          },
          "sensitive_attributes": [],
          "identity_schema_version": 0,
          "private": "eyJlMmJmYjczMC1lY2FhLTExZTYtOGY4OC0zNDM2M2JjN2M0YzAiOnsiY3JlYXRlIjozMDAwMDAwMDAwMDAsImRlbGV0ZSI6MzAwMDAwMDAwMDAwLCJ1cGRhdGUiOjEyMDAwMDAwMDAwMH19",
          "dependencies": [
            "aws_internet_gateway.main",
            "aws_route_table.frontend",
            "aws_subnet.frontend",
            "aws_vpc.main",
            "data.aws_availability_zones.available",
            "random_shuffle.az"
          ]
        }
      ]
    },
    {
      "mode": "managed",
      "type": "aws_s3_bucket",
      "name": "alb_logs",
      "provider": "provider[\"registry.terraform.io/hashicorp/aws\"]",
      "instances": [
        {
          "schema_version": 0,
          "attributes": {
            "acceleration_status": "",
            "acl": null,
            "arn": "arn:aws:s3:::alb-access-logs-20260326002645325300000002",
            "bucket": "alb-access-logs-20260326002645325300000002",
            "bucket_domain_name": "alb-access-logs-20260326002645325300000002.s3.amazonaws.com",
            "bucket_prefix": "alb-access-logs-",
            "bucket_regional_domain_name": "alb-access-logs-20260326002645325300000002.s3.us-east-1.amazonaws.com",
            "cors_rule": [],
            "force_destroy": false,
            "grant": [
              {
                "id": "75aa57f09aa0c8caeab4f8c24e99d10f8e7faeebf76c078efc7c6caea54ba06a",
                "permissions": [
                  "FULL_CONTROL"
                ],
                "type": "CanonicalUser",
                "uri": ""
              }
            ],
            "hosted_zone_id": "Z3AQBSTGFYJSTF",
            "id": "alb-access-logs-20260326002645325300000002",
            "lifecycle_rule": [],
            "logging": [],
            "object_lock_configuration": [],
            "object_lock_enabled": false,
            "policy": "",
            "region": "us-east-1",
            "replication_configuration": [],
            "request_payer": "BucketOwner",
            "server_side_encryption_configuration": [
              {
                "rule": [
                  {
                    "apply_server_side_encryption_by_default": [
                      {
                        "kms_master_key_id": "",
                        "sse_algorithm": "AES256"
                      }
                    ],
                    "bucket_key_enabled": false
                  }
                ]
              }
            ],
            "tags": {
              "Name": "alb-access-logs",
              "Purpose": "ALB access log storage"
            },
            "tags_all": {
              "Name": "alb-access-logs",
              "Purpose": "ALB access log storage"
            },
            "timeouts": null,
            "versioning": [
              {
                "enabled": false,
                "mfa_delete": false
              }
            ],
            "website": [],
            "website_domain": null,
            "website_endpoint": null
          },
          "sensitive_attributes": [],
          "identity_schema_version": 0,
          "private": "eyJlMmJmYjczMC1lY2FhLTExZTYtOGY4OC0zNDM2M2JjN2M0YzAiOnsiY3JlYXRlIjoxMjAwMDAwMDAwMDAwLCJkZWxldGUiOjM2MDAwMDAwMDAwMDAsInJlYWQiOjEyMDAwMDAwMDAwMDAsInVwZGF0ZSI6MTIwMDAwMDAwMDAwMH19"
        }
      ]
    },
    {
      "mode": "managed",
      "type": "aws_s3_bucket_lifecycle_configuration",
      "name": "alb_logs",
      "provider": "provider[\"registry.terraform.io/hashicorp/aws\"]",
      "instances": [
        {
          "schema_version": 1,
          "attributes": {
            "bucket": "alb-access-logs-20260326002645325300000002",
            "expected_bucket_owner": "",
            "id": "alb-access-logs-20260326002645325300000002",
            "rule": [
              {
                "abort_incomplete_multipart_upload": [
                  {
                    "days_after_initiation": 7
                  }
                ],
                "expiration": [
                  {
                    "date": null,
                    "days": 365,
                    "expired_object_delete_marker": false
                  }
                ],
                "filter": [],
                "id": "log-retention",
                "noncurrent_version_expiration": [],
                "noncurrent_version_transition": [],
                "prefix": "",
                "status": "Enabled",
                "transition": [
                  {
                    "date": null,
                    "days": 30,
                    "storage_class": "STANDARD_IA"
                  },
                  {
                    "date": null,
                    "days": 90,
                    "storage_class": "GLACIER"
                  }
                ]
              }
            ],
            "timeouts": null,
            "transition_default_minimum_object_size": "all_storage_classes_128K"
          },
          "sensitive_attributes": [],
          "identity_schema_version": 0,
          "dependencies": [
            "aws_s3_bucket.alb_logs"
          ]
        }
      ]
    },
    {
      "mode": "managed",
      "type": "aws_s3_bucket_policy",
      "name": "alb_logs",
      "provider": "provider[\"registry.terraform.io/hashicorp/aws\"]",
      "instances": [
        {
          "schema_version": 0,
          "attributes": {
            "bucket": "alb-access-logs-20260326002645325300000002",
            "id": "alb-access-logs-20260326002645325300000002",
            "policy": "{\"Statement\":[{\"Action\":\"s3:PutObject\",\"Effect\":\"Allow\",\"Principal\":{\"AWS\":\"arn:aws:iam::127311923021:root\"},\"Resource\":\"arn:aws:s3:::alb-access-logs-20260326002645325300000002/alb-logs/AWSLogs/*\"},{\"Action\":\"s3:PutObject\",\"Condition\":{\"StringEquals\":{\"s3:x-amz-acl\":\"bucket-owner-full-control\"}},\"Effect\":\"Allow\",\"Principal\":{\"Service\":\"delivery.logs.amazonaws.com\"},\"Resource\":\"arn:aws:s3:::alb-access-logs-20260326002645325300000002/alb-logs/AWSLogs/*\"},{\"Action\":\"s3:GetBucketAcl\",\"Effect\":\"Allow\",\"Principal\":{\"Service\":\"delivery.logs.amazonaws.com\"},\"Resource\":\"arn:aws:s3:::alb-access-logs-20260326002645325300000002\"}],\"Version\":\"2012-10-17\"}"
          },
          "sensitive_attributes": [],
          "identity_schema_version": 0,
          "private": "bnVsbA==",
          "dependencies": [
            "aws_s3_bucket.alb_logs",
            "data.aws_elb_service_account.current"
          ]
        }
      ]
    },
    {
      "mode": "managed",
      "type": "aws_s3_bucket_public_access_block",
      "name": "alb_logs",
      "provider": "provider[\"registry.terraform.io/hashicorp/aws\"]",
      "instances": [
        {
          "schema_version": 0,
          "attributes": {
            "block_public_acls": true,
            "block_public_policy": true,
            "bucket": "alb-access-logs-20260326002645325300000002",
            "id": "alb-access-logs-20260326002645325300000002",
            "ignore_public_acls": true,
            "restrict_public_buckets": true
          },
          "sensitive_attributes": [],
          "identity_schema_version": 0,
          "private": "bnVsbA==",
          "dependencies": [
            "aws_s3_bucket.alb_logs"
          ]
        }
      ]
    },
    {
      "mode": "managed",
      "type": "aws_s3_bucket_server_side_encryption_configuration",
      "name": "alb_logs",
      "provider": "provider[\"registry.terraform.io/hashicorp/aws\"]",
      "instances": [
        {
          "schema_version": 0,
          "attributes": {
            "bucket": "alb-access-logs-20260326002645325300000002",
            "expected_bucket_owner": "",
            "id": "alb-access-logs-20260326002645325300000002",
            "rule": [
              {
                "apply_server_side_encryption_by_default": [
                  {
                    "kms_master_key_id": "",
                    "sse_algorithm": "AES256"
                  }
                ],
                "bucket_key_enabled": null
              }
            ]
          },
          "sensitive_attributes": [],
          "identity_schema_version": 0,
          "private": "bnVsbA==",
          "dependencies": [
            "aws_s3_bucket.alb_logs"
          ]
        }
      ]
    },
    {
      "mode": "managed",
      "type": "aws_s3_bucket_versioning",
      "name": "alb_logs",
      "provider": "provider[\"registry.terraform.io/hashicorp/aws\"]",
      "instances": [
        {
          "schema_version": 0,
          "attributes": {
            "bucket": "alb-access-logs-20260326002645325300000002",
            "expected_bucket_owner": "",
            "id": "alb-access-logs-20260326002645325300000002",
            "mfa": null,
            "versioning_configuration": [
              {
                "mfa_delete": "",
                "status": "Enabled"
              }
            ]
          },
          "sensitive_attributes": [],
          "identity_schema_version": 0,
          "private": "bnVsbA==",
          "dependencies": [
            "aws_s3_bucket.alb_logs"
          ]
        }
      ]
    },
    {
      "mode": "managed",
      "type": "aws_security_group",
      "name": "backend",
      "provider": "provider[\"registry.terraform.io/hashicorp/aws\"]",
      "instances": [
        {
          "schema_version": 1,
          "attributes": {
            "arn": "arn:aws:ec2:us-east-1:000000000000:security-group/sg-e33517301e1d904a4",
            "description": "Security group for the backend EC2 instances",
            "egress": [],
            "id": "sg-e33517301e1d904a4",
            "ingress": [],
            "name": "fleet-portal-dev-backend-sg",
            "name_prefix": "",
            "owner_id": "000000000000",
            "revoke_rules_on_delete": false,
            "tags": null,
            "tags_all": {},
            "timeouts": null,
            "vpc_id": "vpc-e3066d3a38dae6dbc"
          },
          "sensitive_attributes": [],
          "identity_schema_version": 0,
          "private": "eyJlMmJmYjczMC1lY2FhLTExZTYtOGY4OC0zNDM2M2JjN2M0YzAiOnsiY3JlYXRlIjo2MDAwMDAwMDAwMDAsImRlbGV0ZSI6OTAwMDAwMDAwMDAwfSwic2NoZW1hX3ZlcnNpb24iOiIxIn0=",
          "dependencies": [
            "aws_vpc.main"
          ]
        }
      ]
    },
    {
      "mode": "managed",
      "type": "aws_security_group",
      "name": "backend_lb",
      "provider": "provider[\"registry.terraform.io/hashicorp/aws\"]",
      "instances": [
        {
          "schema_version": 1,
          "attributes": {
            "arn": "arn:aws:ec2:us-east-1:000000000000:security-group/sg-a29d6357d1a615a4c",
            "description": "Security group for the load balancer",
            "egress": [],
            "id": "sg-a29d6357d1a615a4c",
            "ingress": [],
            "name": "fleet-portal-dev-backend-lb-sg",
            "name_prefix": "",
            "owner_id": "000000000000",
            "revoke_rules_on_delete": false,
            "tags": null,
            "tags_all": {},
            "timeouts": null,
            "vpc_id": "vpc-e3066d3a38dae6dbc"
          },
          "sensitive_attributes": [],
          "identity_schema_version": 0,
          "private": "eyJlMmJmYjczMC1lY2FhLTExZTYtOGY4OC0zNDM2M2JjN2M0YzAiOnsiY3JlYXRlIjo2MDAwMDAwMDAwMDAsImRlbGV0ZSI6OTAwMDAwMDAwMDAwfSwic2NoZW1hX3ZlcnNpb24iOiIxIn0=",
          "dependencies": [
            "aws_vpc.main"
          ]
        }
      ]
    },
    {
      "mode": "managed",
      "type": "aws_security_group",
      "name": "frontend",
      "provider": "provider[\"registry.terraform.io/hashicorp/aws\"]",
      "instances": [
        {
          "schema_version": 1,
          "attributes": {
            "arn": "arn:aws:ec2:us-east-1:000000000000:security-group/sg-a300834f21fad487d",
            "description": "Security group for the frontend EC2 instances",
            "egress": [],
            "id": "sg-a300834f21fad487d",
            "ingress": [],
            "name": "fleet-portal-dev-frontend-sg",
            "name_prefix": "",
            "owner_id": "000000000000",
            "revoke_rules_on_delete": false,
            "tags": null,
            "tags_all": {},
            "timeouts": null,
            "vpc_id": "vpc-e3066d3a38dae6dbc"
          },
          "sensitive_attributes": [],
          "identity_schema_version": 0,
          "private": "eyJlMmJmYjczMC1lY2FhLTExZTYtOGY4OC0zNDM2M2JjN2M0YzAiOnsiY3JlYXRlIjo2MDAwMDAwMDAwMDAsImRlbGV0ZSI6OTAwMDAwMDAwMDAwfSwic2NoZW1hX3ZlcnNpb24iOiIxIn0=",
          "dependencies": [
            "aws_vpc.main"
          ]
        }
      ]
    },
    {
      "mode": "managed",
      "type": "aws_security_group",
      "name": "frontend_lb",
      "provider": "provider[\"registry.terraform.io/hashicorp/aws\"]",
      "instances": [
        {
          "schema_version": 1,
          "attributes": {
            "arn": "arn:aws:ec2:us-east-1:000000000000:security-group/sg-37469be2498129cda",
            "description": "Security group for the load balancer",
            "egress": [],
            "id": "sg-37469be2498129cda",
            "ingress": [],
            "name": "fleet-portal-dev-frontend-lb-sg",
            "name_prefix": "",
            "owner_id": "000000000000",
            "revoke_rules_on_delete": false,
            "tags": null,
            "tags_all": {},
            "timeouts": null,
            "vpc_id": "vpc-e3066d3a38dae6dbc"
          },
          "sensitive_attributes": [],
          "identity_schema_version": 0,
          "private": "eyJlMmJmYjczMC1lY2FhLTExZTYtOGY4OC0zNDM2M2JjN2M0YzAiOnsiY3JlYXRlIjo2MDAwMDAwMDAwMDAsImRlbGV0ZSI6OTAwMDAwMDAwMDAwfSwic2NoZW1hX3ZlcnNpb24iOiIxIn0=",
          "dependencies": [
            "aws_vpc.main"
          ]
        }
      ]
    },
    {
      "mode": "managed",
      "type": "aws_security_group_rule",
      "name": "backend_http",
      "provider": "provider[\"registry.terraform.io/hashicorp/aws\"]",
      "instances": [
        {
          "schema_version": 2,
          "attributes": {
            "cidr_blocks": null,
            "description": null,
            "from_port": 5000,
            "id": "sgrule-148543201",
            "ipv6_cidr_blocks": null,
            "prefix_list_ids": null,
            "protocol": "tcp",
            "security_group_id": "sg-e33517301e1d904a4",
            "security_group_rule_id": "sgr-f5375df45601b30ef",
            "self": false,
            "source_security_group_id": "sg-a29d6357d1a615a4c",
            "timeouts": null,
            "to_port": 5000,
            "type": "ingress"
          },
          "sensitive_attributes": [],
          "identity_schema_version": 0,
          "private": "eyJlMmJmYjczMC1lY2FhLTExZTYtOGY4OC0zNDM2M2JjN2M0YzAiOnsiY3JlYXRlIjozMDAwMDAwMDAwMDB9LCJzY2hlbWFfdmVyc2lvbiI6IjIifQ==",
          "dependencies": [
            "aws_security_group.backend",
            "aws_security_group.backend_lb",
            "aws_vpc.main"
          ]
        }
      ]
    },
    {
      "mode": "managed",
      "type": "aws_security_group_rule",
      "name": "backend_lb_egress_http",
      "provider": "provider[\"registry.terraform.io/hashicorp/aws\"]",
      "instances": [
        {
          "schema_version": 2,
          "attributes": {
            "cidr_blocks": null,
            "description": null,
            "from_port": 5000,
            "id": "sgrule-1069630742",
            "ipv6_cidr_blocks": null,
            "prefix_list_ids": null,
            "protocol": "tcp",
            "security_group_id": "sg-a29d6357d1a615a4c",
            "security_group_rule_id": "sgr-7f4790d15740555d0",
            "self": false,
            "source_security_group_id": "sg-e33517301e1d904a4",
            "timeouts": null,
            "to_port": 5000,
            "type": "egress"
          },
          "sensitive_attributes": [],
          "identity_schema_version": 0,
          "private": "eyJlMmJmYjczMC1lY2FhLTExZTYtOGY4OC0zNDM2M2JjN2M0YzAiOnsiY3JlYXRlIjozMDAwMDAwMDAwMDB9LCJzY2hlbWFfdmVyc2lvbiI6IjIifQ==",
          "dependencies": [
            "aws_security_group.backend",
            "aws_security_group.backend_lb",
            "aws_vpc.main"
          ]
        }
      ]
    },
    {
      "mode": "managed",
      "type": "aws_security_group_rule",
      "name": "backend_lb_ingress_http",
      "provider": "provider[\"registry.terraform.io/hashicorp/aws\"]",
      "instances": [
        {
          "schema_version": 2,
          "attributes": {
            "cidr_blocks": null,
            "description": null,
            "from_port": 80,
            "id": "sgrule-1653859365",
            "ipv6_cidr_blocks": null,
            "prefix_list_ids": null,
            "protocol": "tcp",
            "security_group_id": "sg-a29d6357d1a615a4c",
            "security_group_rule_id": "sgr-287a7dc4b0e6d6b0d",
            "self": false,
            "source_security_group_id": "sg-a300834f21fad487d",
            "timeouts": null,
            "to_port": 80,
            "type": "ingress"
          },
          "sensitive_attributes": [],
          "identity_schema_version": 0,
          "private": "eyJlMmJmYjczMC1lY2FhLTExZTYtOGY4OC0zNDM2M2JjN2M0YzAiOnsiY3JlYXRlIjozMDAwMDAwMDAwMDB9LCJzY2hlbWFfdmVyc2lvbiI6IjIifQ==",
          "dependencies": [
            "aws_security_group.backend_lb",
            "aws_security_group.frontend",
            "aws_vpc.main"
          ]
        }
      ]
    },
    {
      "mode": "managed",
      "type": "aws_security_group_rule",
      "name": "backend_ssh",
      "provider": "provider[\"registry.terraform.io/hashicorp/aws\"]",
      "instances": [
        {
          "schema_version": 2,
          "attributes": {
            "cidr_blocks": null,
            "description": null,
            "from_port": 22,
            "id": "sgrule-2856721987",
            "ipv6_cidr_blocks": null,
            "prefix_list_ids": null,
            "protocol": "tcp",
            "security_group_id": "sg-e33517301e1d904a4",
            "security_group_rule_id": "sgr-0e243291dcaae2ec1",
            "self": false,
            "source_security_group_id": "sg-a300834f21fad487d",
            "timeouts": null,
            "to_port": 22,
            "type": "ingress"
          },
          "sensitive_attributes": [],
          "identity_schema_version": 0,
          "private": "eyJlMmJmYjczMC1lY2FhLTExZTYtOGY4OC0zNDM2M2JjN2M0YzAiOnsiY3JlYXRlIjozMDAwMDAwMDAwMDB9LCJzY2hlbWFfdmVyc2lvbiI6IjIifQ==",
          "dependencies": [
            "aws_security_group.backend",
            "aws_security_group.frontend",
            "aws_vpc.main"
          ]
        }
      ]
    },
    {
      "mode": "managed",
      "type": "aws_security_group_rule",
      "name": "frontend_egress_http",
      "provider": "provider[\"registry.terraform.io/hashicorp/aws\"]",
      "instances": [
        {
          "schema_version": 2,
          "attributes": {
            "cidr_blocks": null,
            "description": null,
            "from_port": 80,
            "id": "sgrule-63958504",
            "ipv6_cidr_blocks": null,
            "prefix_list_ids": null,
            "protocol": "tcp",
            "security_group_id": "sg-a300834f21fad487d",
            "security_group_rule_id": "sgr-60f2cff9ce6f31134",
            "self": false,
            "source_security_group_id": "sg-a29d6357d1a615a4c",
            "timeouts": null,
            "to_port": 80,
            "type": "egress"
          },
          "sensitive_attributes": [],
          "identity_schema_version": 0,
          "private": "eyJlMmJmYjczMC1lY2FhLTExZTYtOGY4OC0zNDM2M2JjN2M0YzAiOnsiY3JlYXRlIjozMDAwMDAwMDAwMDB9LCJzY2hlbWFfdmVyc2lvbiI6IjIifQ==",
          "dependencies": [
            "aws_security_group.backend_lb",
            "aws_security_group.frontend",
            "aws_vpc.main"
          ]
        }
      ]
    },
    {
      "mode": "managed",
      "type": "aws_security_group_rule",
      "name": "frontend_http",
      "provider": "provider[\"registry.terraform.io/hashicorp/aws\"]",
      "instances": [
        {
          "schema_version": 2,
          "attributes": {
            "cidr_blocks": null,
            "description": null,
            "from_port": 5000,
            "id": "sgrule-3437649757",
            "ipv6_cidr_blocks": null,
            "prefix_list_ids": null,
            "protocol": "tcp",
            "security_group_id": "sg-a300834f21fad487d",
            "security_group_rule_id": "sgr-a053b083129a05928",
            "self": false,
            "source_security_group_id": "sg-37469be2498129cda",
            "timeouts": null,
            "to_port": 5000,
            "type": "ingress"
          },
          "sensitive_attributes": [],
          "identity_schema_version": 0,
          "private": "eyJlMmJmYjczMC1lY2FhLTExZTYtOGY4OC0zNDM2M2JjN2M0YzAiOnsiY3JlYXRlIjozMDAwMDAwMDAwMDB9LCJzY2hlbWFfdmVyc2lvbiI6IjIifQ==",
          "dependencies": [
            "aws_security_group.frontend",
            "aws_security_group.frontend_lb",
            "aws_vpc.main"
          ]
        }
      ]
    },
    {
      "mode": "managed",
      "type": "aws_security_group_rule",
      "name": "frontend_https",
      "provider": "provider[\"registry.terraform.io/hashicorp/aws\"]",
      "instances": [
        {
          "schema_version": 2,
          "attributes": {
            "cidr_blocks": null,
            "description": null,
            "from_port": 443,
            "id": "sgrule-32057923",
            "ipv6_cidr_blocks": null,
            "prefix_list_ids": null,
            "protocol": "tcp",
            "security_group_id": "sg-a300834f21fad487d",
            "security_group_rule_id": "sgr-d5e78ae66d817b9eb",
            "self": false,
            "source_security_group_id": "sg-37469be2498129cda",
            "timeouts": null,
            "to_port": 443,
            "type": "ingress"
          },
          "sensitive_attributes": [],
          "identity_schema_version": 0,
          "private": "eyJlMmJmYjczMC1lY2FhLTExZTYtOGY4OC0zNDM2M2JjN2M0YzAiOnsiY3JlYXRlIjozMDAwMDAwMDAwMDB9LCJzY2hlbWFfdmVyc2lvbiI6IjIifQ==",
          "dependencies": [
            "aws_security_group.frontend",
            "aws_security_group.frontend_lb",
            "aws_vpc.main"
          ]
        }
      ]
    },
    {
      "mode": "managed",
      "type": "aws_security_group_rule",
      "name": "frontend_lb_egress_http",
      "provider": "provider[\"registry.terraform.io/hashicorp/aws\"]",
      "instances": [
        {
          "schema_version": 2,
          "attributes": {
            "cidr_blocks": null,
            "description": null,
            "from_port": 5000,
            "id": "sgrule-4018301136",
            "ipv6_cidr_blocks": null,
            "prefix_list_ids": null,
            "protocol": "tcp",
            "security_group_id": "sg-37469be2498129cda",
            "security_group_rule_id": "sgr-8cc27361e9f88902e",
            "self": false,
            "source_security_group_id": "sg-37469be2498129cda",
            "timeouts": null,
            "to_port": 5000,
            "type": "egress"
          },
          "sensitive_attributes": [],
          "identity_schema_version": 0,
          "private": "eyJlMmJmYjczMC1lY2FhLTExZTYtOGY4OC0zNDM2M2JjN2M0YzAiOnsiY3JlYXRlIjozMDAwMDAwMDAwMDB9LCJzY2hlbWFfdmVyc2lvbiI6IjIifQ==",
          "dependencies": [
            "aws_security_group.frontend_lb",
            "aws_vpc.main"
          ]
        }
      ]
    },
    {
      "mode": "managed",
      "type": "aws_security_group_rule",
      "name": "frontend_lb_ingress_http",
      "provider": "provider[\"registry.terraform.io/hashicorp/aws\"]",
      "instances": [
        {
          "schema_version": 2,
          "attributes": {
            "cidr_blocks": [
              "0.0.0.0/0"
            ],
            "description": null,
            "from_port": 80,
            "id": "sgrule-2121216402",
            "ipv6_cidr_blocks": null,
            "prefix_list_ids": null,
            "protocol": "tcp",
            "security_group_id": "sg-37469be2498129cda",
            "security_group_rule_id": "sgr-08151da651cef62df",
            "self": false,
            "source_security_group_id": null,
            "timeouts": null,
            "to_port": 80,
            "type": "ingress"
          },
          "sensitive_attributes": [],
          "identity_schema_version": 0,
          "private": "eyJlMmJmYjczMC1lY2FhLTExZTYtOGY4OC0zNDM2M2JjN2M0YzAiOnsiY3JlYXRlIjozMDAwMDAwMDAwMDB9LCJzY2hlbWFfdmVyc2lvbiI6IjIifQ==",
          "dependencies": [
            "aws_security_group.frontend_lb",
            "aws_vpc.main"
          ]
        }
      ]
    },
    {
      "mode": "managed",
      "type": "aws_security_group_rule",
      "name": "frontend_lb_ingress_https",
      "provider": "provider[\"registry.terraform.io/hashicorp/aws\"]",
      "instances": [
        {
          "schema_version": 2,
          "attributes": {
            "cidr_blocks": [
              "0.0.0.0/0"
            ],
            "description": null,
            "from_port": 443,
            "id": "sgrule-3029005375",
            "ipv6_cidr_blocks": null,
            "prefix_list_ids": null,
            "protocol": "tcp",
            "security_group_id": "sg-37469be2498129cda",
            "security_group_rule_id": "sgr-d4820169ab59341ca",
            "self": false,
            "source_security_group_id": null,
            "timeouts": null,
            "to_port": 443,
            "type": "ingress"
          },
          "sensitive_attributes": [],
          "identity_schema_version": 0,
          "private": "eyJlMmJmYjczMC1lY2FhLTExZTYtOGY4OC0zNDM2M2JjN2M0YzAiOnsiY3JlYXRlIjozMDAwMDAwMDAwMDB9LCJzY2hlbWFfdmVyc2lvbiI6IjIifQ==",
          "dependencies": [
            "aws_security_group.frontend_lb",
            "aws_vpc.main"
          ]
        }
      ]
    },
    {
      "mode": "managed",
      "type": "aws_security_group_rule",
      "name": "frontend_ssh",
      "provider": "provider[\"registry.terraform.io/hashicorp/aws\"]",
      "instances": [
        {
          "schema_version": 2,
          "attributes": {
            "cidr_blocks": [
              "0.0.0.0/0"
            ],
            "description": null,
            "from_port": 22,
            "id": "sgrule-516224672",
            "ipv6_cidr_blocks": null,
            "prefix_list_ids": null,
            "protocol": "tcp",
            "security_group_id": "sg-a300834f21fad487d",
            "security_group_rule_id": "sgr-4a80b6955db1653fa",
            "self": false,
            "source_security_group_id": null,
            "timeouts": null,
            "to_port": 22,
            "type": "ingress"
          },
          "sensitive_attributes": [],
          "identity_schema_version": 0,
          "private": "eyJlMmJmYjczMC1lY2FhLTExZTYtOGY4OC0zNDM2M2JjN2M0YzAiOnsiY3JlYXRlIjozMDAwMDAwMDAwMDB9LCJzY2hlbWFfdmVyc2lvbiI6IjIifQ==",
          "dependencies": [
            "aws_security_group.frontend",
            "aws_vpc.main"
          ]
        }
      ]
    },
    {
      "mode": "managed",
      "type": "aws_subnet",
      "name": "backend",
      "provider": "provider[\"registry.terraform.io/hashicorp/aws\"]",
      "instances": [
        {
          "index_key": "0",
          "schema_version": 1,
          "attributes": {
            "arn": "arn:aws:ec2:us-east-1:000000000000:subnet/subnet-f99534254655515de",
            "assign_ipv6_address_on_creation": false,
            "availability_zone": "us-east-1c",
            "availability_zone_id": "use1-az2",
            "cidr_block": "10.0.2.0/24",
            "customer_owned_ipv4_pool": "",
            "enable_dns64": false,
            "enable_lni_at_device_index": 0,
            "enable_resource_name_dns_a_record_on_launch": false,
            "enable_resource_name_dns_aaaa_record_on_launch": false,
            "id": "subnet-f99534254655515de",
            "ipv6_cidr_block": "",
            "ipv6_cidr_block_association_id": "",
            "ipv6_native": false,
            "map_customer_owned_ip_on_launch": false,
            "map_public_ip_on_launch": false,
            "outpost_arn": "",
            "owner_id": "000000000000",
            "private_dns_hostname_type_on_launch": "ip-name",
            "tags": {
              "Name": "fleet-portal-dev-private-subnet",
              "application": "fleet-portal",
              "environment": "dev"
            },
            "tags_all": {
              "Name": "fleet-portal-dev-private-subnet",
              "application": "fleet-portal",
              "environment": "dev"
            },
            "timeouts": null,
            "vpc_id": "vpc-e3066d3a38dae6dbc"
          },
          "sensitive_attributes": [],
          "identity_schema_version": 0,
          "private": "eyJlMmJmYjczMC1lY2FhLTExZTYtOGY4OC0zNDM2M2JjN2M0YzAiOnsiY3JlYXRlIjo2MDAwMDAwMDAwMDAsImRlbGV0ZSI6MTIwMDAwMDAwMDAwMH0sInNjaGVtYV92ZXJzaW9uIjoiMSJ9",
          "dependencies": [
            "aws_vpc.main",
            "data.aws_availability_zones.available",
            "random_shuffle.az"
          ]
        },
        {
          "index_key": "1",
          "schema_version": 1,
          "attributes": {
            "arn": "arn:aws:ec2:us-east-1:000000000000:subnet/subnet-504f4f4179bda3bc6",
            "assign_ipv6_address_on_creation": false,
            "availability_zone": "us-east-1d",
            "availability_zone_id": "use1-az4",
            "cidr_block": "10.0.3.0/24",
            "customer_owned_ipv4_pool": "",
            "enable_dns64": false,
            "enable_lni_at_device_index": 0,
            "enable_resource_name_dns_a_record_on_launch": false,
            "enable_resource_name_dns_aaaa_record_on_launch": false,
            "id": "subnet-504f4f4179bda3bc6",
            "ipv6_cidr_block": "",
            "ipv6_cidr_block_association_id": "",
            "ipv6_native": false,
            "map_customer_owned_ip_on_launch": false,
            "map_public_ip_on_launch": false,
            "outpost_arn": "",
            "owner_id": "000000000000",
            "private_dns_hostname_type_on_launch": "ip-name",
            "tags": {
              "Name": "fleet-portal-dev-private-subnet",
              "application": "fleet-portal",
              "environment": "dev"
            },
            "tags_all": {
              "Name": "fleet-portal-dev-private-subnet",
              "application": "fleet-portal",
              "environment": "dev"
            },
            "timeouts": null,
            "vpc_id": "vpc-e3066d3a38dae6dbc"
          },
          "sensitive_attributes": [],
          "identity_schema_version": 0,
          "private": "eyJlMmJmYjczMC1lY2FhLTExZTYtOGY4OC0zNDM2M2JjN2M0YzAiOnsiY3JlYXRlIjo2MDAwMDAwMDAwMDAsImRlbGV0ZSI6MTIwMDAwMDAwMDAwMH0sInNjaGVtYV92ZXJzaW9uIjoiMSJ9",
          "dependencies": [
            "aws_vpc.main",
            "data.aws_availability_zones.available",
            "random_shuffle.az"
          ]
        }
      ]
    },
    {
      "mode": "managed",
      "type": "aws_subnet",
      "name": "frontend",
      "provider": "provider[\"registry.terraform.io/hashicorp/aws\"]",
      "instances": [
        {
          "index_key": "0",
          "schema_version": 1,
          "attributes": {
            "arn": "arn:aws:ec2:us-east-1:000000000000:subnet/subnet-f691b2486cee0a2aa",
            "assign_ipv6_address_on_creation": false,
            "availability_zone": "us-east-1c",
            "availability_zone_id": "use1-az2",
            "cidr_block": "10.0.0.0/24",
            "customer_owned_ipv4_pool": "",
            "enable_dns64": false,
            "enable_lni_at_device_index": 0,
            "enable_resource_name_dns_a_record_on_launch": false,
            "enable_resource_name_dns_aaaa_record_on_launch": false,
            "id": "subnet-f691b2486cee0a2aa",
            "ipv6_cidr_block": "",
            "ipv6_cidr_block_association_id": "",
            "ipv6_native": false,
            "map_customer_owned_ip_on_launch": false,
            "map_public_ip_on_launch": false,
            "outpost_arn": "",
            "owner_id": "000000000000",
            "private_dns_hostname_type_on_launch": "ip-name",
            "tags": {
              "Name": "fleet-portal-dev-public-subnet",
              "application": "fleet-portal",
              "environment": "dev"
            },
            "tags_all": {
              "Name": "fleet-portal-dev-public-subnet",
              "application": "fleet-portal",
              "environment": "dev"
            },
            "timeouts": null,
            "vpc_id": "vpc-e3066d3a38dae6dbc"
          },
          "sensitive_attributes": [],
          "identity_schema_version": 0,
          "private": "eyJlMmJmYjczMC1lY2FhLTExZTYtOGY4OC0zNDM2M2JjN2M0YzAiOnsiY3JlYXRlIjo2MDAwMDAwMDAwMDAsImRlbGV0ZSI6MTIwMDAwMDAwMDAwMH0sInNjaGVtYV92ZXJzaW9uIjoiMSJ9",
          "dependencies": [
            "aws_vpc.main",
            "data.aws_availability_zones.available",
            "random_shuffle.az"
          ]
        },
        {
          "index_key": "1",
          "schema_version": 1,
          "attributes": {
            "arn": "arn:aws:ec2:us-east-1:000000000000:subnet/subnet-2e6c2bfd21845bc87",
            "assign_ipv6_address_on_creation": false,
            "availability_zone": "us-east-1d",
            "availability_zone_id": "use1-az4",
            "cidr_block": "10.0.1.0/24",
            "customer_owned_ipv4_pool": "",
            "enable_dns64": false,
            "enable_lni_at_device_index": 0,
            "enable_resource_name_dns_a_record_on_launch": false,
            "enable_resource_name_dns_aaaa_record_on_launch": false,
            "id": "subnet-2e6c2bfd21845bc87",
            "ipv6_cidr_block": "",
            "ipv6_cidr_block_association_id": "",
            "ipv6_native": false,
            "map_customer_owned_ip_on_launch": false,
            "map_public_ip_on_launch": false,
            "outpost_arn": "",
            "owner_id": "000000000000",
            "private_dns_hostname_type_on_launch": "ip-name",
            "tags": {
              "Name": "fleet-portal-dev-public-subnet",
              "application": "fleet-portal",
              "environment": "dev"
            },
            "tags_all": {
              "Name": "fleet-portal-dev-public-subnet",
              "application": "fleet-portal",
              "environment": "dev"
            },
            "timeouts": null,
            "vpc_id": "vpc-e3066d3a38dae6dbc"
          },
          "sensitive_attributes": [],
          "identity_schema_version": 0,
          "private": "eyJlMmJmYjczMC1lY2FhLTExZTYtOGY4OC0zNDM2M2JjN2M0YzAiOnsiY3JlYXRlIjo2MDAwMDAwMDAwMDAsImRlbGV0ZSI6MTIwMDAwMDAwMDAwMH0sInNjaGVtYV92ZXJzaW9uIjoiMSJ9",
          "dependencies": [
            "aws_vpc.main",
            "data.aws_availability_zones.available",
            "random_shuffle.az"
          ]
        }
      ]
    },
    {
      "mode": "managed",
      "type": "aws_vpc",
      "name": "main",
      "provider": "provider[\"registry.terraform.io/hashicorp/aws\"]",
      "instances": [
        {
          "schema_version": 1,
          "attributes": {
            "arn": "arn:aws:ec2:us-east-1:000000000000:vpc/vpc-e3066d3a38dae6dbc",
            "assign_generated_ipv6_cidr_block": false,
            "cidr_block": "10.0.0.0/16",
            "default_network_acl_id": "acl-ecd33134b27bbaf8b",
            "default_route_table_id": "rtb-b45fd98081011b0d2",
            "default_security_group_id": "sg-afa33e8fd0f80597a",
            "dhcp_options_id": "default",
            "enable_dns_hostnames": false,
            "enable_dns_support": true,
            "enable_network_address_usage_metrics": false,
            "id": "vpc-e3066d3a38dae6dbc",
            "instance_tenancy": "default",
            "ipv4_ipam_pool_id": null,
            "ipv4_netmask_length": null,
            "ipv6_association_id": "",
            "ipv6_cidr_block": "",
            "ipv6_cidr_block_network_border_group": "",
            "ipv6_ipam_pool_id": "",
            "ipv6_netmask_length": 0,
            "main_route_table_id": "rtb-b45fd98081011b0d2",
            "owner_id": "000000000000",
            "tags": {
              "Name": "fleet-portal-dev-network",
              "application": "fleet-portal",
              "environment": "dev"
            },
            "tags_all": {
              "Name": "fleet-portal-dev-network",
              "application": "fleet-portal",
              "environment": "dev"
            }
          },
          "sensitive_attributes": [],
          "identity_schema_version": 0,
          "private": "eyJzY2hlbWFfdmVyc2lvbiI6IjEifQ=="
        }
      ]
    },
    {
      "mode": "managed",
      "type": "random_shuffle",
      "name": "az",
      "provider": "provider[\"registry.terraform.io/hashicorp/random\"]",
      "instances": [
        {
          "schema_version": 0,
          "attributes": {
            "id": "-",
            "input": [
              "us-east-1a",
              "us-east-1b",
              "us-east-1c",
              "us-east-1d",
              "us-east-1e",
              "us-east-1f"
            ],
            "keepers": null,
            "result": [
              "us-east-1c",
              "us-east-1d"
            ],
            "result_count": 2,
            "seed": null
          },
          "sensitive_attributes": [],
          "identity_schema_version": 0,
          "dependencies": [
            "data.aws_availability_zones.available"
          ]
        }
      ]
    }
  ],
  "check_results": null
}
