{
  "version": 4,
  "terraform_version": "1.14.6",
  "serial": 280,
  "lineage": "b0dc3e61-5e35-ec06-ca49-060460063fe3",
  "outputs": {
    "lb_arn": {
      "value": "arn:aws:elasticloadbalancing:us-east-1:000000000000:loadbalancer/app/app-dev-frontend/0afbe6f406425592",
      "type": "string"
    },
    "private_subnet_cidr": {
      "value": {
        "0": {
          "availability_zone": "us-east-1a",
          "cidr_block": "10.0.2.0/24"
        },
        "1": {
          "availability_zone": "us-east-1f",
          "cidr_block": "10.0.3.0/24"
        }
      },
      "type": [
        "object",
        {
          "0": [
            "object",
            {
              "availability_zone": "string",
              "cidr_block": "string"
            }
          ],
          "1": [
            "object",
            {
              "availability_zone": "string",
              "cidr_block": "string"
            }
          ]
        }
      ]
    },
    "public_subnet_cidr": {
      "value": {
        "0": {
          "availability_zone": "us-east-1a",
          "cidr_block": "10.0.0.0/24"
        },
        "1": {
          "availability_zone": "us-east-1f",
          "cidr_block": "10.0.1.0/24"
        }
      },
      "type": [
        "object",
        {
          "0": [
            "object",
            {
              "availability_zone": "string",
              "cidr_block": "string"
            }
          ],
          "1": [
            "object",
            {
              "availability_zone": "string",
              "cidr_block": "string"
            }
          ]
        }
      ]
    },
    "selected_azs": {
      "value": [
        "us-east-1a",
        "us-east-1f"
      ],
      "type": [
        "list",
        "string"
      ]
    }
  },
  "resources": [
    {
      "mode": "data",
      "type": "aws_ami",
      "name": "frontend",
      "provider": "provider[\"registry.terraform.io/hashicorp/aws\"]",
      "instances": [
        {
          "schema_version": 0,
          "attributes": {
            "architecture": "amd64",
            "arn": "arn:aws:ec2:us-east-1::image/ami-000001",
            "block_device_mappings": [
              {
                "device_name": "/dev/sda1",
                "ebs": {
                  "delete_on_termination": "false",
                  "encrypted": "false",
                  "iops": "0",
                  "snapshot_id": "snap-7657df8c36bbb879c",
                  "throughput": "0",
                  "volume_initialization_rate": "0",
                  "volume_size": "15",
                  "volume_type": "standard"
                },
                "no_device": "",
                "virtual_name": ""
              }
            ],
            "boot_mode": "uefi",
            "creation_date": "2026-03-17T20:10:53.311261473Z",
            "deprecation_time": "",
            "description": "Managed by LocalStack",
            "ena_support": false,
            "executable_users": null,
            "filter": [
              {
                "name": "image-id",
                "values": [
                  "ami-000001"
                ]
              },
              {
                "name": "name",
                "values": [
                  "ubuntu-focal-ami"
                ]
              }
            ],
            "hypervisor": "",
            "id": "ami-000001",
            "image_id": "ami-000001",
            "image_location": "docker",
            "image_owner_alias": "",
            "image_type": "machine",
            "imds_support": "",
            "include_deprecated": false,
            "kernel_id": "",
            "last_launched_time": "",
            "most_recent": true,
            "name": "ubuntu-focal-ami",
            "name_regex": null,
            "owner_id": "000000000000",
            "owners": [
              "self"
            ],
            "platform": "",
            "platform_details": "",
            "product_codes": [],
            "public": true,
            "ramdisk_id": "",
            "root_device_name": "/dev/sda1",
            "root_device_type": "standard",
            "root_snapshot_id": "snap-7657df8c36bbb879c",
            "sriov_net_support": "",
            "state": "available",
            "state_reason": {
              "code": "UNSET",
              "message": "UNSET"
            },
            "tags": {
              "ec2_vm_manager": "docker"
            },
            "timeouts": null,
            "tpm_support": "",
            "uefi_data": null,
            "usage_operation": "",
            "virtualization_type": "hvm"
          },
          "sensitive_attributes": [],
          "identity_schema_version": 0
        }
      ]
    },
    {
      "mode": "data",
      "type": "aws_availability_zones",
      "name": "available",
      "provider": "provider[\"registry.terraform.io/hashicorp/aws\"]",
      "instances": [
        {
          "schema_version": 0,
          "attributes": {
            "all_availability_zones": null,
            "exclude_names": null,
            "exclude_zone_ids": null,
            "filter": null,
            "group_names": [
              ""
            ],
            "id": "us-east-1",
            "names": [
              "us-east-1a",
              "us-east-1b",
              "us-east-1c",
              "us-east-1d",
              "us-east-1e",
              "us-east-1f"
            ],
            "state": "available",
            "timeouts": null,
            "zone_ids": [
              "use1-az6",
              "use1-az1",
              "use1-az2",
              "use1-az4",
              "use1-az3",
              "use1-az5"
            ]
          },
          "sensitive_attributes": [],
          "identity_schema_version": 0
        }
      ]
    },
    {
      "mode": "data",
      "type": "aws_iam_policy_document",
      "name": "cloudwatch",
      "provider": "provider[\"registry.terraform.io/hashicorp/aws\"]",
      "instances": [
        {
          "schema_version": 0,
          "attributes": {
            "id": "3253318109",
            "json": "{\n  \"Version\": \"2012-10-17\",\n  \"Statement\": [\n    {\n      \"Effect\": \"Allow\",\n      \"Action\": [\n        \"logs:PutLogEvents\",\n        \"logs:DescribeLogStreams\",\n        \"logs:DescribeLogGroups\",\n        \"logs:CreateLogStream\",\n        \"logs:CreateLogGroup\"\n      ],\n      \"Resource\": \"*\"\n    }\n  ]\n}",
            "minified_json": "{\"Version\":\"2012-10-17\",\"Statement\":[{\"Effect\":\"Allow\",\"Action\":[\"logs:PutLogEvents\",\"logs:DescribeLogStreams\",\"logs:DescribeLogGroups\",\"logs:CreateLogStream\",\"logs:CreateLogGroup\"],\"Resource\":\"*\"}]}",
            "override_json": null,
            "override_policy_documents": null,
            "policy_id": null,
            "source_json": null,
            "source_policy_documents": null,
            "statement": [
              {
                "actions": [
                  "logs:CreateLogGroup",
                  "logs:CreateLogStream",
                  "logs:DescribeLogGroups",
                  "logs:DescribeLogStreams",
                  "logs:PutLogEvents"
                ],
                "condition": [],
                "effect": "Allow",
                "not_actions": [],
                "not_principals": [],
                "not_resources": [],
                "principals": [],
                "resources": [
                  "*"
                ],
                "sid": ""
              }
            ],
            "version": "2012-10-17"
          },
          "sensitive_attributes": [],
          "identity_schema_version": 0
        }
      ]
    },
    {
      "mode": "data",
      "type": "aws_iam_policy_document",
      "name": "vpc_assume_role",
      "provider": "provider[\"registry.terraform.io/hashicorp/aws\"]",
      "instances": [
        {
          "schema_version": 0,
          "attributes": {
            "id": "2717921857",
            "json": "{\n  \"Version\": \"2012-10-17\",\n  \"Statement\": [\n    {\n      \"Effect\": \"Allow\",\n      \"Action\": \"sts:AssumeRole\",\n      \"Principal\": {\n        \"Service\": \"vpc-flow-logs.amazonaws.com\"\n      }\n    }\n  ]\n}",
            "minified_json": "{\"Version\":\"2012-10-17\",\"Statement\":[{\"Effect\":\"Allow\",\"Action\":\"sts:AssumeRole\",\"Principal\":{\"Service\":\"vpc-flow-logs.amazonaws.com\"}}]}",
            "override_json": null,
            "override_policy_documents": null,
            "policy_id": null,
            "source_json": null,
            "source_policy_documents": null,
            "statement": [
              {
                "actions": [
                  "sts:AssumeRole"
                ],
                "condition": [],
                "effect": "Allow",
                "not_actions": [],
                "not_principals": [],
                "not_resources": [],
                "principals": [
                  {
                    "identifiers": [
                      "vpc-flow-logs.amazonaws.com"
                    ],
                    "type": "Service"
                  }
                ],
                "resources": [],
                "sid": ""
              }
            ],
            "version": "2012-10-17"
          },
          "sensitive_attributes": [],
          "identity_schema_version": 0
        }
      ]
    },
    {
      "mode": "data",
      "type": "aws_key_pair",
      "name": "main",
      "provider": "provider[\"registry.terraform.io/hashicorp/aws\"]",
      "instances": [
        {
          "schema_version": 0,
          "attributes": {
            "arn": "arn:aws:ec2:us-east-1::key-pair/ec2_vm_manager",
            "create_time": "2026-03-18T20:22:30Z",
            "filter": null,
            "fingerprint": "84:02:08:a9:f4:c0:ee:98:ad:ab:93:11:8d:71:30:16:49:e1:51:0a",
            "id": "key-cc4a7628ea6ec19cc",
            "include_public_key": false,
            "key_name": "ec2_vm_manager",
            "key_pair_id": "key-cc4a7628ea6ec19cc",
            "key_type": "",
            "public_key": "",
            "tags": {},
            "timeouts": null
          },
          "sensitive_attributes": [],
          "identity_schema_version": 0
        }
      ]
    },
    {
      "mode": "data",
      "type": "cloudinit_config",
      "name": "frontend",
      "provider": "provider[\"registry.terraform.io/hashicorp/cloudinit\"]",
      "instances": [
        {
          "schema_version": 0,
          "attributes": {
            "base64_encode": true,
            "boundary": "MIMEBOUNDARY",
            "gzip": true,
            "id": "2687249011",
            "part": [
              {
                "content": "#!/bin/bash\n\necho \"hey\"",
                "content_type": "text/x-shellscript",
                "filename": null,
                "merge_type": null
              }
            ],
            "rendered": "H4sIAAAAAAAA/2SOzUrFMBBG9wN5hxjXY3QlVFz404WLKogKLpN2NAPtpCRTaN9evItLuXf5weE75ymLkih+bDM1dlpG5TkU9ROvNNzZmBcZQtnuXffStY9vn6/PD+/fDv4XflGpnKWxN1fXBgwg7iEDx+8SpP5QwVb6PLD8NvY2su6Ag1xpVb9iTTSOtS88q4GOJzrzXF74yOJjqAmA+pStS7S50wBEA38BAAD//22V1mHfAAAA"
          },
          "sensitive_attributes": [],
          "identity_schema_version": 0
        }
      ]
    },
    {
      "mode": "managed",
      "type": "aws_cloudwatch_log_group",
      "name": "vpc",
      "provider": "provider[\"registry.terraform.io/hashicorp/aws\"]",
      "instances": [
        {
          "schema_version": 0,
          "attributes": {
            "arn": "arn:aws:logs:us-east-1:000000000000:log-group:app-dev-network",
            "id": "app-dev-network",
            "kms_key_id": "",
            "log_group_class": "STANDARD",
            "name": "app-dev-network",
            "name_prefix": "",
            "retention_in_days": 0,
            "skip_destroy": false,
            "tags": {},
            "tags_all": {}
          },
          "sensitive_attributes": [],
          "identity_schema_version": 0,
          "private": "bnVsbA=="
        }
      ]
    },
    {
      "mode": "managed",
      "type": "aws_eip",
      "name": "nat",
      "provider": "provider[\"registry.terraform.io/hashicorp/aws\"]",
      "instances": [
        {
          "index_key": "0",
          "schema_version": 0,
          "attributes": {
            "address": null,
            "allocation_id": "eipalloc-b0419ddb7191fc870",
            "arn": "arn:aws:ec2:us-east-1::elastic-ip/eipalloc-b0419ddb7191fc870",
            "associate_with_private_ip": null,
            "association_id": "eipassoc-3b99c2166dd853ade",
            "carrier_ip": "",
            "customer_owned_ip": "",
            "customer_owned_ipv4_pool": "",
            "domain": "vpc",
            "id": "eipalloc-b0419ddb7191fc870",
            "instance": "",
            "ipam_pool_id": null,
            "network_border_group": "",
            "network_interface": "eni-44490447582fbdd22",
            "private_dns": "ip-10-113-20-195.ec2.internal",
            "private_ip": "10.113.20.195",
            "ptr_record": "",
            "public_dns": "ec2-127-5-190-79.compute-1.amazonaws.com",
            "public_ip": "127.5.190.79",
            "public_ipv4_pool": "",
            "tags": {},
            "tags_all": {},
            "timeouts": null,
            "vpc": true
          },
          "sensitive_attributes": [],
          "identity_schema_version": 0,
          "private": "eyJlMmJmYjczMC1lY2FhLTExZTYtOGY4OC0zNDM2M2JjN2M0YzAiOnsiZGVsZXRlIjoxODAwMDAwMDAwMDAsInJlYWQiOjkwMDAwMDAwMDAwMCwidXBkYXRlIjozMDAwMDAwMDAwMDB9fQ==",
          "dependencies": [
            "data.aws_availability_zones.available",
            "random_shuffle.az"
          ]
        },
        {
          "index_key": "1",
          "schema_version": 0,
          "attributes": {
            "address": null,
            "allocation_id": "eipalloc-bae6ee20a146f1ccc",
            "arn": "arn:aws:ec2:us-east-1::elastic-ip/eipalloc-bae6ee20a146f1ccc",
            "associate_with_private_ip": null,
            "association_id": "eipassoc-08d68998529370f7b",
            "carrier_ip": "",
            "customer_owned_ip": "",
            "customer_owned_ipv4_pool": "",
            "domain": "vpc",
            "id": "eipalloc-bae6ee20a146f1ccc",
            "instance": "",
            "ipam_pool_id": null,
            "network_border_group": "",
            "network_interface": "eni-dd73429661073738d",
            "private_dns": "ip-10-82-136-48.ec2.internal",
            "private_ip": "10.82.136.48",
            "ptr_record": "",
            "public_dns": "ec2-127-40-157-102.compute-1.amazonaws.com",
            "public_ip": "127.40.157.102",
            "public_ipv4_pool": "",
            "tags": {},
            "tags_all": {},
            "timeouts": null,
            "vpc": true
          },
          "sensitive_attributes": [],
          "identity_schema_version": 0,
          "private": "eyJlMmJmYjczMC1lY2FhLTExZTYtOGY4OC0zNDM2M2JjN2M0YzAiOnsiZGVsZXRlIjoxODAwMDAwMDAwMDAsInJlYWQiOjkwMDAwMDAwMDAwMCwidXBkYXRlIjozMDAwMDAwMDAwMDB9fQ==",
          "dependencies": [
            "data.aws_availability_zones.available",
            "random_shuffle.az"
          ]
        }
      ]
    },
    {
      "mode": "managed",
      "type": "aws_flow_log",
      "name": "main",
      "provider": "provider[\"registry.terraform.io/hashicorp/aws\"]",
      "instances": [
        {
          "schema_version": 0,
          "attributes": {
            "arn": "arn:aws:ec2:us-east-1::vpc-flow-log/fl-6f8662ca774427876",
            "deliver_cross_account_role": "",
            "destination_options": [],
            "eni_id": null,
            "iam_role_arn": "arn:aws:iam::000000000000:role/app-dev-network",
            "id": "fl-6f8662ca774427876",
            "log_destination": "arn:aws:logs:us-east-1:000000000000:log-group:app-dev-network",
            "log_destination_type": "cloud-watch-logs",
            "log_format": "${version} ${account-id} ${interface-id} ${srcaddr} ${dstaddr} ${srcport} ${dstport} ${protocol} ${packets} ${bytes} ${start} ${end} ${action} ${log-status}",
            "log_group_name": "",
            "max_aggregation_interval": 600,
            "subnet_id": null,
            "tags": {},
            "tags_all": {},
            "traffic_type": "ALL",
            "transit_gateway_attachment_id": null,
            "transit_gateway_id": null,
            "vpc_id": "vpc-c581e0a1cdccb47c0"
          },
          "sensitive_attributes": [],
          "identity_schema_version": 0,
          "private": "bnVsbA==",
          "dependencies": [
            "aws_cloudwatch_log_group.vpc",
            "aws_iam_role.vpc",
            "aws_vpc.main",
            "data.aws_iam_policy_document.vpc_assume_role"
          ]
        }
      ]
    },
    {
      "mode": "managed",
      "type": "aws_iam_role",
      "name": "backend",
      "provider": "provider[\"registry.terraform.io/hashicorp/aws\"]",
      "instances": [
        {
          "schema_version": 0,
          "attributes": {
            "arn": "arn:aws:iam::000000000000:role/app-dev-backend",
            "assume_role_policy": "{\"Statement\":[{\"Action\":\"sts:AssumeRole\",\"Effect\":\"Allow\",\"Principal\":{\"Service\":\"ec2.amazonaws.com\"},\"Sid\":\"\"}],\"Version\":\"2012-10-17\"}",
            "create_date": "2026-03-18T20:22:53Z",
            "description": "",
            "force_detach_policies": false,
            "id": "app-dev-backend",
            "inline_policy": [
              {
                "name": "app-dev-backend",
                "policy": "{\"Version\":\"2012-10-17\",\"Statement\":[{\"Action\":[\"secretsmanager:GetSecretValue\"],\"Effect\":\"Allow\",\"Resource\":\"arn:aws:secretsmanager:secret:app/dev/*\"}]}"
              }
            ],
            "managed_policy_arns": [],
            "max_session_duration": 3600,
            "name": "app-dev-backend",
            "name_prefix": "",
            "path": "/",
            "permissions_boundary": "",
            "tags": {},
            "tags_all": {},
            "unique_id": "AROAQAAAAAAAMAELNPHVA"
          },
          "sensitive_attributes": [],
          "identity_schema_version": 0,
          "private": "bnVsbA=="
        }
      ]
    },
    {
      "mode": "managed",
      "type": "aws_iam_role",
      "name": "vpc",
      "provider": "provider[\"registry.terraform.io/hashicorp/aws\"]",
      "instances": [
        {
          "schema_version": 0,
          "attributes": {
            "arn": "arn:aws:iam::000000000000:role/app-dev-network",
            "assume_role_policy": "{\"Statement\":[{\"Action\":\"sts:AssumeRole\",\"Effect\":\"Allow\",\"Principal\":{\"Service\":\"vpc-flow-logs.amazonaws.com\"}}],\"Version\":\"2012-10-17\"}",
            "create_date": "2026-03-18T20:22:53Z",
            "description": "",
            "force_detach_policies": false,
            "id": "app-dev-network",
            "inline_policy": [
              {
                "name": "app-dev-network-cloudwatch",
                "policy": "{\"Version\":\"2012-10-17\",\"Statement\":[{\"Action\":[\"logs:PutLogEvents\",\"logs:DescribeLogStreams\",\"logs:DescribeLogGroups\",\"logs:CreateLogStream\",\"logs:CreateLogGroup\"],\"Effect\":\"Allow\",\"Resource\":\"*\"}]}"
              }
            ],
            "managed_policy_arns": [],
            "max_session_duration": 3600,
            "name": "app-dev-network",
            "name_prefix": "",
            "path": "/",
            "permissions_boundary": "",
            "tags": {},
            "tags_all": {},
            "unique_id": "AROAQAAAAAAAKTDLGFIHB"
          },
          "sensitive_attributes": [],
          "identity_schema_version": 0,
          "private": "bnVsbA==",
          "dependencies": [
            "data.aws_iam_policy_document.vpc_assume_role"
          ]
        }
      ]
    },
    {
      "mode": "managed",
      "type": "aws_iam_role_policy",
      "name": "backend",
      "provider": "provider[\"registry.terraform.io/hashicorp/aws\"]",
      "instances": [
        {
          "schema_version": 0,
          "attributes": {
            "id": "app-dev-backend:app-dev-backend",
            "name": "app-dev-backend",
            "name_prefix": "",
            "policy": "{\"Version\":\"2012-10-17\",\"Statement\":[{\"Action\":[\"secretsmanager:GetSecretValue\"],\"Effect\":\"Allow\",\"Resource\":\"arn:aws:secretsmanager:secret:app/dev/*\"}]}",
            "role": "app-dev-backend"
          },
          "sensitive_attributes": [],
          "identity_schema_version": 0,
          "private": "bnVsbA==",
          "dependencies": [
            "aws_iam_role.backend"
          ]
        }
      ]
    },
    {
      "mode": "managed",
      "type": "aws_iam_role_policy",
      "name": "cloudwatch",
      "provider": "provider[\"registry.terraform.io/hashicorp/aws\"]",
      "instances": [
        {
          "schema_version": 0,
          "attributes": {
            "id": "app-dev-network:app-dev-network-cloudwatch",
            "name": "app-dev-network-cloudwatch",
            "name_prefix": "",
            "policy": "{\"Version\":\"2012-10-17\",\"Statement\":[{\"Action\":[\"logs:PutLogEvents\",\"logs:DescribeLogStreams\",\"logs:DescribeLogGroups\",\"logs:CreateLogStream\",\"logs:CreateLogGroup\"],\"Effect\":\"Allow\",\"Resource\":\"*\"}]}",
            "role": "app-dev-network"
          },
          "sensitive_attributes": [],
          "identity_schema_version": 0,
          "private": "bnVsbA==",
          "dependencies": [
            "aws_iam_role.vpc",
            "data.aws_iam_policy_document.cloudwatch",
            "data.aws_iam_policy_document.vpc_assume_role"
          ]
        }
      ]
    },
    {
      "mode": "managed",
      "type": "aws_instance",
      "name": "frontend",
      "provider": "provider[\"registry.terraform.io/hashicorp/aws\"]",
      "instances": [
        {
          "index_key": "0",
          "schema_version": 1,
          "attributes": {
            "ami": "ami-000001",
            "arn": "arn:aws:ec2:us-east-1::instance/i-8c30f64032e7a2323",
            "associate_public_ip_address": true,
            "availability_zone": "us-east-1a",
            "capacity_reservation_specification": [],
            "cpu_core_count": null,
            "cpu_options": [],
            "cpu_threads_per_core": null,
            "credit_specification": [
              {
                "cpu_credits": "standard"
              }
            ],
            "disable_api_stop": false,
            "disable_api_termination": false,
            "ebs_block_device": [],
            "ebs_optimized": false,
            "enable_primary_ipv6": null,
            "enclave_options": [],
            "ephemeral_block_device": [],
            "get_password_data": false,
            "hibernation": false,
            "host_id": "",
            "host_resource_group_arn": null,
            "iam_instance_profile": "",
            "id": "i-8c30f64032e7a2323",
            "instance_initiated_shutdown_behavior": "stop",
            "instance_lifecycle": "",
            "instance_market_options": [],
            "instance_state": "running",
            "instance_type": "t2.micro",
            "ipv6_address_count": 0,
            "ipv6_addresses": [],
            "key_name": "ec2_vm_manager",
            "launch_template": [],
            "maintenance_options": [],
            "metadata_options": [
              {
                "http_endpoint": "enabled",
                "http_protocol_ipv6": "disabled",
                "http_put_response_hop_limit": 1,
                "http_tokens": "optional",
                "instance_metadata_tags": "disabled"
              }
            ],
            "monitoring": false,
            "network_interface": [
              {
                "delete_on_termination": false,
                "device_index": 0,
                "network_card_index": 0,
                "network_interface_id": "eni-3edd406fd0dd8c4b9"
              }
            ],
            "outpost_arn": "",
            "password_data": "",
            "placement_group": "",
            "placement_partition_number": 0,
            "primary_network_interface_id": "eni-3edd406fd0dd8c4b9",
            "private_dns": "ip-10-0-0-172.ec2.internal",
            "private_dns_name_options": [],
            "private_ip": "10.0.0.172",
            "public_dns": "ec2-172-21-0-46.localhost.localstack.cloud",
            "public_ip": "172.21.0.46",
            "root_block_device": [
              {
                "delete_on_termination": true,
                "device_name": "/dev/sda1",
                "encrypted": false,
                "iops": 0,
                "kms_key_id": "",
                "tags": {},
                "tags_all": {},
                "throughput": 0,
                "volume_id": "vol-82cf86f295e414cf3",
                "volume_size": 8,
                "volume_type": "gp2"
              }
            ],
            "secondary_private_ips": [],
            "security_groups": [],
            "source_dest_check": true,
            "spot_instance_request_id": "",
            "subnet_id": "subnet-e5da14439db2a6a43",
            "tags": {
              "Name": "app-dev-frontend-instance",
              "application": "app",
              "environment": "dev"
            },
            "tags_all": {
              "Name": "app-dev-frontend-instance",
              "application": "app",
              "environment": "dev"
            },
            "tenancy": "default",
            "timeouts": null,
            "user_data": null,
            "user_data_base64": null,
            "user_data_replace_on_change": false,
            "volume_tags": null,
            "vpc_security_group_ids": []
          },
          "sensitive_attributes": [],
          "identity_schema_version": 0,
          "private": "eyJlMmJmYjczMC1lY2FhLTExZTYtOGY4OC0zNDM2M2JjN2M0YzAiOnsiY3JlYXRlIjo2MDAwMDAwMDAwMDAsImRlbGV0ZSI6MTIwMDAwMDAwMDAwMCwicmVhZCI6OTAwMDAwMDAwMDAwLCJ1cGRhdGUiOjYwMDAwMDAwMDAwMH0sInNjaGVtYV92ZXJzaW9uIjoiMSJ9",
          "dependencies": [
            "aws_network_interface.frontend",
            "aws_subnet.frontend",
            "aws_vpc.main",
            "data.aws_ami.frontend",
            "data.aws_availability_zones.available",
            "data.aws_key_pair.main",
            "random_shuffle.az"
          ]
        },
        {
          "index_key": "1",
          "schema_version": 1,
          "attributes": {
            "ami": "ami-000001",
            "arn": "arn:aws:ec2:us-east-1::instance/i-1da99786130b8f363",
            "associate_public_ip_address": true,
            "availability_zone": "us-east-1a",
            "capacity_reservation_specification": [],
            "cpu_core_count": null,
            "cpu_options": [],
            "cpu_threads_per_core": null,
            "credit_specification": [
              {
                "cpu_credits": "standard"
              }
            ],
            "disable_api_stop": false,
            "disable_api_termination": false,
            "ebs_block_device": [],
            "ebs_optimized": false,
            "enable_primary_ipv6": null,
            "enclave_options": [],
            "ephemeral_block_device": [],
            "get_password_data": false,
            "hibernation": false,
            "host_id": "",
            "host_resource_group_arn": null,
            "iam_instance_profile": "",
            "id": "i-1da99786130b8f363",
            "instance_initiated_shutdown_behavior": "stop",
            "instance_lifecycle": "",
            "instance_market_options": [],
            "instance_state": "running",
            "instance_type": "t2.micro",
            "ipv6_address_count": 0,
            "ipv6_addresses": [],
            "key_name": "ec2_vm_manager",
            "launch_template": [],
            "maintenance_options": [],
            "metadata_options": [
              {
                "http_endpoint": "enabled",
                "http_protocol_ipv6": "disabled",
                "http_put_response_hop_limit": 1,
                "http_tokens": "optional",
                "instance_metadata_tags": "disabled"
              }
            ],
            "monitoring": false,
            "network_interface": [
              {
                "delete_on_termination": false,
                "device_index": 0,
                "network_card_index": 0,
                "network_interface_id": "eni-9ee7d7017571b5373"
              }
            ],
            "outpost_arn": "",
            "password_data": "",
            "placement_group": "",
            "placement_partition_number": 0,
            "primary_network_interface_id": "eni-9ee7d7017571b5373",
            "private_dns": "ip-10-0-1-55.ec2.internal",
            "private_dns_name_options": [],
            "private_ip": "10.0.1.55",
            "public_dns": "ec2-172-21-0-47.localhost.localstack.cloud",
            "public_ip": "172.21.0.47",
            "root_block_device": [
              {
                "delete_on_termination": true,
                "device_name": "/dev/sda1",
                "encrypted": false,
                "iops": 0,
                "kms_key_id": "",
                "tags": {},
                "tags_all": {},
                "throughput": 0,
                "volume_id": "vol-5e8cbd595b859c176",
                "volume_size": 8,
                "volume_type": "gp2"
              }
            ],
            "secondary_private_ips": [],
            "security_groups": [],
            "source_dest_check": true,
            "spot_instance_request_id": "",
            "subnet_id": "subnet-1c7b695f158637a83",
            "tags": {
              "Name": "app-dev-frontend-instance",
              "application": "app",
              "environment": "dev"
            },
            "tags_all": {
              "Name": "app-dev-frontend-instance",
              "application": "app",
              "environment": "dev"
            },
            "tenancy": "default",
            "timeouts": null,
            "user_data": null,
            "user_data_base64": null,
            "user_data_replace_on_change": false,
            "volume_tags": null,
            "vpc_security_group_ids": []
          },
          "sensitive_attributes": [],
          "identity_schema_version": 0,
          "private": "eyJlMmJmYjczMC1lY2FhLTExZTYtOGY4OC0zNDM2M2JjN2M0YzAiOnsiY3JlYXRlIjo2MDAwMDAwMDAwMDAsImRlbGV0ZSI6MTIwMDAwMDAwMDAwMCwicmVhZCI6OTAwMDAwMDAwMDAwLCJ1cGRhdGUiOjYwMDAwMDAwMDAwMH0sInNjaGVtYV92ZXJzaW9uIjoiMSJ9",
          "dependencies": [
            "aws_network_interface.frontend",
            "aws_subnet.frontend",
            "aws_vpc.main",
            "data.aws_ami.frontend",
            "data.aws_availability_zones.available",
            "data.aws_key_pair.main",
            "random_shuffle.az"
          ]
        }
      ]
    },
    {
      "mode": "managed",
      "type": "aws_internet_gateway",
      "name": "main",
      "provider": "provider[\"registry.terraform.io/hashicorp/aws\"]",
      "instances": [
        {
          "schema_version": 0,
          "attributes": {
            "arn": "arn:aws:ec2:us-east-1:000000000000:internet-gateway/igw-b85cce461eb12b53b",
            "id": "igw-b85cce461eb12b53b",
            "owner_id": "000000000000",
            "tags": {
              "Name": "app-dev-internet-gateway",
              "application": "app",
              "environment": "dev"
            },
            "tags_all": {
              "Name": "app-dev-internet-gateway",
              "application": "app",
              "environment": "dev"
            },
            "timeouts": null,
            "vpc_id": "vpc-c581e0a1cdccb47c0"
          },
          "sensitive_attributes": [],
          "identity_schema_version": 0,
          "private": "eyJlMmJmYjczMC1lY2FhLTExZTYtOGY4OC0zNDM2M2JjN2M0YzAiOnsiY3JlYXRlIjoxMjAwMDAwMDAwMDAwLCJkZWxldGUiOjEyMDAwMDAwMDAwMDAsInVwZGF0ZSI6MTIwMDAwMDAwMDAwMH19",
          "dependencies": [
            "aws_vpc.main"
          ]
        }
      ]
    },
    {
      "mode": "managed",
      "type": "aws_lb",
      "name": "frontend",
      "provider": "provider[\"registry.terraform.io/hashicorp/aws\"]",
      "instances": [
        {
          "schema_version": 0,
          "attributes": {
            "access_logs": [
              {
                "bucket": "",
                "enabled": false,
                "prefix": ""
              }
            ],
            "arn": "arn:aws:elasticloadbalancing:us-east-1:000000000000:loadbalancer/app/app-dev-frontend/0afbe6f406425592",
            "arn_suffix": "app/app-dev-frontend/0afbe6f406425592",
            "client_keep_alive": 3600,
            "connection_logs": [
              {
                "bucket": "",
                "enabled": false,
                "prefix": ""
              }
            ],
            "customer_owned_ipv4_pool": "",
            "desync_mitigation_mode": "defensive",
            "dns_name": "app-dev-frontend.elb.localhost.localstack.cloud",
            "dns_record_client_routing_policy": null,
            "drop_invalid_header_fields": false,
            "enable_cross_zone_load_balancing": false,
            "enable_deletion_protection": false,
            "enable_http2": true,
            "enable_tls_version_and_cipher_suite_headers": false,
            "enable_waf_fail_open": false,
            "enable_xff_client_port": false,
            "enable_zonal_shift": false,
            "enforce_security_group_inbound_rules_on_private_link_traffic": "",
            "id": "arn:aws:elasticloadbalancing:us-east-1:000000000000:loadbalancer/app/app-dev-frontend/0afbe6f406425592",
            "idle_timeout": 60,
            "internal": false,
            "ip_address_type": "ipv4",
            "ipam_pools": [],
            "load_balancer_type": "application",
            "minimum_load_balancer_capacity": [],
            "name": "app-dev-frontend",
            "name_prefix": "",
            "preserve_host_header": false,
            "security_groups": [
              "sg-57aa86d8b11fdf073"
            ],
            "subnet_mapping": [
              {
                "allocation_id": "",
                "ipv6_address": "",
                "outpost_id": "",
                "private_ipv4_address": "",
                "subnet_id": "subnet-1c7b695f158637a83"
              },
              {
                "allocation_id": "",
                "ipv6_address": "",
                "outpost_id": "",
                "private_ipv4_address": "",
                "subnet_id": "subnet-e5da14439db2a6a43"
              }
            ],
            "subnets": [
              "subnet-1c7b695f158637a83",
              "subnet-e5da14439db2a6a43"
            ],
            "tags": {
              "Name": "app-dev-frontend-lb",
              "application": "app",
              "environment": "dev"
            },
            "tags_all": {
              "Name": "app-dev-frontend-lb",
              "application": "app",
              "environment": "dev"
            },
            "timeouts": null,
            "vpc_id": "vpc-c581e0a1cdccb47c0",
            "xff_header_processing_mode": "append",
            "zone_id": "Z2P70J7EXAMPLE"
          },
          "sensitive_attributes": [],
          "identity_schema_version": 0,
          "private": "eyJlMmJmYjczMC1lY2FhLTExZTYtOGY4OC0zNDM2M2JjN2M0YzAiOnsiY3JlYXRlIjo2MDAwMDAwMDAwMDAsImRlbGV0ZSI6NjAwMDAwMDAwMDAwLCJ1cGRhdGUiOjYwMDAwMDAwMDAwMH19",
          "dependencies": [
            "aws_security_group.frontend_lb",
            "aws_subnet.frontend",
            "aws_vpc.main",
            "data.aws_availability_zones.available",
            "random_shuffle.az"
          ]
        }
      ]
    },
    {
      "mode": "managed",
      "type": "aws_lb_listener",
      "name": "frontend_http",
      "provider": "provider[\"registry.terraform.io/hashicorp/aws\"]",
      "instances": [
        {
          "schema_version": 0,
          "attributes": {
            "alpn_policy": null,
            "arn": "arn:aws:elasticloadbalancing:us-east-1:000000000000:listener/app/app-dev-frontend/0afbe6f406425592/f7d747efb29df8ce",
            "certificate_arn": null,
            "default_action": [
              {
                "authenticate_cognito": [],
                "authenticate_oidc": [],
                "fixed_response": [],
                "forward": [],
                "order": 1,
                "redirect": [],
                "target_group_arn": "arn:aws:elasticloadbalancing:us-east-1:000000000000:targetgroup/app-dev-frontend-http/dfa460541949b097",
                "type": "forward"
              }
            ],
            "id": "arn:aws:elasticloadbalancing:us-east-1:000000000000:listener/app/app-dev-frontend/0afbe6f406425592/f7d747efb29df8ce",
            "load_balancer_arn": "arn:aws:elasticloadbalancing:us-east-1:000000000000:loadbalancer/app/app-dev-frontend/0afbe6f406425592",
            "mutual_authentication": [],
            "port": 80,
            "protocol": "HTTP",
            "routing_http_request_x_amzn_mtls_clientcert_header_name": null,
            "routing_http_request_x_amzn_mtls_clientcert_issuer_header_name": null,
            "routing_http_request_x_amzn_mtls_clientcert_leaf_header_name": null,
            "routing_http_request_x_amzn_mtls_clientcert_serial_number_header_name": null,
            "routing_http_request_x_amzn_mtls_clientcert_subject_header_name": null,
            "routing_http_request_x_amzn_mtls_clientcert_validity_header_name": null,
            "routing_http_request_x_amzn_tls_cipher_suite_header_name": null,
            "routing_http_request_x_amzn_tls_version_header_name": null,
            "routing_http_response_access_control_allow_credentials_header_value": "",
            "routing_http_response_access_control_allow_headers_header_value": "",
            "routing_http_response_access_control_allow_methods_header_value": "",
            "routing_http_response_access_control_allow_origin_header_value": "",
            "routing_http_response_access_control_expose_headers_header_value": "",
            "routing_http_response_access_control_max_age_header_value": "",
            "routing_http_response_content_security_policy_header_value": "",
            "routing_http_response_server_enabled": true,
            "routing_http_response_strict_transport_security_header_value": "",
            "routing_http_response_x_content_type_options_header_value": "",
            "routing_http_response_x_frame_options_header_value": "",
            "ssl_policy": "ELBSecurityPolicy-2016-08",
            "tags": {},
            "tags_all": {},
            "tcp_idle_timeout_seconds": null,
            "timeouts": null
          },
          "sensitive_attributes": [],
          "identity_schema_version": 0,
          "private": "eyJlMmJmYjczMC1lY2FhLTExZTYtOGY4OC0zNDM2M2JjN2M0YzAiOnsiY3JlYXRlIjozMDAwMDAwMDAwMDAsInVwZGF0ZSI6MzAwMDAwMDAwMDAwfX0=",
          "dependencies": [
            "aws_lb.frontend",
            "aws_lb_target_group.frontend_http",
            "aws_security_group.frontend_lb",
            "aws_subnet.frontend",
            "aws_vpc.main",
            "data.aws_availability_zones.available",
            "random_shuffle.az"
          ]
        }
      ]
    },
    {
      "mode": "managed",
      "type": "aws_lb_target_group",
      "name": "frontend_http",
      "provider": "provider[\"registry.terraform.io/hashicorp/aws\"]",
      "instances": [
        {
          "schema_version": 0,
          "attributes": {
            "arn": "arn:aws:elasticloadbalancing:us-east-1:000000000000:targetgroup/app-dev-frontend-http/dfa460541949b097",
            "arn_suffix": "targetgroup/app-dev-frontend-http/dfa460541949b097",
            "connection_termination": null,
            "deregistration_delay": "300",
            "health_check": [
              {
                "enabled": true,
                "healthy_threshold": 3,
                "interval": 30,
                "matcher": "200",
                "path": "/",
                "port": "5000",
                "protocol": "HTTP",
                "timeout": 5,
                "unhealthy_threshold": 3
              }
            ],
            "id": "arn:aws:elasticloadbalancing:us-east-1:000000000000:targetgroup/app-dev-frontend-http/dfa460541949b097",
            "ip_address_type": "ipv4",
            "lambda_multi_value_headers_enabled": false,
            "load_balancer_arns": [
              "arn:aws:elasticloadbalancing:us-east-1:000000000000:loadbalancer/app/app-dev-frontend/0afbe6f406425592"
            ],
            "load_balancing_algorithm_type": "round_robin",
            "load_balancing_anomaly_mitigation": null,
            "load_balancing_cross_zone_enabled": "use_load_balancer_configuration",
            "name": "app-dev-frontend-http",
            "name_prefix": "",
            "port": 5000,
            "preserve_client_ip": null,
            "protocol": "HTTP",
            "protocol_version": "HTTP1",
            "proxy_protocol_v2": false,
            "slow_start": 0,
            "stickiness": [
              {
                "cookie_duration": 86400,
                "cookie_name": "",
                "enabled": true,
                "type": "lb_cookie"
              }
            ],
            "tags": {},
            "tags_all": {},
            "target_failover": [
              {
                "on_deregistration": null,
                "on_unhealthy": null
              }
            ],
            "target_group_health": [
              {
                "dns_failover": [
                  {
                    "minimum_healthy_targets_count": null,
                    "minimum_healthy_targets_percentage": null
                  }
                ],
                "unhealthy_state_routing": [
                  {
                    "minimum_healthy_targets_count": null,
                    "minimum_healthy_targets_percentage": null
                  }
                ]
              }
            ],
            "target_health_state": [
              {
                "enable_unhealthy_connection_termination": null,
                "unhealthy_draining_interval": null
              }
            ],
            "target_type": "instance",
            "vpc_id": "vpc-c581e0a1cdccb47c0"
          },
          "sensitive_attributes": [],
          "identity_schema_version": 0,
          "private": "bnVsbA==",
          "dependencies": [
            "aws_vpc.main"
          ]
        }
      ]
    },
    {
      "mode": "managed",
      "type": "aws_lb_target_group_attachment",
      "name": "frontend_http",
      "provider": "provider[\"registry.terraform.io/hashicorp/aws\"]",
      "instances": [
        {
          "index_key": "0",
          "schema_version": 0,
          "attributes": {
            "availability_zone": null,
            "id": "arn:aws:elasticloadbalancing:us-east-1:000000000000:targetgroup/app-dev-frontend-http/dfa460541949b097-20260318203410244300000003",
            "port": 5000,
            "target_group_arn": "arn:aws:elasticloadbalancing:us-east-1:000000000000:targetgroup/app-dev-frontend-http/dfa460541949b097",
            "target_id": "i-8c30f64032e7a2323"
          },
          "sensitive_attributes": [],
          "identity_schema_version": 0,
          "private": "bnVsbA==",
          "dependencies": [
            "aws_instance.frontend",
            "aws_lb_target_group.frontend_http",
            "aws_network_interface.frontend",
            "aws_subnet.frontend",
            "aws_vpc.main",
            "data.aws_ami.frontend",
            "data.aws_availability_zones.available",
            "data.aws_key_pair.main",
            "random_shuffle.az"
          ]
        },
        {
          "index_key": "1",
          "schema_version": 0,
          "attributes": {
            "availability_zone": null,
            "id": "arn:aws:elasticloadbalancing:us-east-1:000000000000:targetgroup/app-dev-frontend-http/dfa460541949b097-20260318203410259400000004",
            "port": 5000,
            "target_group_arn": "arn:aws:elasticloadbalancing:us-east-1:000000000000:targetgroup/app-dev-frontend-http/dfa460541949b097",
            "target_id": "i-1da99786130b8f363"
          },
          "sensitive_attributes": [],
          "identity_schema_version": 0,
          "private": "bnVsbA==",
          "dependencies": [
            "aws_instance.frontend",
            "aws_lb_target_group.frontend_http",
            "aws_network_interface.frontend",
            "aws_subnet.frontend",
            "aws_vpc.main",
            "data.aws_ami.frontend",
            "data.aws_availability_zones.available",
            "data.aws_key_pair.main",
            "random_shuffle.az"
          ]
        }
      ]
    },
    {
      "mode": "managed",
      "type": "aws_nat_gateway",
      "name": "nat",
      "provider": "provider[\"registry.terraform.io/hashicorp/aws\"]",
      "instances": [
        {
          "index_key": "0",
          "schema_version": 0,
          "attributes": {
            "allocation_id": "eipalloc-b0419ddb7191fc870",
            "association_id": "eipassoc-3b99c2166dd853ade",
            "connectivity_type": "public",
            "id": "nat-ce863984976360c52",
            "network_interface_id": "eni-44490447582fbdd22",
            "private_ip": "10.113.20.195",
            "public_ip": "127.5.190.79",
            "secondary_allocation_ids": [],
            "secondary_private_ip_address_count": 0,
            "secondary_private_ip_addresses": [],
            "subnet_id": "subnet-aa4e35e28a8939606",
            "tags": {},
            "tags_all": {},
            "timeouts": null
          },
          "sensitive_attributes": [],
          "identity_schema_version": 0,
          "private": "eyJlMmJmYjczMC1lY2FhLTExZTYtOGY4OC0zNDM2M2JjN2M0YzAiOnsiY3JlYXRlIjo2MDAwMDAwMDAwMDAsImRlbGV0ZSI6MTgwMDAwMDAwMDAwMCwidXBkYXRlIjo2MDAwMDAwMDAwMDB9fQ==",
          "dependencies": [
            "aws_eip.nat",
            "aws_internet_gateway.main",
            "aws_subnet.backend",
            "aws_vpc.main",
            "data.aws_availability_zones.available",
            "random_shuffle.az"
          ]
        },
        {
          "index_key": "1",
          "schema_version": 0,
          "attributes": {
            "allocation_id": "eipalloc-bae6ee20a146f1ccc",
            "association_id": "eipassoc-08d68998529370f7b",
            "connectivity_type": "public",
            "id": "nat-83f8b7b7af5df8574",
            "network_interface_id": "eni-dd73429661073738d",
            "private_ip": "10.82.136.48",
            "public_ip": "127.40.157.102",
            "secondary_allocation_ids": [],
            "secondary_private_ip_address_count": 0,
            "secondary_private_ip_addresses": [],
            "subnet_id": "subnet-05d8857db9c9d0363",
            "tags": {},
            "tags_all": {},
            "timeouts": null
          },
          "sensitive_attributes": [],
          "identity_schema_version": 0,
          "private": "eyJlMmJmYjczMC1lY2FhLTExZTYtOGY4OC0zNDM2M2JjN2M0YzAiOnsiY3JlYXRlIjo2MDAwMDAwMDAwMDAsImRlbGV0ZSI6MTgwMDAwMDAwMDAwMCwidXBkYXRlIjo2MDAwMDAwMDAwMDB9fQ==",
          "dependencies": [
            "aws_eip.nat",
            "aws_internet_gateway.main",
            "aws_subnet.backend",
            "aws_vpc.main",
            "data.aws_availability_zones.available",
            "random_shuffle.az"
          ]
        }
      ]
    },
    {
      "mode": "managed",
      "type": "aws_network_interface",
      "name": "frontend",
      "provider": "provider[\"registry.terraform.io/hashicorp/aws\"]",
      "instances": [
        {
          "index_key": "0",
          "schema_version": 0,
          "attributes": {
            "arn": "arn:aws:ec2:us-east-1:000000000000:network-interface/eni-3edd406fd0dd8c4b9",
            "attachment": [
              {
                "attachment_id": "eni-attach-b14d0f8cc04abadde",
                "device_index": 0,
                "instance": "i-21029225223a7603b"
              }
            ],
            "description": "",
            "enable_primary_ipv6": null,
            "id": "eni-3edd406fd0dd8c4b9",
            "interface_type": "interface",
            "ipv4_prefix_count": 0,
            "ipv4_prefixes": [],
            "ipv6_address_count": 0,
            "ipv6_address_list": [],
            "ipv6_address_list_enabled": false,
            "ipv6_addresses": [],
            "ipv6_prefix_count": 0,
            "ipv6_prefixes": [],
            "mac_address": "02:00:00:20502x:8702x:13902x",
            "outpost_arn": "",
            "owner_id": "000000000000",
            "private_dns_name": "",
            "private_ip": "10.0.0.172",
            "private_ip_list": [
              "10.0.0.172"
            ],
            "private_ip_list_enabled": false,
            "private_ips": [
              "10.0.0.172"
            ],
            "private_ips_count": 0,
            "security_groups": [
              "sg-be20e228ef1615f14"
            ],
            "source_dest_check": true,
            "subnet_id": "subnet-e5da14439db2a6a43",
            "tags": {},
            "tags_all": {}
          },
          "sensitive_attributes": [],
          "identity_schema_version": 0,
          "private": "bnVsbA==",
          "dependencies": [
            "aws_subnet.frontend",
            "aws_vpc.main",
            "data.aws_availability_zones.available",
            "random_shuffle.az"
          ]
        },
        {
          "index_key": "1",
          "schema_version": 0,
          "attributes": {
            "arn": "arn:aws:ec2:us-east-1:000000000000:network-interface/eni-9ee7d7017571b5373",
            "attachment": [
              {
                "attachment_id": "eni-attach-afe96eadcf030e069",
                "device_index": 0,
                "instance": "i-b967948314c6e9125"
              }
            ],
            "description": "",
            "enable_primary_ipv6": null,
            "id": "eni-9ee7d7017571b5373",
            "interface_type": "interface",
            "ipv4_prefix_count": 0,
            "ipv4_prefixes": [],
            "ipv6_address_count": 0,
            "ipv6_address_list": [],
            "ipv6_address_list_enabled": false,
            "ipv6_addresses": [],
            "ipv6_prefix_count": 0,
            "ipv6_prefixes": [],
            "mac_address": "02:00:00:16902x:20502x:11702x",
            "outpost_arn": "",
            "owner_id": "000000000000",
            "private_dns_name": "",
            "private_ip": "10.0.1.55",
            "private_ip_list": [
              "10.0.1.55"
            ],
            "private_ip_list_enabled": false,
            "private_ips": [
              "10.0.1.55"
            ],
            "private_ips_count": 0,
            "security_groups": [
              "sg-be20e228ef1615f14"
            ],
            "source_dest_check": true,
            "subnet_id": "subnet-1c7b695f158637a83",
            "tags": {},
            "tags_all": {}
          },
          "sensitive_attributes": [],
          "identity_schema_version": 0,
          "private": "bnVsbA==",
          "dependencies": [
            "aws_subnet.frontend",
            "aws_vpc.main",
            "data.aws_availability_zones.available",
            "random_shuffle.az"
          ]
        }
      ]
    },
    {
      "mode": "managed",
      "type": "aws_network_interface_sg_attachment",
      "name": "frontend",
      "provider": "provider[\"registry.terraform.io/hashicorp/aws\"]",
      "instances": [
        {
          "index_key": "0",
          "schema_version": 0,
          "attributes": {
            "id": "sg-57aa86d8b11fdf073_eni-3edd406fd0dd8c4b9",
            "network_interface_id": "eni-3edd406fd0dd8c4b9",
            "security_group_id": "sg-57aa86d8b11fdf073",
            "timeouts": null
          },
          "sensitive_attributes": [],
          "identity_schema_version": 0,
          "private": "eyJlMmJmYjczMC1lY2FhLTExZTYtOGY4OC0zNDM2M2JjN2M0YzAiOnsiY3JlYXRlIjoxODAwMDAwMDAwMDAsImRlbGV0ZSI6MTgwMDAwMDAwMDAwLCJyZWFkIjoxODAwMDAwMDAwMDB9fQ==",
          "dependencies": [
            "aws_instance.frontend",
            "aws_network_interface.frontend",
            "aws_security_group.frontend_lb",
            "aws_subnet.frontend",
            "aws_vpc.main",
            "data.aws_ami.frontend",
            "data.aws_availability_zones.available",
            "data.aws_key_pair.main",
            "random_shuffle.az"
          ]
        },
        {
          "index_key": "1",
          "schema_version": 0,
          "attributes": {
            "id": "sg-57aa86d8b11fdf073_eni-9ee7d7017571b5373",
            "network_interface_id": "eni-9ee7d7017571b5373",
            "security_group_id": "sg-57aa86d8b11fdf073",
            "timeouts": null
          },
          "sensitive_attributes": [],
          "identity_schema_version": 0,
          "private": "eyJlMmJmYjczMC1lY2FhLTExZTYtOGY4OC0zNDM2M2JjN2M0YzAiOnsiY3JlYXRlIjoxODAwMDAwMDAwMDAsImRlbGV0ZSI6MTgwMDAwMDAwMDAwLCJyZWFkIjoxODAwMDAwMDAwMDB9fQ==",
          "dependencies": [
            "aws_instance.frontend",
            "aws_network_interface.frontend",
            "aws_security_group.frontend_lb",
            "aws_subnet.frontend",
            "aws_vpc.main",
            "data.aws_ami.frontend",
            "data.aws_availability_zones.available",
            "data.aws_key_pair.main",
            "random_shuffle.az"
          ]
        }
      ]
    },
    {
      "mode": "managed",
      "type": "aws_resourcegroups_group",
      "name": "main",
      "provider": "provider[\"registry.terraform.io/hashicorp/aws\"]",
      "instances": [
        {
          "schema_version": 0,
          "attributes": {
            "arn": "arn:aws:resource-groups:us-west-1:000000000000:group/app-dev",
            "configuration": [],
            "description": "",
            "id": "app-dev",
            "name": "app-dev",
            "resource_query": [
              {
                "query": "{\"ResourceTypeFilters\":[\"AWS::AllSupported\"],\"TagFilters\":[{\"Key\":\"application\",\"Values\":[\"app\"]},{\"Key\":\"environment\",\"Values\":[\"dev\"]}]}",
                "type": "TAG_FILTERS_1_0"
              }
            ],
            "tags": {},
            "tags_all": {},
            "timeouts": null
          },
          "sensitive_attributes": [],
          "identity_schema_version": 0,
          "private": "eyJlMmJmYjczMC1lY2FhLTExZTYtOGY4OC0zNDM2M2JjN2M0YzAiOnsiY3JlYXRlIjo5MDAwMDAwMDAwMDAsInVwZGF0ZSI6OTAwMDAwMDAwMDAwfX0="
        }
      ]
    },
    {
      "mode": "managed",
      "type": "aws_route_table",
      "name": "backend",
      "provider": "provider[\"registry.terraform.io/hashicorp/aws\"]",
      "instances": [
        {
          "index_key": "0",
          "schema_version": 0,
          "attributes": {
            "arn": "arn:aws:ec2:us-east-1:000000000000:route-table/rtb-f70a7a51f13f4de0c",
            "id": "rtb-f70a7a51f13f4de0c",
            "owner_id": "000000000000",
            "propagating_vgws": [],
            "route": [
              {
                "carrier_gateway_id": "",
                "cidr_block": "0.0.0.0/0",
                "core_network_arn": "",
                "destination_prefix_list_id": "",
                "egress_only_gateway_id": "",
                "gateway_id": "",
                "ipv6_cidr_block": "",
                "local_gateway_id": "",
                "nat_gateway_id": "nat-ce863984976360c52",
                "network_interface_id": "",
                "transit_gateway_id": "",
                "vpc_endpoint_id": "",
                "vpc_peering_connection_id": ""
              }
            ],
            "tags": {},
            "tags_all": {},
            "timeouts": null,
            "vpc_id": "vpc-c581e0a1cdccb47c0"
          },
          "sensitive_attributes": [],
          "identity_schema_version": 0,
          "private": "eyJlMmJmYjczMC1lY2FhLTExZTYtOGY4OC0zNDM2M2JjN2M0YzAiOnsiY3JlYXRlIjozMDAwMDAwMDAwMDAsImRlbGV0ZSI6MzAwMDAwMDAwMDAwLCJ1cGRhdGUiOjEyMDAwMDAwMDAwMH19",
          "dependencies": [
            "aws_eip.nat",
            "aws_internet_gateway.main",
            "aws_nat_gateway.nat",
            "aws_subnet.backend",
            "aws_vpc.main",
            "data.aws_availability_zones.available",
            "random_shuffle.az"
          ]
        },
        {
          "index_key": "1",
          "schema_version": 0,
          "attributes": {
            "arn": "arn:aws:ec2:us-east-1:000000000000:route-table/rtb-9b3e2eb3cd2993e53",
            "id": "rtb-9b3e2eb3cd2993e53",
            "owner_id": "000000000000",
            "propagating_vgws": [],
            "route": [
              {
                "carrier_gateway_id": "",
                "cidr_block": "0.0.0.0/0",
                "core_network_arn": "",
                "destination_prefix_list_id": "",
                "egress_only_gateway_id": "",
                "gateway_id": "",
                "ipv6_cidr_block": "",
                "local_gateway_id": "",
                "nat_gateway_id": "nat-83f8b7b7af5df8574",
                "network_interface_id": "",
                "transit_gateway_id": "",
                "vpc_endpoint_id": "",
                "vpc_peering_connection_id": ""
              }
            ],
            "tags": {},
            "tags_all": {},
            "timeouts": null,
            "vpc_id": "vpc-c581e0a1cdccb47c0"
          },
          "sensitive_attributes": [],
          "identity_schema_version": 0,
          "private": "eyJlMmJmYjczMC1lY2FhLTExZTYtOGY4OC0zNDM2M2JjN2M0YzAiOnsiY3JlYXRlIjozMDAwMDAwMDAwMDAsImRlbGV0ZSI6MzAwMDAwMDAwMDAwLCJ1cGRhdGUiOjEyMDAwMDAwMDAwMH19",
          "dependencies": [
            "aws_eip.nat",
            "aws_internet_gateway.main",
            "aws_nat_gateway.nat",
            "aws_subnet.backend",
            "aws_vpc.main",
            "data.aws_availability_zones.available",
            "random_shuffle.az"
          ]
        }
      ]
    },
    {
      "mode": "managed",
      "type": "aws_route_table",
      "name": "frontend",
      "provider": "provider[\"registry.terraform.io/hashicorp/aws\"]",
      "instances": [
        {
          "schema_version": 0,
          "attributes": {
            "arn": "arn:aws:ec2:us-east-1:000000000000:route-table/rtb-b10ee21fdfd3bd641",
            "id": "rtb-b10ee21fdfd3bd641",
            "owner_id": "000000000000",
            "propagating_vgws": [],
            "route": [
              {
                "carrier_gateway_id": "",
                "cidr_block": "0.0.0.0/0",
                "core_network_arn": "",
                "destination_prefix_list_id": "",
                "egress_only_gateway_id": "",
                "gateway_id": "igw-b85cce461eb12b53b",
                "ipv6_cidr_block": "",
                "local_gateway_id": "",
                "nat_gateway_id": "",
                "network_interface_id": "",
                "transit_gateway_id": "",
                "vpc_endpoint_id": "",
                "vpc_peering_connection_id": ""
              }
            ],
            "tags": {},
            "tags_all": {},
            "timeouts": null,
            "vpc_id": "vpc-c581e0a1cdccb47c0"
          },
          "sensitive_attributes": [],
          "identity_schema_version": 0,
          "private": "eyJlMmJmYjczMC1lY2FhLTExZTYtOGY4OC0zNDM2M2JjN2M0YzAiOnsiY3JlYXRlIjozMDAwMDAwMDAwMDAsImRlbGV0ZSI6MzAwMDAwMDAwMDAwLCJ1cGRhdGUiOjEyMDAwMDAwMDAwMH19",
          "dependencies": [
            "aws_internet_gateway.main",
            "aws_vpc.main"
          ]
        }
      ]
    },
    {
      "mode": "managed",
      "type": "aws_route_table_association",
      "name": "backend",
      "provider": "provider[\"registry.terraform.io/hashicorp/aws\"]",
      "instances": [
        {
          "index_key": "0",
          "schema_version": 0,
          "attributes": {
            "gateway_id": "",
            "id": "rtbassoc-9911e9d4aaed1960b",
            "route_table_id": "rtb-f70a7a51f13f4de0c",
            "subnet_id": "subnet-aa4e35e28a8939606",
            "timeouts": null
          },
          "sensitive_attributes": [],
          "identity_schema_version": 0,
          "private": "eyJlMmJmYjczMC1lY2FhLTExZTYtOGY4OC0zNDM2M2JjN2M0YzAiOnsiY3JlYXRlIjozMDAwMDAwMDAwMDAsImRlbGV0ZSI6MzAwMDAwMDAwMDAwLCJ1cGRhdGUiOjEyMDAwMDAwMDAwMH19",
          "dependencies": [
            "aws_eip.nat",
            "aws_internet_gateway.main",
            "aws_nat_gateway.nat",
            "aws_route_table.backend",
            "aws_subnet.backend",
            "aws_vpc.main",
            "data.aws_availability_zones.available",
            "random_shuffle.az"
          ]
        },
        {
          "index_key": "1",
          "schema_version": 0,
          "attributes": {
            "gateway_id": "",
            "id": "rtbassoc-06fba88723e30a341",
            "route_table_id": "rtb-9b3e2eb3cd2993e53",
            "subnet_id": "subnet-05d8857db9c9d0363",
            "timeouts": null
          },
          "sensitive_attributes": [],
          "identity_schema_version": 0,
          "private": "eyJlMmJmYjczMC1lY2FhLTExZTYtOGY4OC0zNDM2M2JjN2M0YzAiOnsiY3JlYXRlIjozMDAwMDAwMDAwMDAsImRlbGV0ZSI6MzAwMDAwMDAwMDAwLCJ1cGRhdGUiOjEyMDAwMDAwMDAwMH19",
          "dependencies": [
            "aws_eip.nat",
            "aws_internet_gateway.main",
            "aws_nat_gateway.nat",
            "aws_route_table.backend",
            "aws_subnet.backend",
            "aws_vpc.main",
            "data.aws_availability_zones.available",
            "random_shuffle.az"
          ]
        }
      ]
    },
    {
      "mode": "managed",
      "type": "aws_route_table_association",
      "name": "frontend",
      "provider": "provider[\"registry.terraform.io/hashicorp/aws\"]",
      "instances": [
        {
          "index_key": "0",
          "schema_version": 0,
          "attributes": {
            "gateway_id": "",
            "id": "rtbassoc-89bcd5a4277cc4e9d",
            "route_table_id": "rtb-b10ee21fdfd3bd641",
            "subnet_id": "subnet-e5da14439db2a6a43",
            "timeouts": null
          },
          "sensitive_attributes": [],
          "identity_schema_version": 0,
          "private": "eyJlMmJmYjczMC1lY2FhLTExZTYtOGY4OC0zNDM2M2JjN2M0YzAiOnsiY3JlYXRlIjozMDAwMDAwMDAwMDAsImRlbGV0ZSI6MzAwMDAwMDAwMDAwLCJ1cGRhdGUiOjEyMDAwMDAwMDAwMH19",
          "dependencies": [
            "aws_internet_gateway.main",
            "aws_route_table.frontend",
            "aws_subnet.frontend",
            "aws_vpc.main",
            "data.aws_availability_zones.available",
            "random_shuffle.az"
          ]
        },
        {
          "index_key": "1",
          "schema_version": 0,
          "attributes": {
            "gateway_id": "",
            "id": "rtbassoc-8318d429457cbbdc1",
            "route_table_id": "rtb-b10ee21fdfd3bd641",
            "subnet_id": "subnet-1c7b695f158637a83",
            "timeouts": null
          },
          "sensitive_attributes": [],
          "identity_schema_version": 0,
          "private": "eyJlMmJmYjczMC1lY2FhLTExZTYtOGY4OC0zNDM2M2JjN2M0YzAiOnsiY3JlYXRlIjozMDAwMDAwMDAwMDAsImRlbGV0ZSI6MzAwMDAwMDAwMDAwLCJ1cGRhdGUiOjEyMDAwMDAwMDAwMH19",
          "dependencies": [
            "aws_internet_gateway.main",
            "aws_route_table.frontend",
            "aws_subnet.frontend",
            "aws_vpc.main",
            "data.aws_availability_zones.available",
            "random_shuffle.az"
          ]
        }
      ]
    },
    {
      "mode": "managed",
      "type": "aws_security_group",
      "name": "frontend_lb",
      "provider": "provider[\"registry.terraform.io/hashicorp/aws\"]",
      "instances": [
        {
          "schema_version": 1,
          "attributes": {
            "arn": "arn:aws:ec2:us-east-1:000000000000:security-group/sg-57aa86d8b11fdf073",
            "description": "Security group for the load balancer",
            "egress": [
              {
                "cidr_blocks": [],
                "description": "",
                "from_port": 5000,
                "ipv6_cidr_blocks": [],
                "prefix_list_ids": [],
                "protocol": "tcp",
                "security_groups": [],
                "self": true,
                "to_port": 5000
              }
            ],
            "id": "sg-57aa86d8b11fdf073",
            "ingress": [
              {
                "cidr_blocks": [
                  "0.0.0.0/0"
                ],
                "description": "",
                "from_port": 80,
                "ipv6_cidr_blocks": [],
                "prefix_list_ids": [],
                "protocol": "tcp",
                "security_groups": [],
                "self": false,
                "to_port": 80
              }
            ],
            "name": "app-dev-frontend-lb-sg",
            "name_prefix": "",
            "owner_id": "000000000000",
            "revoke_rules_on_delete": false,
            "tags": {},
            "tags_all": {},
            "timeouts": null,
            "vpc_id": "vpc-c581e0a1cdccb47c0"
          },
          "sensitive_attributes": [],
          "identity_schema_version": 0,
          "private": "eyJlMmJmYjczMC1lY2FhLTExZTYtOGY4OC0zNDM2M2JjN2M0YzAiOnsiY3JlYXRlIjo2MDAwMDAwMDAwMDAsImRlbGV0ZSI6OTAwMDAwMDAwMDAwfSwic2NoZW1hX3ZlcnNpb24iOiIxIn0=",
          "dependencies": [
            "aws_vpc.main"
          ]
        }
      ]
    },
    {
      "mode": "managed",
      "type": "aws_security_group_rule",
      "name": "frontend_lb_egress_http",
      "provider": "provider[\"registry.terraform.io/hashicorp/aws\"]",
      "instances": [
        {
          "schema_version": 2,
          "attributes": {
            "cidr_blocks": null,
            "description": null,
            "from_port": 5000,
            "id": "sgrule-2290480155",
            "ipv6_cidr_blocks": null,
            "prefix_list_ids": null,
            "protocol": "tcp",
            "security_group_id": "sg-57aa86d8b11fdf073",
            "security_group_rule_id": "sgr-c432a284d8d6eb82a",
            "self": false,
            "source_security_group_id": "sg-57aa86d8b11fdf073",
            "timeouts": null,
            "to_port": 5000,
            "type": "egress"
          },
          "sensitive_attributes": [],
          "identity_schema_version": 0,
          "private": "eyJlMmJmYjczMC1lY2FhLTExZTYtOGY4OC0zNDM2M2JjN2M0YzAiOnsiY3JlYXRlIjozMDAwMDAwMDAwMDB9LCJzY2hlbWFfdmVyc2lvbiI6IjIifQ==",
          "dependencies": [
            "aws_security_group.frontend_lb",
            "aws_vpc.main"
          ]
        }
      ]
    },
    {
      "mode": "managed",
      "type": "aws_security_group_rule",
      "name": "frontend_lb_ingress_http",
      "provider": "provider[\"registry.terraform.io/hashicorp/aws\"]",
      "instances": [
        {
          "schema_version": 2,
          "attributes": {
            "cidr_blocks": [
              "0.0.0.0/0"
            ],
            "description": null,
            "from_port": 80,
            "id": "sgrule-3196250267",
            "ipv6_cidr_blocks": null,
            "prefix_list_ids": null,
            "protocol": "tcp",
            "security_group_id": "sg-57aa86d8b11fdf073",
            "security_group_rule_id": "sgr-888a229b63da4d9a2",
            "self": false,
            "source_security_group_id": null,
            "timeouts": null,
            "to_port": 80,
            "type": "ingress"
          },
          "sensitive_attributes": [],
          "identity_schema_version": 0,
          "private": "eyJlMmJmYjczMC1lY2FhLTExZTYtOGY4OC0zNDM2M2JjN2M0YzAiOnsiY3JlYXRlIjozMDAwMDAwMDAwMDB9LCJzY2hlbWFfdmVyc2lvbiI6IjIifQ==",
          "dependencies": [
            "aws_security_group.frontend_lb",
            "aws_vpc.main"
          ]
        }
      ]
    },
    {
      "mode": "managed",
      "type": "aws_subnet",
      "name": "backend",
      "provider": "provider[\"registry.terraform.io/hashicorp/aws\"]",
      "instances": [
        {
          "index_key": "0",
          "schema_version": 1,
          "attributes": {
            "arn": "arn:aws:ec2:us-east-1:000000000000:subnet/subnet-aa4e35e28a8939606",
            "assign_ipv6_address_on_creation": false,
            "availability_zone": "us-east-1a",
            "availability_zone_id": "use1-az6",
            "cidr_block": "10.0.2.0/24",
            "customer_owned_ipv4_pool": "",
            "enable_dns64": false,
            "enable_lni_at_device_index": 0,
            "enable_resource_name_dns_a_record_on_launch": false,
            "enable_resource_name_dns_aaaa_record_on_launch": false,
            "id": "subnet-aa4e35e28a8939606",
            "ipv6_cidr_block": "",
            "ipv6_cidr_block_association_id": "",
            "ipv6_native": false,
            "map_customer_owned_ip_on_launch": false,
            "map_public_ip_on_launch": false,
            "outpost_arn": "",
            "owner_id": "000000000000",
            "private_dns_hostname_type_on_launch": "ip-name",
            "tags": {
              "Name": "app-dev-private-subnet",
              "application": "app",
              "environment": "dev"
            },
            "tags_all": {
              "Name": "app-dev-private-subnet",
              "application": "app",
              "environment": "dev"
            },
            "timeouts": null,
            "vpc_id": "vpc-c581e0a1cdccb47c0"
          },
          "sensitive_attributes": [],
          "identity_schema_version": 0,
          "private": "eyJlMmJmYjczMC1lY2FhLTExZTYtOGY4OC0zNDM2M2JjN2M0YzAiOnsiY3JlYXRlIjo2MDAwMDAwMDAwMDAsImRlbGV0ZSI6MTIwMDAwMDAwMDAwMH0sInNjaGVtYV92ZXJzaW9uIjoiMSJ9",
          "dependencies": [
            "aws_vpc.main",
            "data.aws_availability_zones.available",
            "random_shuffle.az"
          ]
        },
        {
          "index_key": "1",
          "schema_version": 1,
          "attributes": {
            "arn": "arn:aws:ec2:us-east-1:000000000000:subnet/subnet-05d8857db9c9d0363",
            "assign_ipv6_address_on_creation": false,
            "availability_zone": "us-east-1f",
            "availability_zone_id": "use1-az5",
            "cidr_block": "10.0.3.0/24",
            "customer_owned_ipv4_pool": "",
            "enable_dns64": false,
            "enable_lni_at_device_index": 0,
            "enable_resource_name_dns_a_record_on_launch": false,
            "enable_resource_name_dns_aaaa_record_on_launch": false,
            "id": "subnet-05d8857db9c9d0363",
            "ipv6_cidr_block": "",
            "ipv6_cidr_block_association_id": "",
            "ipv6_native": false,
            "map_customer_owned_ip_on_launch": false,
            "map_public_ip_on_launch": false,
            "outpost_arn": "",
            "owner_id": "000000000000",
            "private_dns_hostname_type_on_launch": "ip-name",
            "tags": {
              "Name": "app-dev-private-subnet",
              "application": "app",
              "environment": "dev"
            },
            "tags_all": {
              "Name": "app-dev-private-subnet",
              "application": "app",
              "environment": "dev"
            },
            "timeouts": null,
            "vpc_id": "vpc-c581e0a1cdccb47c0"
          },
          "sensitive_attributes": [],
          "identity_schema_version": 0,
          "private": "eyJlMmJmYjczMC1lY2FhLTExZTYtOGY4OC0zNDM2M2JjN2M0YzAiOnsiY3JlYXRlIjo2MDAwMDAwMDAwMDAsImRlbGV0ZSI6MTIwMDAwMDAwMDAwMH0sInNjaGVtYV92ZXJzaW9uIjoiMSJ9",
          "dependencies": [
            "aws_vpc.main",
            "data.aws_availability_zones.available",
            "random_shuffle.az"
          ]
        }
      ]
    },
    {
      "mode": "managed",
      "type": "aws_subnet",
      "name": "frontend",
      "provider": "provider[\"registry.terraform.io/hashicorp/aws\"]",
      "instances": [
        {
          "index_key": "0",
          "schema_version": 1,
          "attributes": {
            "arn": "arn:aws:ec2:us-east-1:000000000000:subnet/subnet-e5da14439db2a6a43",
            "assign_ipv6_address_on_creation": false,
            "availability_zone": "us-east-1a",
            "availability_zone_id": "use1-az6",
            "cidr_block": "10.0.0.0/24",
            "customer_owned_ipv4_pool": "",
            "enable_dns64": false,
            "enable_lni_at_device_index": 0,
            "enable_resource_name_dns_a_record_on_launch": false,
            "enable_resource_name_dns_aaaa_record_on_launch": false,
            "id": "subnet-e5da14439db2a6a43",
            "ipv6_cidr_block": "",
            "ipv6_cidr_block_association_id": "",
            "ipv6_native": false,
            "map_customer_owned_ip_on_launch": false,
            "map_public_ip_on_launch": false,
            "outpost_arn": "",
            "owner_id": "000000000000",
            "private_dns_hostname_type_on_launch": "ip-name",
            "tags": {
              "Name": "app-dev-public-subnet",
              "application": "app",
              "environment": "dev"
            },
            "tags_all": {
              "Name": "app-dev-public-subnet",
              "application": "app",
              "environment": "dev"
            },
            "timeouts": null,
            "vpc_id": "vpc-c581e0a1cdccb47c0"
          },
          "sensitive_attributes": [],
          "identity_schema_version": 0,
          "private": "eyJlMmJmYjczMC1lY2FhLTExZTYtOGY4OC0zNDM2M2JjN2M0YzAiOnsiY3JlYXRlIjo2MDAwMDAwMDAwMDAsImRlbGV0ZSI6MTIwMDAwMDAwMDAwMH0sInNjaGVtYV92ZXJzaW9uIjoiMSJ9",
          "dependencies": [
            "aws_vpc.main",
            "data.aws_availability_zones.available",
            "random_shuffle.az"
          ]
        },
        {
          "index_key": "1",
          "schema_version": 1,
          "attributes": {
            "arn": "arn:aws:ec2:us-east-1:000000000000:subnet/subnet-1c7b695f158637a83",
            "assign_ipv6_address_on_creation": false,
            "availability_zone": "us-east-1f",
            "availability_zone_id": "use1-az5",
            "cidr_block": "10.0.1.0/24",
            "customer_owned_ipv4_pool": "",
            "enable_dns64": false,
            "enable_lni_at_device_index": 0,
            "enable_resource_name_dns_a_record_on_launch": false,
            "enable_resource_name_dns_aaaa_record_on_launch": false,
            "id": "subnet-1c7b695f158637a83",
            "ipv6_cidr_block": "",
            "ipv6_cidr_block_association_id": "",
            "ipv6_native": false,
            "map_customer_owned_ip_on_launch": false,
            "map_public_ip_on_launch": false,
            "outpost_arn": "",
            "owner_id": "000000000000",
            "private_dns_hostname_type_on_launch": "ip-name",
            "tags": {
              "Name": "app-dev-public-subnet",
              "application": "app",
              "environment": "dev"
            },
            "tags_all": {
              "Name": "app-dev-public-subnet",
              "application": "app",
              "environment": "dev"
            },
            "timeouts": null,
            "vpc_id": "vpc-c581e0a1cdccb47c0"
          },
          "sensitive_attributes": [],
          "identity_schema_version": 0,
          "private": "eyJlMmJmYjczMC1lY2FhLTExZTYtOGY4OC0zNDM2M2JjN2M0YzAiOnsiY3JlYXRlIjo2MDAwMDAwMDAwMDAsImRlbGV0ZSI6MTIwMDAwMDAwMDAwMH0sInNjaGVtYV92ZXJzaW9uIjoiMSJ9",
          "dependencies": [
            "aws_vpc.main",
            "data.aws_availability_zones.available",
            "random_shuffle.az"
          ]
        }
      ]
    },
    {
      "mode": "managed",
      "type": "aws_vpc",
      "name": "main",
      "provider": "provider[\"registry.terraform.io/hashicorp/aws\"]",
      "instances": [
        {
          "schema_version": 1,
          "attributes": {
            "arn": "arn:aws:ec2:us-east-1:000000000000:vpc/vpc-c581e0a1cdccb47c0",
            "assign_generated_ipv6_cidr_block": false,
            "cidr_block": "10.0.0.0/16",
            "default_network_acl_id": "acl-dfc2a4ab838563756",
            "default_route_table_id": "rtb-a2d0d50900d93547a",
            "default_security_group_id": "sg-be20e228ef1615f14",
            "dhcp_options_id": "default",
            "enable_dns_hostnames": false,
            "enable_dns_support": true,
            "enable_network_address_usage_metrics": false,
            "id": "vpc-c581e0a1cdccb47c0",
            "instance_tenancy": "default",
            "ipv4_ipam_pool_id": null,
            "ipv4_netmask_length": null,
            "ipv6_association_id": "",
            "ipv6_cidr_block": "",
            "ipv6_cidr_block_network_border_group": "",
            "ipv6_ipam_pool_id": "",
            "ipv6_netmask_length": 0,
            "main_route_table_id": "rtb-a2d0d50900d93547a",
            "owner_id": "000000000000",
            "tags": {
              "Name": "app-dev-vpc-network",
              "application": "app",
              "environment": "dev"
            },
            "tags_all": {
              "Name": "app-dev-vpc-network",
              "application": "app",
              "environment": "dev"
            }
          },
          "sensitive_attributes": [],
          "identity_schema_version": 0,
          "private": "eyJzY2hlbWFfdmVyc2lvbiI6IjEifQ=="
        }
      ]
    },
    {
      "mode": "managed",
      "type": "random_shuffle",
      "name": "az",
      "provider": "provider[\"registry.terraform.io/hashicorp/random\"]",
      "instances": [
        {
          "schema_version": 0,
          "attributes": {
            "id": "-",
            "input": [
              "us-east-1a",
              "us-east-1b",
              "us-east-1c",
              "us-east-1d",
              "us-east-1e",
              "us-east-1f"
            ],
            "keepers": null,
            "result": [
              "us-east-1a",
              "us-east-1f"
            ],
            "result_count": 2,
            "seed": null
          },
          "sensitive_attributes": [],
          "identity_schema_version": 0,
          "dependencies": [
            "data.aws_availability_zones.available"
          ]
        }
      ]
    }
  ],
  "check_results": null
}
